
Microsoft Visual Studio Solution File, Format Version 12.00
# Visual Studio Version 17
VisualStudioVersion = 17.0.31912.275
MinimumVisualStudioVersion = 15.9.0.0
Project("{2150E333-8FDC-42A3-9474-1A3956D46DE8}") = "Esri.ArcGISRuntime.Toolkit", "Esri.ArcGISRuntime.Toolkit", "{BD5B4F64-D32F-4DF3-B34D-070B7D526579}"
EndProject
Project("{2150E333-8FDC-42A3-9474-1A3956D46DE8}") = "Samples", "Samples", "{94D7A0A9-8C78-4E5E-9EAB-6C5D1CF0E8A0}"
EndProject
Project("{2150E333-8FDC-42A3-9474-1A3956D46DE8}") = "Solution Items", "Solution Items", "{26E85B83-D430-4A75-9431-8A014AA7117E}"
	ProjectSection(SolutionItems) = preProject
		Directory.Build.props = Directory.Build.props
		version.json = version.json
	EndProjectSection
EndProject
Project("{FAE04EC0-301F-11D3-BF4B-00C04F79EFBC}") = "Toolkit.Samples.UWP", "Samples\Toolkit.SampleApp.UWP\Toolkit.Samples.UWP.csproj", "{A36F7903-8CC6-4BE6-84C9-F04FF14236D7}"
EndProject
Project("{D954291E-2A0B-460D-934E-DC6B0785DB48}") = "Esri.ArcGISRuntime.Toolkit.Shared", "Toolkit\Toolkit\Esri.ArcGISRuntime.Toolkit.Shared.shproj", "{5F3CAD93-6062-450A-8771-7B4645CAF598}"
EndProject
Project("{9A19103F-16F7-4668-BE54-9A1E7A4F7556}") = "Esri.ArcGISRuntime.Toolkit.WinUI", "Toolkit\Toolkit.WinUI\Esri.ArcGISRuntime.Toolkit.WinUI.csproj", "{BDB163A7-B221-4E9F-A960-92A849BA3F3F}"
EndProject
Project("{9A19103F-16F7-4668-BE54-9A1E7A4F7556}") = "Esri.ArcGISRuntime.Toolkit.Maui", "Toolkit\Toolkit.Maui\Esri.ArcGISRuntime.Toolkit.Maui.csproj", "{F7F98CE8-5304-460D-83A2-F4F7FE50B370}"
EndProject
Project("{9A19103F-16F7-4668-BE54-9A1E7A4F7556}") = "Esri.ArcGISRuntime.Toolkit.WPF", "Toolkit\Toolkit.WPF\Esri.ArcGISRuntime.Toolkit.WPF.csproj", "{531B2297-2343-4692-8D66-878B0AD158CD}"
EndProject
Project("{9A19103F-16F7-4668-BE54-9A1E7A4F7556}") = "Esri.ArcGISRuntime.Toolkit.UWP", "Toolkit\Toolkit.UWP\Esri.ArcGISRuntime.Toolkit.UWP.csproj", "{A6431F30-A608-4C78-80BE-548C322CBE75}"
EndProject
Project("{9A19103F-16F7-4668-BE54-9A1E7A4F7556}") = "Toolkit.SampleApp.Maui", "Samples\Toolkit.SampleApp.Maui\Toolkit.SampleApp.Maui.csproj", "{F4031695-3A25-4E37-B456-AA084994D245}"
EndProject
Project("{9A19103F-16F7-4668-BE54-9A1E7A4F7556}") = "Toolkit.SampleApp.WPF", "Samples\Toolkit.SampleApp.WPF\Toolkit.SampleApp.WPF.csproj", "{FE10E0C1-FFF3-4767-BD4A-D5C61B17C2C4}"
EndProject
Project("{9A19103F-16F7-4668-BE54-9A1E7A4F7556}") = "Toolkit.SampleApp.WinUI", "Samples\Toolkit.SampleApp.WinUI\Toolkit.SampleApp.WinUI.csproj", "{A2625DFB-69E8-4880-98CB-E2BF5FEA6B58}"
EndProject
Project("{D954291E-2A0B-460D-934E-DC6B0785DB48}") = "Esri.ArcGISRuntime.Toolkit.UI.Controls", "Toolkit\Toolkit.UI.Controls\Esri.ArcGISRuntime.Toolkit.UI.Controls.shproj", "{D9B86D10-7483-47EE-994E-9764FDB07B20}"
EndProject
Global
	GlobalSection(SolutionConfigurationPlatforms) = preSolution
		Ad-Hoc|Any CPU = Ad-Hoc|Any CPU
		Ad-Hoc|ARM = Ad-Hoc|ARM
		Ad-Hoc|ARM64 = Ad-Hoc|ARM64
		Ad-Hoc|iPhone = Ad-Hoc|iPhone
		Ad-Hoc|iPhoneSimulator = Ad-Hoc|iPhoneSimulator
		Ad-Hoc|x64 = Ad-Hoc|x64
		Ad-Hoc|x86 = Ad-Hoc|x86
		AppStore|Any CPU = AppStore|Any CPU
		AppStore|ARM = AppStore|ARM
		AppStore|ARM64 = AppStore|ARM64
		AppStore|iPhone = AppStore|iPhone
		AppStore|iPhoneSimulator = AppStore|iPhoneSimulator
		AppStore|x64 = AppStore|x64
		AppStore|x86 = AppStore|x86
		Debug|Any CPU = Debug|Any CPU
		Debug|ARM = Debug|ARM
		Debug|ARM64 = Debug|ARM64
		Debug|iPhone = Debug|iPhone
		Debug|iPhoneSimulator = Debug|iPhoneSimulator
		Debug|x64 = Debug|x64
		Debug|x86 = Debug|x86
		Release|Any CPU = Release|Any CPU
		Release|ARM = Release|ARM
		Release|ARM64 = Release|ARM64
		Release|iPhone = Release|iPhone
		Release|iPhoneSimulator = Release|iPhoneSimulator
		Release|x64 = Release|x64
		Release|x86 = Release|x86
	EndGlobalSection
	GlobalSection(ProjectConfigurationPlatforms) = postSolution
		{A36F7903-8CC6-4BE6-84C9-F04FF14236D7}.Ad-Hoc|Any CPU.ActiveCfg = Debug|x64
		{A36F7903-8CC6-4BE6-84C9-F04FF14236D7}.Ad-Hoc|Any CPU.Build.0 = Debug|x64
		{A36F7903-8CC6-4BE6-84C9-F04FF14236D7}.Ad-Hoc|Any CPU.Deploy.0 = Debug|x64
		{A36F7903-8CC6-4BE6-84C9-F04FF14236D7}.Ad-Hoc|ARM.ActiveCfg = Release|ARM
		{A36F7903-8CC6-4BE6-84C9-F04FF14236D7}.Ad-Hoc|ARM.Build.0 = Release|ARM
		{A36F7903-8CC6-4BE6-84C9-F04FF14236D7}.Ad-Hoc|ARM.Deploy.0 = Release|ARM
		{A36F7903-8CC6-4BE6-84C9-F04FF14236D7}.Ad-Hoc|ARM64.ActiveCfg = Release|ARM64
		{A36F7903-8CC6-4BE6-84C9-F04FF14236D7}.Ad-Hoc|ARM64.Build.0 = Release|ARM64
		{A36F7903-8CC6-4BE6-84C9-F04FF14236D7}.Ad-Hoc|ARM64.Deploy.0 = Release|ARM64
		{A36F7903-8CC6-4BE6-84C9-F04FF14236D7}.Ad-Hoc|iPhone.ActiveCfg = Debug|x64
		{A36F7903-8CC6-4BE6-84C9-F04FF14236D7}.Ad-Hoc|iPhone.Build.0 = Debug|x64
		{A36F7903-8CC6-4BE6-84C9-F04FF14236D7}.Ad-Hoc|iPhone.Deploy.0 = Debug|x64
		{A36F7903-8CC6-4BE6-84C9-F04FF14236D7}.Ad-Hoc|iPhoneSimulator.ActiveCfg = Debug|x64
		{A36F7903-8CC6-4BE6-84C9-F04FF14236D7}.Ad-Hoc|iPhoneSimulator.Build.0 = Debug|x64
		{A36F7903-8CC6-4BE6-84C9-F04FF14236D7}.Ad-Hoc|iPhoneSimulator.Deploy.0 = Debug|x64
		{A36F7903-8CC6-4BE6-84C9-F04FF14236D7}.Ad-Hoc|x64.ActiveCfg = Release|x64
		{A36F7903-8CC6-4BE6-84C9-F04FF14236D7}.Ad-Hoc|x64.Build.0 = Release|x64
		{A36F7903-8CC6-4BE6-84C9-F04FF14236D7}.Ad-Hoc|x64.Deploy.0 = Release|x64
		{A36F7903-8CC6-4BE6-84C9-F04FF14236D7}.Ad-Hoc|x86.ActiveCfg = Release|x86
		{A36F7903-8CC6-4BE6-84C9-F04FF14236D7}.Ad-Hoc|x86.Build.0 = Release|x86
		{A36F7903-8CC6-4BE6-84C9-F04FF14236D7}.Ad-Hoc|x86.Deploy.0 = Release|x86
		{A36F7903-8CC6-4BE6-84C9-F04FF14236D7}.AppStore|Any CPU.ActiveCfg = Debug|x64
		{A36F7903-8CC6-4BE6-84C9-F04FF14236D7}.AppStore|Any CPU.Build.0 = Debug|x64
		{A36F7903-8CC6-4BE6-84C9-F04FF14236D7}.AppStore|Any CPU.Deploy.0 = Debug|x64
		{A36F7903-8CC6-4BE6-84C9-F04FF14236D7}.AppStore|ARM.ActiveCfg = Release|ARM
		{A36F7903-8CC6-4BE6-84C9-F04FF14236D7}.AppStore|ARM.Build.0 = Release|ARM
		{A36F7903-8CC6-4BE6-84C9-F04FF14236D7}.AppStore|ARM.Deploy.0 = Release|ARM
		{A36F7903-8CC6-4BE6-84C9-F04FF14236D7}.AppStore|ARM64.ActiveCfg = Release|ARM64
		{A36F7903-8CC6-4BE6-84C9-F04FF14236D7}.AppStore|ARM64.Build.0 = Release|ARM64
		{A36F7903-8CC6-4BE6-84C9-F04FF14236D7}.AppStore|ARM64.Deploy.0 = Release|ARM64
		{A36F7903-8CC6-4BE6-84C9-F04FF14236D7}.AppStore|iPhone.ActiveCfg = Debug|x64
		{A36F7903-8CC6-4BE6-84C9-F04FF14236D7}.AppStore|iPhone.Build.0 = Debug|x64
		{A36F7903-8CC6-4BE6-84C9-F04FF14236D7}.AppStore|iPhone.Deploy.0 = Debug|x64
		{A36F7903-8CC6-4BE6-84C9-F04FF14236D7}.AppStore|iPhoneSimulator.ActiveCfg = Debug|x64
		{A36F7903-8CC6-4BE6-84C9-F04FF14236D7}.AppStore|iPhoneSimulator.Build.0 = Debug|x64
		{A36F7903-8CC6-4BE6-84C9-F04FF14236D7}.AppStore|iPhoneSimulator.Deploy.0 = Debug|x64
		{A36F7903-8CC6-4BE6-84C9-F04FF14236D7}.AppStore|x64.ActiveCfg = Release|x64
		{A36F7903-8CC6-4BE6-84C9-F04FF14236D7}.AppStore|x64.Build.0 = Release|x64
		{A36F7903-8CC6-4BE6-84C9-F04FF14236D7}.AppStore|x64.Deploy.0 = Release|x64
		{A36F7903-8CC6-4BE6-84C9-F04FF14236D7}.AppStore|x86.ActiveCfg = Release|x86
		{A36F7903-8CC6-4BE6-84C9-F04FF14236D7}.AppStore|x86.Build.0 = Release|x86
		{A36F7903-8CC6-4BE6-84C9-F04FF14236D7}.AppStore|x86.Deploy.0 = Release|x86
		{A36F7903-8CC6-4BE6-84C9-F04FF14236D7}.Debug|Any CPU.ActiveCfg = Debug|x86
		{A36F7903-8CC6-4BE6-84C9-F04FF14236D7}.Debug|Any CPU.Build.0 = Debug|x86
		{A36F7903-8CC6-4BE6-84C9-F04FF14236D7}.Debug|Any CPU.Deploy.0 = Debug|x86
		{A36F7903-8CC6-4BE6-84C9-F04FF14236D7}.Debug|ARM.ActiveCfg = Debug|ARM
		{A36F7903-8CC6-4BE6-84C9-F04FF14236D7}.Debug|ARM.Build.0 = Debug|ARM
		{A36F7903-8CC6-4BE6-84C9-F04FF14236D7}.Debug|ARM.Deploy.0 = Debug|ARM
		{A36F7903-8CC6-4BE6-84C9-F04FF14236D7}.Debug|ARM64.ActiveCfg = Debug|ARM64
		{A36F7903-8CC6-4BE6-84C9-F04FF14236D7}.Debug|ARM64.Build.0 = Debug|ARM64
		{A36F7903-8CC6-4BE6-84C9-F04FF14236D7}.Debug|ARM64.Deploy.0 = Debug|ARM64
		{A36F7903-8CC6-4BE6-84C9-F04FF14236D7}.Debug|iPhone.ActiveCfg = Debug|x86
		{A36F7903-8CC6-4BE6-84C9-F04FF14236D7}.Debug|iPhoneSimulator.ActiveCfg = Debug|x86
		{A36F7903-8CC6-4BE6-84C9-F04FF14236D7}.Debug|x64.ActiveCfg = Debug|x64
		{A36F7903-8CC6-4BE6-84C9-F04FF14236D7}.Debug|x64.Build.0 = Debug|x64
		{A36F7903-8CC6-4BE6-84C9-F04FF14236D7}.Debug|x64.Deploy.0 = Debug|x64
		{A36F7903-8CC6-4BE6-84C9-F04FF14236D7}.Debug|x86.ActiveCfg = Debug|x86
		{A36F7903-8CC6-4BE6-84C9-F04FF14236D7}.Debug|x86.Build.0 = Debug|x86
		{A36F7903-8CC6-4BE6-84C9-F04FF14236D7}.Debug|x86.Deploy.0 = Debug|x86
		{A36F7903-8CC6-4BE6-84C9-F04FF14236D7}.Release|Any CPU.ActiveCfg = Release|x86
		{A36F7903-8CC6-4BE6-84C9-F04FF14236D7}.Release|Any CPU.Build.0 = Release|x86
		{A36F7903-8CC6-4BE6-84C9-F04FF14236D7}.Release|ARM.ActiveCfg = Release|ARM
		{A36F7903-8CC6-4BE6-84C9-F04FF14236D7}.Release|ARM.Build.0 = Release|ARM
		{A36F7903-8CC6-4BE6-84C9-F04FF14236D7}.Release|ARM.Deploy.0 = Release|ARM
		{A36F7903-8CC6-4BE6-84C9-F04FF14236D7}.Release|ARM64.ActiveCfg = Release|ARM64
		{A36F7903-8CC6-4BE6-84C9-F04FF14236D7}.Release|ARM64.Build.0 = Release|ARM64
		{A36F7903-8CC6-4BE6-84C9-F04FF14236D7}.Release|ARM64.Deploy.0 = Release|ARM64
		{A36F7903-8CC6-4BE6-84C9-F04FF14236D7}.Release|iPhone.ActiveCfg = Release|x86
		{A36F7903-8CC6-4BE6-84C9-F04FF14236D7}.Release|iPhoneSimulator.ActiveCfg = Release|x86
		{A36F7903-8CC6-4BE6-84C9-F04FF14236D7}.Release|x64.ActiveCfg = Release|x64
		{A36F7903-8CC6-4BE6-84C9-F04FF14236D7}.Release|x64.Build.0 = Release|x64
		{A36F7903-8CC6-4BE6-84C9-F04FF14236D7}.Release|x64.Deploy.0 = Release|x64
		{A36F7903-8CC6-4BE6-84C9-F04FF14236D7}.Release|x86.ActiveCfg = Release|x86
		{A36F7903-8CC6-4BE6-84C9-F04FF14236D7}.Release|x86.Build.0 = Release|x86
		{A36F7903-8CC6-4BE6-84C9-F04FF14236D7}.Release|x86.Deploy.0 = Release|x86
		{BDB163A7-B221-4E9F-A960-92A849BA3F3F}.Ad-Hoc|Any CPU.ActiveCfg = Debug|Any CPU
		{BDB163A7-B221-4E9F-A960-92A849BA3F3F}.Ad-Hoc|Any CPU.Build.0 = Debug|Any CPU
		{BDB163A7-B221-4E9F-A960-92A849BA3F3F}.Ad-Hoc|ARM.ActiveCfg = Debug|Any CPU
		{BDB163A7-B221-4E9F-A960-92A849BA3F3F}.Ad-Hoc|ARM.Build.0 = Debug|Any CPU
		{BDB163A7-B221-4E9F-A960-92A849BA3F3F}.Ad-Hoc|ARM64.ActiveCfg = Debug|Any CPU
		{BDB163A7-B221-4E9F-A960-92A849BA3F3F}.Ad-Hoc|ARM64.Build.0 = Debug|Any CPU
		{BDB163A7-B221-4E9F-A960-92A849BA3F3F}.Ad-Hoc|iPhone.ActiveCfg = Debug|Any CPU
		{BDB163A7-B221-4E9F-A960-92A849BA3F3F}.Ad-Hoc|iPhone.Build.0 = Debug|Any CPU
		{BDB163A7-B221-4E9F-A960-92A849BA3F3F}.Ad-Hoc|iPhoneSimulator.ActiveCfg = Debug|Any CPU
		{BDB163A7-B221-4E9F-A960-92A849BA3F3F}.Ad-Hoc|iPhoneSimulator.Build.0 = Debug|Any CPU
		{BDB163A7-B221-4E9F-A960-92A849BA3F3F}.Ad-Hoc|x64.ActiveCfg = Debug|Any CPU
		{BDB163A7-B221-4E9F-A960-92A849BA3F3F}.Ad-Hoc|x64.Build.0 = Debug|Any CPU
		{BDB163A7-B221-4E9F-A960-92A849BA3F3F}.Ad-Hoc|x86.ActiveCfg = Debug|Any CPU
		{BDB163A7-B221-4E9F-A960-92A849BA3F3F}.Ad-Hoc|x86.Build.0 = Debug|Any CPU
		{BDB163A7-B221-4E9F-A960-92A849BA3F3F}.AppStore|Any CPU.ActiveCfg = Debug|Any CPU
		{BDB163A7-B221-4E9F-A960-92A849BA3F3F}.AppStore|Any CPU.Build.0 = Debug|Any CPU
		{BDB163A7-B221-4E9F-A960-92A849BA3F3F}.AppStore|ARM.ActiveCfg = Debug|Any CPU
		{BDB163A7-B221-4E9F-A960-92A849BA3F3F}.AppStore|ARM.Build.0 = Debug|Any CPU
		{BDB163A7-B221-4E9F-A960-92A849BA3F3F}.AppStore|ARM64.ActiveCfg = Debug|Any CPU
		{BDB163A7-B221-4E9F-A960-92A849BA3F3F}.AppStore|ARM64.Build.0 = Debug|Any CPU
		{BDB163A7-B221-4E9F-A960-92A849BA3F3F}.AppStore|iPhone.ActiveCfg = Debug|Any CPU
		{BDB163A7-B221-4E9F-A960-92A849BA3F3F}.AppStore|iPhone.Build.0 = Debug|Any CPU
		{BDB163A7-B221-4E9F-A960-92A849BA3F3F}.AppStore|iPhoneSimulator.ActiveCfg = Debug|Any CPU
		{BDB163A7-B221-4E9F-A960-92A849BA3F3F}.AppStore|iPhoneSimulator.Build.0 = Debug|Any CPU
		{BDB163A7-B221-4E9F-A960-92A849BA3F3F}.AppStore|x64.ActiveCfg = Debug|Any CPU
		{BDB163A7-B221-4E9F-A960-92A849BA3F3F}.AppStore|x64.Build.0 = Debug|Any CPU
		{BDB163A7-B221-4E9F-A960-92A849BA3F3F}.AppStore|x86.ActiveCfg = Debug|Any CPU
		{BDB163A7-B221-4E9F-A960-92A849BA3F3F}.AppStore|x86.Build.0 = Debug|Any CPU
		{BDB163A7-B221-4E9F-A960-92A849BA3F3F}.Debug|Any CPU.ActiveCfg = Debug|Any CPU
		{BDB163A7-B221-4E9F-A960-92A849BA3F3F}.Debug|Any CPU.Build.0 = Debug|Any CPU
		{BDB163A7-B221-4E9F-A960-92A849BA3F3F}.Debug|ARM.ActiveCfg = Debug|Any CPU
		{BDB163A7-B221-4E9F-A960-92A849BA3F3F}.Debug|ARM.Build.0 = Debug|Any CPU
		{BDB163A7-B221-4E9F-A960-92A849BA3F3F}.Debug|ARM64.ActiveCfg = Debug|Any CPU
		{BDB163A7-B221-4E9F-A960-92A849BA3F3F}.Debug|ARM64.Build.0 = Debug|Any CPU
		{BDB163A7-B221-4E9F-A960-92A849BA3F3F}.Debug|iPhone.ActiveCfg = Debug|Any CPU
		{BDB163A7-B221-4E9F-A960-92A849BA3F3F}.Debug|iPhone.Build.0 = Debug|Any CPU
		{BDB163A7-B221-4E9F-A960-92A849BA3F3F}.Debug|iPhoneSimulator.ActiveCfg = Debug|Any CPU
		{BDB163A7-B221-4E9F-A960-92A849BA3F3F}.Debug|iPhoneSimulator.Build.0 = Debug|Any CPU
		{BDB163A7-B221-4E9F-A960-92A849BA3F3F}.Debug|x64.ActiveCfg = Debug|Any CPU
		{BDB163A7-B221-4E9F-A960-92A849BA3F3F}.Debug|x64.Build.0 = Debug|Any CPU
		{BDB163A7-B221-4E9F-A960-92A849BA3F3F}.Debug|x86.ActiveCfg = Debug|Any CPU
		{BDB163A7-B221-4E9F-A960-92A849BA3F3F}.Debug|x86.Build.0 = Debug|Any CPU
		{BDB163A7-B221-4E9F-A960-92A849BA3F3F}.Release|Any CPU.ActiveCfg = Release|Any CPU
		{BDB163A7-B221-4E9F-A960-92A849BA3F3F}.Release|Any CPU.Build.0 = Release|Any CPU
		{BDB163A7-B221-4E9F-A960-92A849BA3F3F}.Release|ARM.ActiveCfg = Release|Any CPU
		{BDB163A7-B221-4E9F-A960-92A849BA3F3F}.Release|ARM.Build.0 = Release|Any CPU
		{BDB163A7-B221-4E9F-A960-92A849BA3F3F}.Release|ARM64.ActiveCfg = Release|Any CPU
		{BDB163A7-B221-4E9F-A960-92A849BA3F3F}.Release|ARM64.Build.0 = Release|Any CPU
		{BDB163A7-B221-4E9F-A960-92A849BA3F3F}.Release|iPhone.ActiveCfg = Release|Any CPU
		{BDB163A7-B221-4E9F-A960-92A849BA3F3F}.Release|iPhone.Build.0 = Release|Any CPU
		{BDB163A7-B221-4E9F-A960-92A849BA3F3F}.Release|iPhoneSimulator.ActiveCfg = Release|Any CPU
		{BDB163A7-B221-4E9F-A960-92A849BA3F3F}.Release|iPhoneSimulator.Build.0 = Release|Any CPU
		{BDB163A7-B221-4E9F-A960-92A849BA3F3F}.Release|x64.ActiveCfg = Release|Any CPU
		{BDB163A7-B221-4E9F-A960-92A849BA3F3F}.Release|x64.Build.0 = Release|Any CPU
		{BDB163A7-B221-4E9F-A960-92A849BA3F3F}.Release|x86.ActiveCfg = Release|Any CPU
		{BDB163A7-B221-4E9F-A960-92A849BA3F3F}.Release|x86.Build.0 = Release|Any CPU
		{F7F98CE8-5304-460D-83A2-F4F7FE50B370}.Ad-Hoc|Any CPU.ActiveCfg = Debug|Any CPU
		{F7F98CE8-5304-460D-83A2-F4F7FE50B370}.Ad-Hoc|Any CPU.Build.0 = Debug|Any CPU
		{F7F98CE8-5304-460D-83A2-F4F7FE50B370}.Ad-Hoc|ARM.ActiveCfg = Debug|Any CPU
		{F7F98CE8-5304-460D-83A2-F4F7FE50B370}.Ad-Hoc|ARM.Build.0 = Debug|Any CPU
		{F7F98CE8-5304-460D-83A2-F4F7FE50B370}.Ad-Hoc|ARM64.ActiveCfg = Debug|Any CPU
		{F7F98CE8-5304-460D-83A2-F4F7FE50B370}.Ad-Hoc|ARM64.Build.0 = Debug|Any CPU
		{F7F98CE8-5304-460D-83A2-F4F7FE50B370}.Ad-Hoc|iPhone.ActiveCfg = Debug|Any CPU
		{F7F98CE8-5304-460D-83A2-F4F7FE50B370}.Ad-Hoc|iPhone.Build.0 = Debug|Any CPU
		{F7F98CE8-5304-460D-83A2-F4F7FE50B370}.Ad-Hoc|iPhoneSimulator.ActiveCfg = Debug|Any CPU
		{F7F98CE8-5304-460D-83A2-F4F7FE50B370}.Ad-Hoc|iPhoneSimulator.Build.0 = Debug|Any CPU
		{F7F98CE8-5304-460D-83A2-F4F7FE50B370}.Ad-Hoc|x64.ActiveCfg = Debug|Any CPU
		{F7F98CE8-5304-460D-83A2-F4F7FE50B370}.Ad-Hoc|x64.Build.0 = Debug|Any CPU
		{F7F98CE8-5304-460D-83A2-F4F7FE50B370}.Ad-Hoc|x86.ActiveCfg = Debug|Any CPU
		{F7F98CE8-5304-460D-83A2-F4F7FE50B370}.Ad-Hoc|x86.Build.0 = Debug|Any CPU
		{F7F98CE8-5304-460D-83A2-F4F7FE50B370}.AppStore|Any CPU.ActiveCfg = Debug|Any CPU
		{F7F98CE8-5304-460D-83A2-F4F7FE50B370}.AppStore|Any CPU.Build.0 = Debug|Any CPU
		{F7F98CE8-5304-460D-83A2-F4F7FE50B370}.AppStore|ARM.ActiveCfg = Debug|Any CPU
		{F7F98CE8-5304-460D-83A2-F4F7FE50B370}.AppStore|ARM.Build.0 = Debug|Any CPU
		{F7F98CE8-5304-460D-83A2-F4F7FE50B370}.AppStore|ARM64.ActiveCfg = Debug|Any CPU
		{F7F98CE8-5304-460D-83A2-F4F7FE50B370}.AppStore|ARM64.Build.0 = Debug|Any CPU
		{F7F98CE8-5304-460D-83A2-F4F7FE50B370}.AppStore|iPhone.ActiveCfg = Debug|Any CPU
		{F7F98CE8-5304-460D-83A2-F4F7FE50B370}.AppStore|iPhone.Build.0 = Debug|Any CPU
		{F7F98CE8-5304-460D-83A2-F4F7FE50B370}.AppStore|iPhoneSimulator.ActiveCfg = Debug|Any CPU
		{F7F98CE8-5304-460D-83A2-F4F7FE50B370}.AppStore|iPhoneSimulator.Build.0 = Debug|Any CPU
		{F7F98CE8-5304-460D-83A2-F4F7FE50B370}.AppStore|x64.ActiveCfg = Debug|Any CPU
		{F7F98CE8-5304-460D-83A2-F4F7FE50B370}.AppStore|x64.Build.0 = Debug|Any CPU
		{F7F98CE8-5304-460D-83A2-F4F7FE50B370}.AppStore|x86.ActiveCfg = Debug|Any CPU
		{F7F98CE8-5304-460D-83A2-F4F7FE50B370}.AppStore|x86.Build.0 = Debug|Any CPU
		{F7F98CE8-5304-460D-83A2-F4F7FE50B370}.Debug|Any CPU.ActiveCfg = Debug|Any CPU
		{F7F98CE8-5304-460D-83A2-F4F7FE50B370}.Debug|Any CPU.Build.0 = Debug|Any CPU
		{F7F98CE8-5304-460D-83A2-F4F7FE50B370}.Debug|ARM.ActiveCfg = Debug|Any CPU
		{F7F98CE8-5304-460D-83A2-F4F7FE50B370}.Debug|ARM.Build.0 = Debug|Any CPU
		{F7F98CE8-5304-460D-83A2-F4F7FE50B370}.Debug|ARM64.ActiveCfg = Debug|Any CPU
		{F7F98CE8-5304-460D-83A2-F4F7FE50B370}.Debug|ARM64.Build.0 = Debug|Any CPU
		{F7F98CE8-5304-460D-83A2-F4F7FE50B370}.Debug|iPhone.ActiveCfg = Debug|Any CPU
		{F7F98CE8-5304-460D-83A2-F4F7FE50B370}.Debug|iPhone.Build.0 = Debug|Any CPU
		{F7F98CE8-5304-460D-83A2-F4F7FE50B370}.Debug|iPhoneSimulator.ActiveCfg = Debug|Any CPU
		{F7F98CE8-5304-460D-83A2-F4F7FE50B370}.Debug|iPhoneSimulator.Build.0 = Debug|Any CPU
		{F7F98CE8-5304-460D-83A2-F4F7FE50B370}.Debug|x64.ActiveCfg = Debug|Any CPU
		{F7F98CE8-5304-460D-83A2-F4F7FE50B370}.Debug|x64.Build.0 = Debug|Any CPU
		{F7F98CE8-5304-460D-83A2-F4F7FE50B370}.Debug|x86.ActiveCfg = Debug|Any CPU
		{F7F98CE8-5304-460D-83A2-F4F7FE50B370}.Debug|x86.Build.0 = Debug|Any CPU
		{F7F98CE8-5304-460D-83A2-F4F7FE50B370}.Release|Any CPU.ActiveCfg = Release|Any CPU
		{F7F98CE8-5304-460D-83A2-F4F7FE50B370}.Release|Any CPU.Build.0 = Release|Any CPU
		{F7F98CE8-5304-460D-83A2-F4F7FE50B370}.Release|ARM.ActiveCfg = Release|Any CPU
		{F7F98CE8-5304-460D-83A2-F4F7FE50B370}.Release|ARM.Build.0 = Release|Any CPU
		{F7F98CE8-5304-460D-83A2-F4F7FE50B370}.Release|ARM64.ActiveCfg = Release|Any CPU
		{F7F98CE8-5304-460D-83A2-F4F7FE50B370}.Release|ARM64.Build.0 = Release|Any CPU
		{F7F98CE8-5304-460D-83A2-F4F7FE50B370}.Release|iPhone.ActiveCfg = Release|Any CPU
		{F7F98CE8-5304-460D-83A2-F4F7FE50B370}.Release|iPhone.Build.0 = Release|Any CPU
		{F7F98CE8-5304-460D-83A2-F4F7FE50B370}.Release|iPhoneSimulator.ActiveCfg = Release|Any CPU
		{F7F98CE8-5304-460D-83A2-F4F7FE50B370}.Release|iPhoneSimulator.Build.0 = Release|Any CPU
		{F7F98CE8-5304-460D-83A2-F4F7FE50B370}.Release|x64.ActiveCfg = Release|Any CPU
		{F7F98CE8-5304-460D-83A2-F4F7FE50B370}.Release|x64.Build.0 = Release|Any CPU
		{F7F98CE8-5304-460D-83A2-F4F7FE50B370}.Release|x86.ActiveCfg = Release|Any CPU
		{F7F98CE8-5304-460D-83A2-F4F7FE50B370}.Release|x86.Build.0 = Release|Any CPU
		{531B2297-2343-4692-8D66-878B0AD158CD}.Ad-Hoc|Any CPU.ActiveCfg = Debug|Any CPU
		{531B2297-2343-4692-8D66-878B0AD158CD}.Ad-Hoc|Any CPU.Build.0 = Debug|Any CPU
		{531B2297-2343-4692-8D66-878B0AD158CD}.Ad-Hoc|ARM.ActiveCfg = Debug|Any CPU
		{531B2297-2343-4692-8D66-878B0AD158CD}.Ad-Hoc|ARM.Build.0 = Debug|Any CPU
		{531B2297-2343-4692-8D66-878B0AD158CD}.Ad-Hoc|ARM64.ActiveCfg = Debug|Any CPU
		{531B2297-2343-4692-8D66-878B0AD158CD}.Ad-Hoc|ARM64.Build.0 = Debug|Any CPU
		{531B2297-2343-4692-8D66-878B0AD158CD}.Ad-Hoc|iPhone.ActiveCfg = Debug|Any CPU
		{531B2297-2343-4692-8D66-878B0AD158CD}.Ad-Hoc|iPhone.Build.0 = Debug|Any CPU
		{531B2297-2343-4692-8D66-878B0AD158CD}.Ad-Hoc|iPhoneSimulator.ActiveCfg = Debug|Any CPU
		{531B2297-2343-4692-8D66-878B0AD158CD}.Ad-Hoc|iPhoneSimulator.Build.0 = Debug|Any CPU
		{531B2297-2343-4692-8D66-878B0AD158CD}.Ad-Hoc|x64.ActiveCfg = Debug|Any CPU
		{531B2297-2343-4692-8D66-878B0AD158CD}.Ad-Hoc|x64.Build.0 = Debug|Any CPU
		{531B2297-2343-4692-8D66-878B0AD158CD}.Ad-Hoc|x86.ActiveCfg = Debug|Any CPU
		{531B2297-2343-4692-8D66-878B0AD158CD}.Ad-Hoc|x86.Build.0 = Debug|Any CPU
		{531B2297-2343-4692-8D66-878B0AD158CD}.AppStore|Any CPU.ActiveCfg = Debug|Any CPU
		{531B2297-2343-4692-8D66-878B0AD158CD}.AppStore|Any CPU.Build.0 = Debug|Any CPU
		{531B2297-2343-4692-8D66-878B0AD158CD}.AppStore|ARM.ActiveCfg = Debug|Any CPU
		{531B2297-2343-4692-8D66-878B0AD158CD}.AppStore|ARM.Build.0 = Debug|Any CPU
		{531B2297-2343-4692-8D66-878B0AD158CD}.AppStore|ARM64.ActiveCfg = Debug|Any CPU
		{531B2297-2343-4692-8D66-878B0AD158CD}.AppStore|ARM64.Build.0 = Debug|Any CPU
		{531B2297-2343-4692-8D66-878B0AD158CD}.AppStore|iPhone.ActiveCfg = Debug|Any CPU
		{531B2297-2343-4692-8D66-878B0AD158CD}.AppStore|iPhone.Build.0 = Debug|Any CPU
		{531B2297-2343-4692-8D66-878B0AD158CD}.AppStore|iPhoneSimulator.ActiveCfg = Debug|Any CPU
		{531B2297-2343-4692-8D66-878B0AD158CD}.AppStore|iPhoneSimulator.Build.0 = Debug|Any CPU
		{531B2297-2343-4692-8D66-878B0AD158CD}.AppStore|x64.ActiveCfg = Debug|Any CPU
		{531B2297-2343-4692-8D66-878B0AD158CD}.AppStore|x64.Build.0 = Debug|Any CPU
		{531B2297-2343-4692-8D66-878B0AD158CD}.AppStore|x86.ActiveCfg = Debug|Any CPU
		{531B2297-2343-4692-8D66-878B0AD158CD}.AppStore|x86.Build.0 = Debug|Any CPU
		{531B2297-2343-4692-8D66-878B0AD158CD}.Debug|Any CPU.ActiveCfg = Debug|Any CPU
		{531B2297-2343-4692-8D66-878B0AD158CD}.Debug|Any CPU.Build.0 = Debug|Any CPU
		{531B2297-2343-4692-8D66-878B0AD158CD}.Debug|ARM.ActiveCfg = Debug|Any CPU
		{531B2297-2343-4692-8D66-878B0AD158CD}.Debug|ARM.Build.0 = Debug|Any CPU
		{531B2297-2343-4692-8D66-878B0AD158CD}.Debug|ARM64.ActiveCfg = Debug|Any CPU
		{531B2297-2343-4692-8D66-878B0AD158CD}.Debug|ARM64.Build.0 = Debug|Any CPU
		{531B2297-2343-4692-8D66-878B0AD158CD}.Debug|iPhone.ActiveCfg = Debug|Any CPU
		{531B2297-2343-4692-8D66-878B0AD158CD}.Debug|iPhone.Build.0 = Debug|Any CPU
		{531B2297-2343-4692-8D66-878B0AD158CD}.Debug|iPhoneSimulator.ActiveCfg = Debug|Any CPU
		{531B2297-2343-4692-8D66-878B0AD158CD}.Debug|iPhoneSimulator.Build.0 = Debug|Any CPU
		{531B2297-2343-4692-8D66-878B0AD158CD}.Debug|x64.ActiveCfg = Debug|Any CPU
		{531B2297-2343-4692-8D66-878B0AD158CD}.Debug|x64.Build.0 = Debug|Any CPU
		{531B2297-2343-4692-8D66-878B0AD158CD}.Debug|x86.ActiveCfg = Debug|Any CPU
		{531B2297-2343-4692-8D66-878B0AD158CD}.Debug|x86.Build.0 = Debug|Any CPU
		{531B2297-2343-4692-8D66-878B0AD158CD}.Release|Any CPU.ActiveCfg = Release|Any CPU
		{531B2297-2343-4692-8D66-878B0AD158CD}.Release|Any CPU.Build.0 = Release|Any CPU
		{531B2297-2343-4692-8D66-878B0AD158CD}.Release|ARM.ActiveCfg = Release|Any CPU
		{531B2297-2343-4692-8D66-878B0AD158CD}.Release|ARM.Build.0 = Release|Any CPU
		{531B2297-2343-4692-8D66-878B0AD158CD}.Release|ARM64.ActiveCfg = Release|Any CPU
		{531B2297-2343-4692-8D66-878B0AD158CD}.Release|ARM64.Build.0 = Release|Any CPU
		{531B2297-2343-4692-8D66-878B0AD158CD}.Release|iPhone.ActiveCfg = Release|Any CPU
		{531B2297-2343-4692-8D66-878B0AD158CD}.Release|iPhone.Build.0 = Release|Any CPU
		{531B2297-2343-4692-8D66-878B0AD158CD}.Release|iPhoneSimulator.ActiveCfg = Release|Any CPU
		{531B2297-2343-4692-8D66-878B0AD158CD}.Release|iPhoneSimulator.Build.0 = Release|Any CPU
		{531B2297-2343-4692-8D66-878B0AD158CD}.Release|x64.ActiveCfg = Release|Any CPU
		{531B2297-2343-4692-8D66-878B0AD158CD}.Release|x64.Build.0 = Release|Any CPU
		{531B2297-2343-4692-8D66-878B0AD158CD}.Release|x86.ActiveCfg = Release|Any CPU
		{531B2297-2343-4692-8D66-878B0AD158CD}.Release|x86.Build.0 = Release|Any CPU
		{A6431F30-A608-4C78-80BE-548C322CBE75}.Ad-Hoc|Any CPU.ActiveCfg = Debug|Any CPU
		{A6431F30-A608-4C78-80BE-548C322CBE75}.Ad-Hoc|Any CPU.Build.0 = Debug|Any CPU
		{A6431F30-A608-4C78-80BE-548C322CBE75}.Ad-Hoc|ARM.ActiveCfg = Debug|Any CPU
		{A6431F30-A608-4C78-80BE-548C322CBE75}.Ad-Hoc|ARM.Build.0 = Debug|Any CPU
		{A6431F30-A608-4C78-80BE-548C322CBE75}.Ad-Hoc|ARM64.ActiveCfg = Debug|Any CPU
		{A6431F30-A608-4C78-80BE-548C322CBE75}.Ad-Hoc|ARM64.Build.0 = Debug|Any CPU
		{A6431F30-A608-4C78-80BE-548C322CBE75}.Ad-Hoc|iPhone.ActiveCfg = Debug|Any CPU
		{A6431F30-A608-4C78-80BE-548C322CBE75}.Ad-Hoc|iPhone.Build.0 = Debug|Any CPU
		{A6431F30-A608-4C78-80BE-548C322CBE75}.Ad-Hoc|iPhoneSimulator.ActiveCfg = Debug|Any CPU
		{A6431F30-A608-4C78-80BE-548C322CBE75}.Ad-Hoc|iPhoneSimulator.Build.0 = Debug|Any CPU
		{A6431F30-A608-4C78-80BE-548C322CBE75}.Ad-Hoc|x64.ActiveCfg = Debug|Any CPU
		{A6431F30-A608-4C78-80BE-548C322CBE75}.Ad-Hoc|x64.Build.0 = Debug|Any CPU
		{A6431F30-A608-4C78-80BE-548C322CBE75}.Ad-Hoc|x86.ActiveCfg = Debug|Any CPU
		{A6431F30-A608-4C78-80BE-548C322CBE75}.Ad-Hoc|x86.Build.0 = Debug|Any CPU
		{A6431F30-A608-4C78-80BE-548C322CBE75}.AppStore|Any CPU.ActiveCfg = Debug|Any CPU
		{A6431F30-A608-4C78-80BE-548C322CBE75}.AppStore|Any CPU.Build.0 = Debug|Any CPU
		{A6431F30-A608-4C78-80BE-548C322CBE75}.AppStore|ARM.ActiveCfg = Debug|Any CPU
		{A6431F30-A608-4C78-80BE-548C322CBE75}.AppStore|ARM.Build.0 = Debug|Any CPU
		{A6431F30-A608-4C78-80BE-548C322CBE75}.AppStore|ARM64.ActiveCfg = Debug|Any CPU
		{A6431F30-A608-4C78-80BE-548C322CBE75}.AppStore|ARM64.Build.0 = Debug|Any CPU
		{A6431F30-A608-4C78-80BE-548C322CBE75}.AppStore|iPhone.ActiveCfg = Debug|Any CPU
		{A6431F30-A608-4C78-80BE-548C322CBE75}.AppStore|iPhone.Build.0 = Debug|Any CPU
		{A6431F30-A608-4C78-80BE-548C322CBE75}.AppStore|iPhoneSimulator.ActiveCfg = Debug|Any CPU
		{A6431F30-A608-4C78-80BE-548C322CBE75}.AppStore|iPhoneSimulator.Build.0 = Debug|Any CPU
		{A6431F30-A608-4C78-80BE-548C322CBE75}.AppStore|x64.ActiveCfg = Debug|Any CPU
		{A6431F30-A608-4C78-80BE-548C322CBE75}.AppStore|x64.Build.0 = Debug|Any CPU
		{A6431F30-A608-4C78-80BE-548C322CBE75}.AppStore|x86.ActiveCfg = Debug|Any CPU
		{A6431F30-A608-4C78-80BE-548C322CBE75}.AppStore|x86.Build.0 = Debug|Any CPU
		{A6431F30-A608-4C78-80BE-548C322CBE75}.Debug|Any CPU.ActiveCfg = Debug|Any CPU
		{A6431F30-A608-4C78-80BE-548C322CBE75}.Debug|Any CPU.Build.0 = Debug|Any CPU
		{A6431F30-A608-4C78-80BE-548C322CBE75}.Debug|ARM.ActiveCfg = Debug|Any CPU
		{A6431F30-A608-4C78-80BE-548C322CBE75}.Debug|ARM.Build.0 = Debug|Any CPU
		{A6431F30-A608-4C78-80BE-548C322CBE75}.Debug|ARM64.ActiveCfg = Debug|Any CPU
		{A6431F30-A608-4C78-80BE-548C322CBE75}.Debug|ARM64.Build.0 = Debug|Any CPU
		{A6431F30-A608-4C78-80BE-548C322CBE75}.Debug|iPhone.ActiveCfg = Debug|Any CPU
		{A6431F30-A608-4C78-80BE-548C322CBE75}.Debug|iPhone.Build.0 = Debug|Any CPU
		{A6431F30-A608-4C78-80BE-548C322CBE75}.Debug|iPhoneSimulator.ActiveCfg = Debug|Any CPU
		{A6431F30-A608-4C78-80BE-548C322CBE75}.Debug|iPhoneSimulator.Build.0 = Debug|Any CPU
		{A6431F30-A608-4C78-80BE-548C322CBE75}.Debug|x64.ActiveCfg = Debug|Any CPU
		{A6431F30-A608-4C78-80BE-548C322CBE75}.Debug|x64.Build.0 = Debug|Any CPU
		{A6431F30-A608-4C78-80BE-548C322CBE75}.Debug|x86.ActiveCfg = Debug|Any CPU
		{A6431F30-A608-4C78-80BE-548C322CBE75}.Debug|x86.Build.0 = Debug|Any CPU
		{A6431F30-A608-4C78-80BE-548C322CBE75}.Release|Any CPU.ActiveCfg = Release|Any CPU
		{A6431F30-A608-4C78-80BE-548C322CBE75}.Release|Any CPU.Build.0 = Release|Any CPU
		{A6431F30-A608-4C78-80BE-548C322CBE75}.Release|ARM.ActiveCfg = Release|Any CPU
		{A6431F30-A608-4C78-80BE-548C322CBE75}.Release|ARM.Build.0 = Release|Any CPU
		{A6431F30-A608-4C78-80BE-548C322CBE75}.Release|ARM64.ActiveCfg = Release|Any CPU
		{A6431F30-A608-4C78-80BE-548C322CBE75}.Release|ARM64.Build.0 = Release|Any CPU
		{A6431F30-A608-4C78-80BE-548C322CBE75}.Release|iPhone.ActiveCfg = Release|Any CPU
		{A6431F30-A608-4C78-80BE-548C322CBE75}.Release|iPhone.Build.0 = Release|Any CPU
		{A6431F30-A608-4C78-80BE-548C322CBE75}.Release|iPhoneSimulator.ActiveCfg = Release|Any CPU
		{A6431F30-A608-4C78-80BE-548C322CBE75}.Release|iPhoneSimulator.Build.0 = Release|Any CPU
		{A6431F30-A608-4C78-80BE-548C322CBE75}.Release|x64.ActiveCfg = Release|Any CPU
		{A6431F30-A608-4C78-80BE-548C322CBE75}.Release|x64.Build.0 = Release|Any CPU
		{A6431F30-A608-4C78-80BE-548C322CBE75}.Release|x86.ActiveCfg = Release|Any CPU
		{A6431F30-A608-4C78-80BE-548C322CBE75}.Release|x86.Build.0 = Release|Any CPU
		{F4031695-3A25-4E37-B456-AA084994D245}.Ad-Hoc|Any CPU.ActiveCfg = Debug|Any CPU
		{F4031695-3A25-4E37-B456-AA084994D245}.Ad-Hoc|Any CPU.Build.0 = Debug|Any CPU
		{F4031695-3A25-4E37-B456-AA084994D245}.Ad-Hoc|Any CPU.Deploy.0 = Debug|Any CPU
		{F4031695-3A25-4E37-B456-AA084994D245}.Ad-Hoc|ARM.ActiveCfg = Debug|Any CPU
		{F4031695-3A25-4E37-B456-AA084994D245}.Ad-Hoc|ARM.Build.0 = Debug|Any CPU
		{F4031695-3A25-4E37-B456-AA084994D245}.Ad-Hoc|ARM.Deploy.0 = Debug|Any CPU
		{F4031695-3A25-4E37-B456-AA084994D245}.Ad-Hoc|ARM64.ActiveCfg = Debug|Any CPU
		{F4031695-3A25-4E37-B456-AA084994D245}.Ad-Hoc|ARM64.Build.0 = Debug|Any CPU
		{F4031695-3A25-4E37-B456-AA084994D245}.Ad-Hoc|ARM64.Deploy.0 = Debug|Any CPU
		{F4031695-3A25-4E37-B456-AA084994D245}.Ad-Hoc|iPhone.ActiveCfg = Debug|Any CPU
		{F4031695-3A25-4E37-B456-AA084994D245}.Ad-Hoc|iPhone.Build.0 = Debug|Any CPU
		{F4031695-3A25-4E37-B456-AA084994D245}.Ad-Hoc|iPhone.Deploy.0 = Debug|Any CPU
		{F4031695-3A25-4E37-B456-AA084994D245}.Ad-Hoc|iPhoneSimulator.ActiveCfg = Debug|Any CPU
		{F4031695-3A25-4E37-B456-AA084994D245}.Ad-Hoc|iPhoneSimulator.Build.0 = Debug|Any CPU
		{F4031695-3A25-4E37-B456-AA084994D245}.Ad-Hoc|iPhoneSimulator.Deploy.0 = Debug|Any CPU
		{F4031695-3A25-4E37-B456-AA084994D245}.Ad-Hoc|x64.ActiveCfg = Debug|Any CPU
		{F4031695-3A25-4E37-B456-AA084994D245}.Ad-Hoc|x64.Build.0 = Debug|Any CPU
		{F4031695-3A25-4E37-B456-AA084994D245}.Ad-Hoc|x64.Deploy.0 = Debug|Any CPU
		{F4031695-3A25-4E37-B456-AA084994D245}.Ad-Hoc|x86.ActiveCfg = Debug|Any CPU
		{F4031695-3A25-4E37-B456-AA084994D245}.Ad-Hoc|x86.Build.0 = Debug|Any CPU
		{F4031695-3A25-4E37-B456-AA084994D245}.Ad-Hoc|x86.Deploy.0 = Debug|Any CPU
		{F4031695-3A25-4E37-B456-AA084994D245}.AppStore|Any CPU.ActiveCfg = Debug|Any CPU
		{F4031695-3A25-4E37-B456-AA084994D245}.AppStore|Any CPU.Build.0 = Debug|Any CPU
		{F4031695-3A25-4E37-B456-AA084994D245}.AppStore|Any CPU.Deploy.0 = Debug|Any CPU
		{F4031695-3A25-4E37-B456-AA084994D245}.AppStore|ARM.ActiveCfg = Debug|Any CPU
		{F4031695-3A25-4E37-B456-AA084994D245}.AppStore|ARM.Build.0 = Debug|Any CPU
		{F4031695-3A25-4E37-B456-AA084994D245}.AppStore|ARM.Deploy.0 = Debug|Any CPU
		{F4031695-3A25-4E37-B456-AA084994D245}.AppStore|ARM64.ActiveCfg = Debug|Any CPU
		{F4031695-3A25-4E37-B456-AA084994D245}.AppStore|ARM64.Build.0 = Debug|Any CPU
		{F4031695-3A25-4E37-B456-AA084994D245}.AppStore|ARM64.Deploy.0 = Debug|Any CPU
		{F4031695-3A25-4E37-B456-AA084994D245}.AppStore|iPhone.ActiveCfg = Debug|Any CPU
		{F4031695-3A25-4E37-B456-AA084994D245}.AppStore|iPhone.Build.0 = Debug|Any CPU
		{F4031695-3A25-4E37-B456-AA084994D245}.AppStore|iPhone.Deploy.0 = Debug|Any CPU
		{F4031695-3A25-4E37-B456-AA084994D245}.AppStore|iPhoneSimulator.ActiveCfg = Debug|Any CPU
		{F4031695-3A25-4E37-B456-AA084994D245}.AppStore|iPhoneSimulator.Build.0 = Debug|Any CPU
		{F4031695-3A25-4E37-B456-AA084994D245}.AppStore|iPhoneSimulator.Deploy.0 = Debug|Any CPU
		{F4031695-3A25-4E37-B456-AA084994D245}.AppStore|x64.ActiveCfg = Debug|Any CPU
		{F4031695-3A25-4E37-B456-AA084994D245}.AppStore|x64.Build.0 = Debug|Any CPU
		{F4031695-3A25-4E37-B456-AA084994D245}.AppStore|x64.Deploy.0 = Debug|Any CPU
		{F4031695-3A25-4E37-B456-AA084994D245}.AppStore|x86.ActiveCfg = Debug|Any CPU
		{F4031695-3A25-4E37-B456-AA084994D245}.AppStore|x86.Build.0 = Debug|Any CPU
		{F4031695-3A25-4E37-B456-AA084994D245}.AppStore|x86.Deploy.0 = Debug|Any CPU
		{F4031695-3A25-4E37-B456-AA084994D245}.Debug|Any CPU.ActiveCfg = Debug|Any CPU
		{F4031695-3A25-4E37-B456-AA084994D245}.Debug|Any CPU.Build.0 = Debug|Any CPU
		{F4031695-3A25-4E37-B456-AA084994D245}.Debug|Any CPU.Deploy.0 = Debug|Any CPU
		{F4031695-3A25-4E37-B456-AA084994D245}.Debug|ARM.ActiveCfg = Debug|Any CPU
		{F4031695-3A25-4E37-B456-AA084994D245}.Debug|ARM.Build.0 = Debug|Any CPU
		{F4031695-3A25-4E37-B456-AA084994D245}.Debug|ARM.Deploy.0 = Debug|Any CPU
		{F4031695-3A25-4E37-B456-AA084994D245}.Debug|ARM64.ActiveCfg = Debug|Any CPU
		{F4031695-3A25-4E37-B456-AA084994D245}.Debug|ARM64.Build.0 = Debug|Any CPU
		{F4031695-3A25-4E37-B456-AA084994D245}.Debug|ARM64.Deploy.0 = Debug|Any CPU
		{F4031695-3A25-4E37-B456-AA084994D245}.Debug|iPhone.ActiveCfg = Debug|Any CPU
		{F4031695-3A25-4E37-B456-AA084994D245}.Debug|iPhone.Build.0 = Debug|Any CPU
		{F4031695-3A25-4E37-B456-AA084994D245}.Debug|iPhone.Deploy.0 = Debug|Any CPU
		{F4031695-3A25-4E37-B456-AA084994D245}.Debug|iPhoneSimulator.ActiveCfg = Debug|Any CPU
		{F4031695-3A25-4E37-B456-AA084994D245}.Debug|iPhoneSimulator.Build.0 = Debug|Any CPU
		{F4031695-3A25-4E37-B456-AA084994D245}.Debug|iPhoneSimulator.Deploy.0 = Debug|Any CPU
		{F4031695-3A25-4E37-B456-AA084994D245}.Debug|x64.ActiveCfg = Debug|Any CPU
		{F4031695-3A25-4E37-B456-AA084994D245}.Debug|x64.Build.0 = Debug|Any CPU
		{F4031695-3A25-4E37-B456-AA084994D245}.Debug|x64.Deploy.0 = Debug|Any CPU
		{F4031695-3A25-4E37-B456-AA084994D245}.Debug|x86.ActiveCfg = Debug|Any CPU
		{F4031695-3A25-4E37-B456-AA084994D245}.Debug|x86.Build.0 = Debug|Any CPU
		{F4031695-3A25-4E37-B456-AA084994D245}.Debug|x86.Deploy.0 = Debug|Any CPU
		{F4031695-3A25-4E37-B456-AA084994D245}.Release|Any CPU.ActiveCfg = Release|Any CPU
		{F4031695-3A25-4E37-B456-AA084994D245}.Release|Any CPU.Build.0 = Release|Any CPU
		{F4031695-3A25-4E37-B456-AA084994D245}.Release|Any CPU.Deploy.0 = Release|Any CPU
		{F4031695-3A25-4E37-B456-AA084994D245}.Release|ARM.ActiveCfg = Release|Any CPU
		{F4031695-3A25-4E37-B456-AA084994D245}.Release|ARM.Build.0 = Release|Any CPU
		{F4031695-3A25-4E37-B456-AA084994D245}.Release|ARM.Deploy.0 = Release|Any CPU
		{F4031695-3A25-4E37-B456-AA084994D245}.Release|ARM64.ActiveCfg = Release|Any CPU
		{F4031695-3A25-4E37-B456-AA084994D245}.Release|ARM64.Build.0 = Release|Any CPU
		{F4031695-3A25-4E37-B456-AA084994D245}.Release|ARM64.Deploy.0 = Release|Any CPU
		{F4031695-3A25-4E37-B456-AA084994D245}.Release|iPhone.ActiveCfg = Release|Any CPU
		{F4031695-3A25-4E37-B456-AA084994D245}.Release|iPhone.Build.0 = Release|Any CPU
		{F4031695-3A25-4E37-B456-AA084994D245}.Release|iPhone.Deploy.0 = Release|Any CPU
		{F4031695-3A25-4E37-B456-AA084994D245}.Release|iPhoneSimulator.ActiveCfg = Release|Any CPU
		{F4031695-3A25-4E37-B456-AA084994D245}.Release|iPhoneSimulator.Build.0 = Release|Any CPU
		{F4031695-3A25-4E37-B456-AA084994D245}.Release|iPhoneSimulator.Deploy.0 = Release|Any CPU
		{F4031695-3A25-4E37-B456-AA084994D245}.Release|x64.ActiveCfg = Release|Any CPU
		{F4031695-3A25-4E37-B456-AA084994D245}.Release|x64.Build.0 = Release|Any CPU
		{F4031695-3A25-4E37-B456-AA084994D245}.Release|x64.Deploy.0 = Release|Any CPU
		{F4031695-3A25-4E37-B456-AA084994D245}.Release|x86.ActiveCfg = Release|Any CPU
		{F4031695-3A25-4E37-B456-AA084994D245}.Release|x86.Build.0 = Release|Any CPU
		{F4031695-3A25-4E37-B456-AA084994D245}.Release|x86.Deploy.0 = Release|Any CPU
		{FE10E0C1-FFF3-4767-BD4A-D5C61B17C2C4}.Ad-Hoc|Any CPU.ActiveCfg = Debug|Any CPU
		{FE10E0C1-FFF3-4767-BD4A-D5C61B17C2C4}.Ad-Hoc|Any CPU.Build.0 = Debug|Any CPU
		{FE10E0C1-FFF3-4767-BD4A-D5C61B17C2C4}.Ad-Hoc|ARM.ActiveCfg = Debug|Any CPU
		{FE10E0C1-FFF3-4767-BD4A-D5C61B17C2C4}.Ad-Hoc|ARM.Build.0 = Debug|Any CPU
		{FE10E0C1-FFF3-4767-BD4A-D5C61B17C2C4}.Ad-Hoc|ARM64.ActiveCfg = Debug|Any CPU
		{FE10E0C1-FFF3-4767-BD4A-D5C61B17C2C4}.Ad-Hoc|ARM64.Build.0 = Debug|Any CPU
		{FE10E0C1-FFF3-4767-BD4A-D5C61B17C2C4}.Ad-Hoc|iPhone.ActiveCfg = Debug|Any CPU
		{FE10E0C1-FFF3-4767-BD4A-D5C61B17C2C4}.Ad-Hoc|iPhone.Build.0 = Debug|Any CPU
		{FE10E0C1-FFF3-4767-BD4A-D5C61B17C2C4}.Ad-Hoc|iPhoneSimulator.ActiveCfg = Debug|Any CPU
		{FE10E0C1-FFF3-4767-BD4A-D5C61B17C2C4}.Ad-Hoc|iPhoneSimulator.Build.0 = Debug|Any CPU
		{FE10E0C1-FFF3-4767-BD4A-D5C61B17C2C4}.Ad-Hoc|x64.ActiveCfg = Debug|Any CPU
		{FE10E0C1-FFF3-4767-BD4A-D5C61B17C2C4}.Ad-Hoc|x64.Build.0 = Debug|Any CPU
		{FE10E0C1-FFF3-4767-BD4A-D5C61B17C2C4}.Ad-Hoc|x86.ActiveCfg = Debug|Any CPU
		{FE10E0C1-FFF3-4767-BD4A-D5C61B17C2C4}.Ad-Hoc|x86.Build.0 = Debug|Any CPU
		{FE10E0C1-FFF3-4767-BD4A-D5C61B17C2C4}.AppStore|Any CPU.ActiveCfg = Debug|Any CPU
		{FE10E0C1-FFF3-4767-BD4A-D5C61B17C2C4}.AppStore|Any CPU.Build.0 = Debug|Any CPU
		{FE10E0C1-FFF3-4767-BD4A-D5C61B17C2C4}.AppStore|ARM.ActiveCfg = Debug|Any CPU
		{FE10E0C1-FFF3-4767-BD4A-D5C61B17C2C4}.AppStore|ARM.Build.0 = Debug|Any CPU
		{FE10E0C1-FFF3-4767-BD4A-D5C61B17C2C4}.AppStore|ARM64.ActiveCfg = Debug|Any CPU
		{FE10E0C1-FFF3-4767-BD4A-D5C61B17C2C4}.AppStore|ARM64.Build.0 = Debug|Any CPU
		{FE10E0C1-FFF3-4767-BD4A-D5C61B17C2C4}.AppStore|iPhone.ActiveCfg = Debug|Any CPU
		{FE10E0C1-FFF3-4767-BD4A-D5C61B17C2C4}.AppStore|iPhone.Build.0 = Debug|Any CPU
		{FE10E0C1-FFF3-4767-BD4A-D5C61B17C2C4}.AppStore|iPhoneSimulator.ActiveCfg = Debug|Any CPU
		{FE10E0C1-FFF3-4767-BD4A-D5C61B17C2C4}.AppStore|iPhoneSimulator.Build.0 = Debug|Any CPU
		{FE10E0C1-FFF3-4767-BD4A-D5C61B17C2C4}.AppStore|x64.ActiveCfg = Debug|Any CPU
		{FE10E0C1-FFF3-4767-BD4A-D5C61B17C2C4}.AppStore|x64.Build.0 = Debug|Any CPU
		{FE10E0C1-FFF3-4767-BD4A-D5C61B17C2C4}.AppStore|x86.ActiveCfg = Debug|Any CPU
		{FE10E0C1-FFF3-4767-BD4A-D5C61B17C2C4}.AppStore|x86.Build.0 = Debug|Any CPU
		{FE10E0C1-FFF3-4767-BD4A-D5C61B17C2C4}.Debug|Any CPU.ActiveCfg = Debug|Any CPU
		{FE10E0C1-FFF3-4767-BD4A-D5C61B17C2C4}.Debug|Any CPU.Build.0 = Debug|Any CPU
		{FE10E0C1-FFF3-4767-BD4A-D5C61B17C2C4}.Debug|ARM.ActiveCfg = Debug|Any CPU
		{FE10E0C1-FFF3-4767-BD4A-D5C61B17C2C4}.Debug|ARM.Build.0 = Debug|Any CPU
		{FE10E0C1-FFF3-4767-BD4A-D5C61B17C2C4}.Debug|ARM64.ActiveCfg = Debug|Any CPU
		{FE10E0C1-FFF3-4767-BD4A-D5C61B17C2C4}.Debug|ARM64.Build.0 = Debug|Any CPU
		{FE10E0C1-FFF3-4767-BD4A-D5C61B17C2C4}.Debug|iPhone.ActiveCfg = Debug|Any CPU
		{FE10E0C1-FFF3-4767-BD4A-D5C61B17C2C4}.Debug|iPhone.Build.0 = Debug|Any CPU
		{FE10E0C1-FFF3-4767-BD4A-D5C61B17C2C4}.Debug|iPhoneSimulator.ActiveCfg = Debug|Any CPU
		{FE10E0C1-FFF3-4767-BD4A-D5C61B17C2C4}.Debug|iPhoneSimulator.Build.0 = Debug|Any CPU
		{FE10E0C1-FFF3-4767-BD4A-D5C61B17C2C4}.Debug|x64.ActiveCfg = Debug|Any CPU
		{FE10E0C1-FFF3-4767-BD4A-D5C61B17C2C4}.Debug|x64.Build.0 = Debug|Any CPU
		{FE10E0C1-FFF3-4767-BD4A-D5C61B17C2C4}.Debug|x86.ActiveCfg = Debug|Any CPU
		{FE10E0C1-FFF3-4767-BD4A-D5C61B17C2C4}.Debug|x86.Build.0 = Debug|Any CPU
		{FE10E0C1-FFF3-4767-BD4A-D5C61B17C2C4}.Release|Any CPU.ActiveCfg = Release|Any CPU
		{FE10E0C1-FFF3-4767-BD4A-D5C61B17C2C4}.Release|Any CPU.Build.0 = Release|Any CPU
		{FE10E0C1-FFF3-4767-BD4A-D5C61B17C2C4}.Release|ARM.ActiveCfg = Release|Any CPU
		{FE10E0C1-FFF3-4767-BD4A-D5C61B17C2C4}.Release|ARM.Build.0 = Release|Any CPU
		{FE10E0C1-FFF3-4767-BD4A-D5C61B17C2C4}.Release|ARM64.ActiveCfg = Release|Any CPU
		{FE10E0C1-FFF3-4767-BD4A-D5C61B17C2C4}.Release|ARM64.Build.0 = Release|Any CPU
		{FE10E0C1-FFF3-4767-BD4A-D5C61B17C2C4}.Release|iPhone.ActiveCfg = Release|Any CPU
		{FE10E0C1-FFF3-4767-BD4A-D5C61B17C2C4}.Release|iPhone.Build.0 = Release|Any CPU
		{FE10E0C1-FFF3-4767-BD4A-D5C61B17C2C4}.Release|iPhoneSimulator.ActiveCfg = Release|Any CPU
		{FE10E0C1-FFF3-4767-BD4A-D5C61B17C2C4}.Release|iPhoneSimulator.Build.0 = Release|Any CPU
		{FE10E0C1-FFF3-4767-BD4A-D5C61B17C2C4}.Release|x64.ActiveCfg = Release|Any CPU
		{FE10E0C1-FFF3-4767-BD4A-D5C61B17C2C4}.Release|x64.Build.0 = Release|Any CPU
		{FE10E0C1-FFF3-4767-BD4A-D5C61B17C2C4}.Release|x86.ActiveCfg = Release|Any CPU
		{FE10E0C1-FFF3-4767-BD4A-D5C61B17C2C4}.Release|x86.Build.0 = Release|Any CPU
		{A2625DFB-69E8-4880-98CB-E2BF5FEA6B58}.Ad-Hoc|Any CPU.ActiveCfg = Debug|x64
		{A2625DFB-69E8-4880-98CB-E2BF5FEA6B58}.Ad-Hoc|Any CPU.Build.0 = Debug|x64
		{A2625DFB-69E8-4880-98CB-E2BF5FEA6B58}.Ad-Hoc|Any CPU.Deploy.0 = Debug|x64
		{A2625DFB-69E8-4880-98CB-E2BF5FEA6B58}.Ad-Hoc|ARM.ActiveCfg = Debug|x64
		{A2625DFB-69E8-4880-98CB-E2BF5FEA6B58}.Ad-Hoc|ARM.Build.0 = Debug|x64
		{A2625DFB-69E8-4880-98CB-E2BF5FEA6B58}.Ad-Hoc|ARM.Deploy.0 = Debug|x64
		{A2625DFB-69E8-4880-98CB-E2BF5FEA6B58}.Ad-Hoc|ARM64.ActiveCfg = Debug|arm64
		{A2625DFB-69E8-4880-98CB-E2BF5FEA6B58}.Ad-Hoc|ARM64.Build.0 = Debug|arm64
		{A2625DFB-69E8-4880-98CB-E2BF5FEA6B58}.Ad-Hoc|ARM64.Deploy.0 = Debug|arm64
		{A2625DFB-69E8-4880-98CB-E2BF5FEA6B58}.Ad-Hoc|iPhone.ActiveCfg = Debug|x64
		{A2625DFB-69E8-4880-98CB-E2BF5FEA6B58}.Ad-Hoc|iPhone.Build.0 = Debug|x64
		{A2625DFB-69E8-4880-98CB-E2BF5FEA6B58}.Ad-Hoc|iPhone.Deploy.0 = Debug|x64
		{A2625DFB-69E8-4880-98CB-E2BF5FEA6B58}.Ad-Hoc|iPhoneSimulator.ActiveCfg = Debug|x64
		{A2625DFB-69E8-4880-98CB-E2BF5FEA6B58}.Ad-Hoc|iPhoneSimulator.Build.0 = Debug|x64
		{A2625DFB-69E8-4880-98CB-E2BF5FEA6B58}.Ad-Hoc|iPhoneSimulator.Deploy.0 = Debug|x64
		{A2625DFB-69E8-4880-98CB-E2BF5FEA6B58}.Ad-Hoc|x64.ActiveCfg = Debug|x64
		{A2625DFB-69E8-4880-98CB-E2BF5FEA6B58}.Ad-Hoc|x64.Build.0 = Debug|x64
		{A2625DFB-69E8-4880-98CB-E2BF5FEA6B58}.Ad-Hoc|x64.Deploy.0 = Debug|x64
		{A2625DFB-69E8-4880-98CB-E2BF5FEA6B58}.Ad-Hoc|x86.ActiveCfg = Debug|x86
		{A2625DFB-69E8-4880-98CB-E2BF5FEA6B58}.Ad-Hoc|x86.Build.0 = Debug|x86
		{A2625DFB-69E8-4880-98CB-E2BF5FEA6B58}.Ad-Hoc|x86.Deploy.0 = Debug|x86
		{A2625DFB-69E8-4880-98CB-E2BF5FEA6B58}.AppStore|Any CPU.ActiveCfg = Debug|x64
		{A2625DFB-69E8-4880-98CB-E2BF5FEA6B58}.AppStore|Any CPU.Build.0 = Debug|x64
		{A2625DFB-69E8-4880-98CB-E2BF5FEA6B58}.AppStore|Any CPU.Deploy.0 = Debug|x64
		{A2625DFB-69E8-4880-98CB-E2BF5FEA6B58}.AppStore|ARM.ActiveCfg = Debug|x64
		{A2625DFB-69E8-4880-98CB-E2BF5FEA6B58}.AppStore|ARM.Build.0 = Debug|x64
		{A2625DFB-69E8-4880-98CB-E2BF5FEA6B58}.AppStore|ARM.Deploy.0 = Debug|x64
		{A2625DFB-69E8-4880-98CB-E2BF5FEA6B58}.AppStore|ARM64.ActiveCfg = Debug|arm64
		{A2625DFB-69E8-4880-98CB-E2BF5FEA6B58}.AppStore|ARM64.Build.0 = Debug|arm64
		{A2625DFB-69E8-4880-98CB-E2BF5FEA6B58}.AppStore|ARM64.Deploy.0 = Debug|arm64
		{A2625DFB-69E8-4880-98CB-E2BF5FEA6B58}.AppStore|iPhone.ActiveCfg = Debug|x64
		{A2625DFB-69E8-4880-98CB-E2BF5FEA6B58}.AppStore|iPhone.Build.0 = Debug|x64
		{A2625DFB-69E8-4880-98CB-E2BF5FEA6B58}.AppStore|iPhone.Deploy.0 = Debug|x64
		{A2625DFB-69E8-4880-98CB-E2BF5FEA6B58}.AppStore|iPhoneSimulator.ActiveCfg = Debug|x64
		{A2625DFB-69E8-4880-98CB-E2BF5FEA6B58}.AppStore|iPhoneSimulator.Build.0 = Debug|x64
		{A2625DFB-69E8-4880-98CB-E2BF5FEA6B58}.AppStore|iPhoneSimulator.Deploy.0 = Debug|x64
		{A2625DFB-69E8-4880-98CB-E2BF5FEA6B58}.AppStore|x64.ActiveCfg = Debug|x64
		{A2625DFB-69E8-4880-98CB-E2BF5FEA6B58}.AppStore|x64.Build.0 = Debug|x64
		{A2625DFB-69E8-4880-98CB-E2BF5FEA6B58}.AppStore|x64.Deploy.0 = Debug|x64
		{A2625DFB-69E8-4880-98CB-E2BF5FEA6B58}.AppStore|x86.ActiveCfg = Debug|x86
		{A2625DFB-69E8-4880-98CB-E2BF5FEA6B58}.AppStore|x86.Build.0 = Debug|x86
		{A2625DFB-69E8-4880-98CB-E2BF5FEA6B58}.AppStore|x86.Deploy.0 = Debug|x86
		{A2625DFB-69E8-4880-98CB-E2BF5FEA6B58}.Debug|Any CPU.ActiveCfg = Debug|x64
		{A2625DFB-69E8-4880-98CB-E2BF5FEA6B58}.Debug|Any CPU.Build.0 = Debug|x64
		{A2625DFB-69E8-4880-98CB-E2BF5FEA6B58}.Debug|Any CPU.Deploy.0 = Debug|x64
		{A2625DFB-69E8-4880-98CB-E2BF5FEA6B58}.Debug|ARM.ActiveCfg = Debug|x64
		{A2625DFB-69E8-4880-98CB-E2BF5FEA6B58}.Debug|ARM.Build.0 = Debug|x64
		{A2625DFB-69E8-4880-98CB-E2BF5FEA6B58}.Debug|ARM.Deploy.0 = Debug|x64
		{A2625DFB-69E8-4880-98CB-E2BF5FEA6B58}.Debug|ARM64.ActiveCfg = Debug|arm64
		{A2625DFB-69E8-4880-98CB-E2BF5FEA6B58}.Debug|ARM64.Build.0 = Debug|arm64
		{A2625DFB-69E8-4880-98CB-E2BF5FEA6B58}.Debug|ARM64.Deploy.0 = Debug|arm64
		{A2625DFB-69E8-4880-98CB-E2BF5FEA6B58}.Debug|iPhone.ActiveCfg = Debug|x64
		{A2625DFB-69E8-4880-98CB-E2BF5FEA6B58}.Debug|iPhone.Build.0 = Debug|x64
		{A2625DFB-69E8-4880-98CB-E2BF5FEA6B58}.Debug|iPhone.Deploy.0 = Debug|x64
		{A2625DFB-69E8-4880-98CB-E2BF5FEA6B58}.Debug|iPhoneSimulator.ActiveCfg = Debug|x64
		{A2625DFB-69E8-4880-98CB-E2BF5FEA6B58}.Debug|iPhoneSimulator.Build.0 = Debug|x64
		{A2625DFB-69E8-4880-98CB-E2BF5FEA6B58}.Debug|iPhoneSimulator.Deploy.0 = Debug|x64
		{A2625DFB-69E8-4880-98CB-E2BF5FEA6B58}.Debug|x64.ActiveCfg = Debug|x64
		{A2625DFB-69E8-4880-98CB-E2BF5FEA6B58}.Debug|x64.Build.0 = Debug|x64
		{A2625DFB-69E8-4880-98CB-E2BF5FEA6B58}.Debug|x64.Deploy.0 = Debug|x64
		{A2625DFB-69E8-4880-98CB-E2BF5FEA6B58}.Debug|x86.ActiveCfg = Debug|x86
		{A2625DFB-69E8-4880-98CB-E2BF5FEA6B58}.Debug|x86.Build.0 = Debug|x86
		{A2625DFB-69E8-4880-98CB-E2BF5FEA6B58}.Debug|x86.Deploy.0 = Debug|x86
		{A2625DFB-69E8-4880-98CB-E2BF5FEA6B58}.Release|Any CPU.ActiveCfg = Release|x64
		{A2625DFB-69E8-4880-98CB-E2BF5FEA6B58}.Release|Any CPU.Build.0 = Release|x64
		{A2625DFB-69E8-4880-98CB-E2BF5FEA6B58}.Release|Any CPU.Deploy.0 = Release|x64
		{A2625DFB-69E8-4880-98CB-E2BF5FEA6B58}.Release|ARM.ActiveCfg = Release|x64
		{A2625DFB-69E8-4880-98CB-E2BF5FEA6B58}.Release|ARM.Build.0 = Release|x64
		{A2625DFB-69E8-4880-98CB-E2BF5FEA6B58}.Release|ARM.Deploy.0 = Release|x64
		{A2625DFB-69E8-4880-98CB-E2BF5FEA6B58}.Release|ARM64.ActiveCfg = Release|arm64
		{A2625DFB-69E8-4880-98CB-E2BF5FEA6B58}.Release|ARM64.Build.0 = Release|arm64
		{A2625DFB-69E8-4880-98CB-E2BF5FEA6B58}.Release|ARM64.Deploy.0 = Release|arm64
		{A2625DFB-69E8-4880-98CB-E2BF5FEA6B58}.Release|iPhone.ActiveCfg = Release|x64
		{A2625DFB-69E8-4880-98CB-E2BF5FEA6B58}.Release|iPhone.Build.0 = Release|x64
		{A2625DFB-69E8-4880-98CB-E2BF5FEA6B58}.Release|iPhone.Deploy.0 = Release|x64
		{A2625DFB-69E8-4880-98CB-E2BF5FEA6B58}.Release|iPhoneSimulator.ActiveCfg = Release|x64
		{A2625DFB-69E8-4880-98CB-E2BF5FEA6B58}.Release|iPhoneSimulator.Build.0 = Release|x64
		{A2625DFB-69E8-4880-98CB-E2BF5FEA6B58}.Release|iPhoneSimulator.Deploy.0 = Release|x64
		{A2625DFB-69E8-4880-98CB-E2BF5FEA6B58}.Release|x64.ActiveCfg = Release|x64
		{A2625DFB-69E8-4880-98CB-E2BF5FEA6B58}.Release|x64.Build.0 = Release|x64
		{A2625DFB-69E8-4880-98CB-E2BF5FEA6B58}.Release|x64.Deploy.0 = Release|x64
		{A2625DFB-69E8-4880-98CB-E2BF5FEA6B58}.Release|x86.ActiveCfg = Release|x86
		{A2625DFB-69E8-4880-98CB-E2BF5FEA6B58}.Release|x86.Build.0 = Release|x86
		{A2625DFB-69E8-4880-98CB-E2BF5FEA6B58}.Release|x86.Deploy.0 = Release|x86
	EndGlobalSection
	GlobalSection(SolutionProperties) = preSolution
		HideSolutionNode = FALSE
	EndGlobalSection
	GlobalSection(NestedProjects) = preSolution
		{A36F7903-8CC6-4BE6-84C9-F04FF14236D7} = {94D7A0A9-8C78-4E5E-9EAB-6C5D1CF0E8A0}
		{5F3CAD93-6062-450A-8771-7B4645CAF598} = {BD5B4F64-D32F-4DF3-B34D-070B7D526579}
		{BDB163A7-B221-4E9F-A960-92A849BA3F3F} = {BD5B4F64-D32F-4DF3-B34D-070B7D526579}
		{F7F98CE8-5304-460D-83A2-F4F7FE50B370} = {BD5B4F64-D32F-4DF3-B34D-070B7D526579}
		{531B2297-2343-4692-8D66-878B0AD158CD} = {BD5B4F64-D32F-4DF3-B34D-070B7D526579}
		{A6431F30-A608-4C78-80BE-548C322CBE75} = {BD5B4F64-D32F-4DF3-B34D-070B7D526579}
		{F4031695-3A25-4E37-B456-AA084994D245} = {94D7A0A9-8C78-4E5E-9EAB-6C5D1CF0E8A0}
		{FE10E0C1-FFF3-4767-BD4A-D5C61B17C2C4} = {94D7A0A9-8C78-4E5E-9EAB-6C5D1CF0E8A0}
		{A2625DFB-69E8-4880-98CB-E2BF5FEA6B58} = {94D7A0A9-8C78-4E5E-9EAB-6C5D1CF0E8A0}
		{D9B86D10-7483-47EE-994E-9764FDB07B20} = {BD5B4F64-D32F-4DF3-B34D-070B7D526579}
	EndGlobalSection
	GlobalSection(ExtensibilityGlobals) = postSolution
		SolutionGuid = {BD437263-1C96-46A9-A641-C312BF7DAF99}
	EndGlobalSection
	GlobalSection(SharedMSBuildProjectFiles) = preSolution
		Toolkit\Toolkit.UI.Controls\Esri.ArcGISRuntime.Toolkit.UI.Controls.projitems*{531b2297-2343-4692-8d66-878b0ad158cd}*SharedItemsImports = 5
		Toolkit\Toolkit\Esri.ArcGISRuntime.Toolkit.Shared.projitems*{531b2297-2343-4692-8d66-878b0ad158cd}*SharedItemsImports = 5
		Toolkit\Toolkit\Esri.ArcGISRuntime.Toolkit.Shared.projitems*{5f3cad93-6062-450a-8771-7b4645caf598}*SharedItemsImports = 13
		Toolkit\Toolkit.UI.Controls\Esri.ArcGISRuntime.Toolkit.UI.Controls.projitems*{a6431f30-a608-4c78-80be-548c322cbe75}*SharedItemsImports = 5
		Toolkit\Toolkit\Esri.ArcGISRuntime.Toolkit.Shared.projitems*{a6431f30-a608-4c78-80be-548c322cbe75}*SharedItemsImports = 5
		Toolkit\Toolkit.UI.Controls\Esri.ArcGISRuntime.Toolkit.UI.Controls.projitems*{bdb163a7-b221-4e9f-a960-92a849ba3f3f}*SharedItemsImports = 5
		Toolkit\Toolkit\Esri.ArcGISRuntime.Toolkit.Shared.projitems*{bdb163a7-b221-4e9f-a960-92a849ba3f3f}*SharedItemsImports = 5
		Toolkit\Toolkit.UI.Controls\Esri.ArcGISRuntime.Toolkit.UI.Controls.projitems*{d9b86d10-7483-47ee-994e-9764fdb07b20}*SharedItemsImports = 13
		Toolkit\Toolkit\Esri.ArcGISRuntime.Toolkit.Shared.projitems*{f7f98ce8-5304-460d-83a2-f4f7fe50b370}*SharedItemsImports = 5
	EndGlobalSection
EndGlobal
