
Microsoft Visual Studio Solution File, Format Version 12.00
# Visual Studio 15
VisualStudioVersion = 15.0.26730.16
MinimumVisualStudioVersion = 10.0.40219.1
Project("{9A19103F-16F7-4668-BE54-9A1E7A4F7556}") = "Esri.ArcGISRuntime.Toolkit.iOS", "Esri.ArcGISRuntime.Toolkit\iOS\Esri.ArcGISRuntime.Toolkit.iOS.csproj", "{B8713B42-BAA5-4D62-86C2-1585EF2DF0EC}"
EndProject
Project("{D954291E-2A0B-460D-934E-DC6B0785DB48}") = "Esri.ArcGISRuntime.Toolkit.Shared", "Esri.ArcGISRuntime.Toolkit\Shared\Esri.ArcGISRuntime.Toolkit.Shared.shproj", "{C8657C80-A1AB-4D77-9F75-C923AB330AFB}"
EndProject
Project("{9A19103F-16F7-4668-BE54-9A1E7A4F7556}") = "Esri.ArcGISRuntime.Toolkit.UWP", "Esri.ArcGISRuntime.Toolkit\UWP\Esri.ArcGISRuntime.Toolkit.UWP.csproj", "{837F6B24-E37E-410B-A71B-B0BFF42002E3}"
EndProject
Project("{9A19103F-16F7-4668-BE54-9A1E7A4F7556}") = "Esri.ArcGISRuntime.Toolkit.Android", "Esri.ArcGISRuntime.Toolkit\Android\Esri.ArcGISRuntime.Toolkit.Android.csproj", "{6C686F0F-9586-453F-8769-5AC0E7772F4D}"
EndProject
Project("{9A19103F-16F7-4668-BE54-9A1E7A4F7556}") = "Esri.ArcGISRuntime.Toolkit.Xamarin.Forms", "Esri.ArcGISRuntime.Toolkit\XamarinForms\Esri.ArcGISRuntime.Toolkit.Xamarin.Forms.csproj", "{BC141500-2741-4F13-86DC-2FA002422C60}"
	ProjectSection(ProjectDependencies) = postProject
		{6C686F0F-9586-453F-8769-5AC0E7772F4D} = {6C686F0F-9586-453F-8769-5AC0E7772F4D}
		{837F6B24-E37E-410B-A71B-B0BFF42002E3} = {837F6B24-E37E-410B-A71B-B0BFF42002E3}
	EndProjectSection
EndProject
Project("{9A19103F-16F7-4668-BE54-9A1E7A4F7556}") = "Esri.ArcGISRuntime.Toolkit.WPF", "Esri.ArcGISRuntime.Toolkit\WPF\Esri.ArcGISRuntime.Toolkit.WPF.csproj", "{552428BC-A0A9-4A03-832F-CD3EA9DCEE31}"
EndProject
Project("{2150E333-8FDC-42A3-9474-1A3956D46DE8}") = "Esri.ArcGISRuntime.Toolkit", "Esri.ArcGISRuntime.Toolkit", "{BD5B4F64-D32F-4DF3-B34D-070B7D526579}"
EndProject
Project("{2150E333-8FDC-42A3-9474-1A3956D46DE8}") = "Samples", "Samples", "{94D7A0A9-8C78-4E5E-9EAB-6C5D1CF0E8A0}"
EndProject
Project("{FAE04EC0-301F-11D3-BF4B-00C04F79EFBC}") = "Toolkit.Samples.WPF", "Samples\Toolkit.SampleApp.WPF\Toolkit.Samples.WPF.csproj", "{75555B1C-1AED-401F-BEC6-A791AAB70D57}"
EndProject
Project("{2150E333-8FDC-42A3-9474-1A3956D46DE8}") = "Solution Items", "Solution Items", "{26E85B83-D430-4A75-9431-8A014AA7117E}"
	ProjectSection(SolutionItems) = preProject
		Directory.Build.props = Directory.Build.props
		Directory.Build.targets = Directory.Build.targets
	EndProjectSection
EndProject
Project("{FAE04EC0-301F-11D3-BF4B-00C04F79EFBC}") = "Toolkit.Samples.UWP", "Samples\Toolkit.SampleApp.UWP\Toolkit.Samples.UWP.csproj", "{A36F7903-8CC6-4BE6-84C9-F04FF14236D7}"
EndProject
Global
	GlobalSection(SharedMSBuildProjectFiles) = preSolution
		Esri.ArcGISRuntime.Toolkit\Shared\Esri.ArcGISRuntime.Toolkit.Shared.projitems*{c8657c80-a1ab-4d77-9f75-c923ab330afb}*SharedItemsImports = 13
	EndGlobalSection
	GlobalSection(SolutionConfigurationPlatforms) = preSolution
		Debug|Any CPU = Debug|Any CPU
		Debug|ARM = Debug|ARM
		Debug|x64 = Debug|x64
		Debug|x86 = Debug|x86
		Release|Any CPU = Release|Any CPU
		Release|ARM = Release|ARM
		Release|x64 = Release|x64
		Release|x86 = Release|x86
	EndGlobalSection
	GlobalSection(ProjectConfigurationPlatforms) = postSolution
		{B8713B42-BAA5-4D62-86C2-1585EF2DF0EC}.Debug|Any CPU.ActiveCfg = Debug|Any CPU
		{B8713B42-BAA5-4D62-86C2-1585EF2DF0EC}.Debug|Any CPU.Build.0 = Debug|Any CPU
		{B8713B42-BAA5-4D62-86C2-1585EF2DF0EC}.Debug|ARM.ActiveCfg = Debug|Any CPU
		{B8713B42-BAA5-4D62-86C2-1585EF2DF0EC}.Debug|ARM.Build.0 = Debug|Any CPU
		{B8713B42-BAA5-4D62-86C2-1585EF2DF0EC}.Debug|x64.ActiveCfg = Debug|Any CPU
		{B8713B42-BAA5-4D62-86C2-1585EF2DF0EC}.Debug|x64.Build.0 = Debug|Any CPU
		{B8713B42-BAA5-4D62-86C2-1585EF2DF0EC}.Debug|x86.ActiveCfg = Debug|Any CPU
		{B8713B42-BAA5-4D62-86C2-1585EF2DF0EC}.Debug|x86.Build.0 = Debug|Any CPU
		{B8713B42-BAA5-4D62-86C2-1585EF2DF0EC}.Release|Any CPU.ActiveCfg = Release|Any CPU
		{B8713B42-BAA5-4D62-86C2-1585EF2DF0EC}.Release|Any CPU.Build.0 = Release|Any CPU
		{B8713B42-BAA5-4D62-86C2-1585EF2DF0EC}.Release|ARM.ActiveCfg = Release|Any CPU
		{B8713B42-BAA5-4D62-86C2-1585EF2DF0EC}.Release|ARM.Build.0 = Release|Any CPU
		{B8713B42-BAA5-4D62-86C2-1585EF2DF0EC}.Release|x64.ActiveCfg = Release|Any CPU
		{B8713B42-BAA5-4D62-86C2-1585EF2DF0EC}.Release|x64.Build.0 = Release|Any CPU
		{B8713B42-BAA5-4D62-86C2-1585EF2DF0EC}.Release|x86.ActiveCfg = Release|Any CPU
		{B8713B42-BAA5-4D62-86C2-1585EF2DF0EC}.Release|x86.Build.0 = Release|Any CPU
		{837F6B24-E37E-410B-A71B-B0BFF42002E3}.Debug|Any CPU.ActiveCfg = Debug|Any CPU
		{837F6B24-E37E-410B-A71B-B0BFF42002E3}.Debug|Any CPU.Build.0 = Debug|Any CPU
		{837F6B24-E37E-410B-A71B-B0BFF42002E3}.Debug|ARM.ActiveCfg = Debug|Any CPU
		{837F6B24-E37E-410B-A71B-B0BFF42002E3}.Debug|ARM.Build.0 = Debug|Any CPU
		{837F6B24-E37E-410B-A71B-B0BFF42002E3}.Debug|x64.ActiveCfg = Debug|Any CPU
		{837F6B24-E37E-410B-A71B-B0BFF42002E3}.Debug|x64.Build.0 = Debug|Any CPU
		{837F6B24-E37E-410B-A71B-B0BFF42002E3}.Debug|x86.ActiveCfg = Debug|Any CPU
		{837F6B24-E37E-410B-A71B-B0BFF42002E3}.Debug|x86.Build.0 = Debug|Any CPU
		{837F6B24-E37E-410B-A71B-B0BFF42002E3}.Release|Any CPU.ActiveCfg = Release|Any CPU
		{837F6B24-E37E-410B-A71B-B0BFF42002E3}.Release|Any CPU.Build.0 = Release|Any CPU
		{837F6B24-E37E-410B-A71B-B0BFF42002E3}.Release|ARM.ActiveCfg = Release|Any CPU
		{837F6B24-E37E-410B-A71B-B0BFF42002E3}.Release|ARM.Build.0 = Release|Any CPU
		{837F6B24-E37E-410B-A71B-B0BFF42002E3}.Release|x64.ActiveCfg = Release|Any CPU
		{837F6B24-E37E-410B-A71B-B0BFF42002E3}.Release|x64.Build.0 = Release|Any CPU
		{837F6B24-E37E-410B-A71B-B0BFF42002E3}.Release|x86.ActiveCfg = Release|Any CPU
		{837F6B24-E37E-410B-A71B-B0BFF42002E3}.Release|x86.Build.0 = Release|Any CPU
		{6C686F0F-9586-453F-8769-5AC0E7772F4D}.Debug|Any CPU.ActiveCfg = Debug|Any CPU
		{6C686F0F-9586-453F-8769-5AC0E7772F4D}.Debug|Any CPU.Build.0 = Debug|Any CPU
		{6C686F0F-9586-453F-8769-5AC0E7772F4D}.Debug|ARM.ActiveCfg = Debug|Any CPU
		{6C686F0F-9586-453F-8769-5AC0E7772F4D}.Debug|ARM.Build.0 = Debug|Any CPU
		{6C686F0F-9586-453F-8769-5AC0E7772F4D}.Debug|x64.ActiveCfg = Debug|Any CPU
		{6C686F0F-9586-453F-8769-5AC0E7772F4D}.Debug|x64.Build.0 = Debug|Any CPU
		{6C686F0F-9586-453F-8769-5AC0E7772F4D}.Debug|x86.ActiveCfg = Debug|Any CPU
		{6C686F0F-9586-453F-8769-5AC0E7772F4D}.Debug|x86.Build.0 = Debug|Any CPU
		{6C686F0F-9586-453F-8769-5AC0E7772F4D}.Release|Any CPU.ActiveCfg = Release|Any CPU
		{6C686F0F-9586-453F-8769-5AC0E7772F4D}.Release|Any CPU.Build.0 = Release|Any CPU
		{6C686F0F-9586-453F-8769-5AC0E7772F4D}.Release|ARM.ActiveCfg = Release|Any CPU
		{6C686F0F-9586-453F-8769-5AC0E7772F4D}.Release|ARM.Build.0 = Release|Any CPU
		{6C686F0F-9586-453F-8769-5AC0E7772F4D}.Release|x64.ActiveCfg = Release|Any CPU
		{6C686F0F-9586-453F-8769-5AC0E7772F4D}.Release|x64.Build.0 = Release|Any CPU
		{6C686F0F-9586-453F-8769-5AC0E7772F4D}.Release|x86.ActiveCfg = Release|Any CPU
		{6C686F0F-9586-453F-8769-5AC0E7772F4D}.Release|x86.Build.0 = Release|Any CPU
		{BC141500-2741-4F13-86DC-2FA002422C60}.Debug|Any CPU.ActiveCfg = Debug|Any CPU
		{BC141500-2741-4F13-86DC-2FA002422C60}.Debug|Any CPU.Build.0 = Debug|Any CPU
		{BC141500-2741-4F13-86DC-2FA002422C60}.Debug|ARM.ActiveCfg = Debug|Any CPU
		{BC141500-2741-4F13-86DC-2FA002422C60}.Debug|ARM.Build.0 = Debug|Any CPU
		{BC141500-2741-4F13-86DC-2FA002422C60}.Debug|x64.ActiveCfg = Debug|Any CPU
		{BC141500-2741-4F13-86DC-2FA002422C60}.Debug|x64.Build.0 = Debug|Any CPU
		{BC141500-2741-4F13-86DC-2FA002422C60}.Debug|x86.ActiveCfg = Debug|Any CPU
		{BC141500-2741-4F13-86DC-2FA002422C60}.Debug|x86.Build.0 = Debug|Any CPU
		{BC141500-2741-4F13-86DC-2FA002422C60}.Release|Any CPU.ActiveCfg = Release|Any CPU
		{BC141500-2741-4F13-86DC-2FA002422C60}.Release|Any CPU.Build.0 = Release|Any CPU
		{BC141500-2741-4F13-86DC-2FA002422C60}.Release|ARM.ActiveCfg = Release|Any CPU
		{BC141500-2741-4F13-86DC-2FA002422C60}.Release|ARM.Build.0 = Release|Any CPU
		{BC141500-2741-4F13-86DC-2FA002422C60}.Release|x64.ActiveCfg = Release|Any CPU
		{BC141500-2741-4F13-86DC-2FA002422C60}.Release|x64.Build.0 = Release|Any CPU
		{BC141500-2741-4F13-86DC-2FA002422C60}.Release|x86.ActiveCfg = Release|Any CPU
		{BC141500-2741-4F13-86DC-2FA002422C60}.Release|x86.Build.0 = Release|Any CPU
		{552428BC-A0A9-4A03-832F-CD3EA9DCEE31}.Debug|Any CPU.ActiveCfg = Debug|Any CPU
		{552428BC-A0A9-4A03-832F-CD3EA9DCEE31}.Debug|Any CPU.Build.0 = Debug|Any CPU
		{552428BC-A0A9-4A03-832F-CD3EA9DCEE31}.Debug|ARM.ActiveCfg = Debug|Any CPU
		{552428BC-A0A9-4A03-832F-CD3EA9DCEE31}.Debug|ARM.Build.0 = Debug|Any CPU
		{552428BC-A0A9-4A03-832F-CD3EA9DCEE31}.Debug|x64.ActiveCfg = Debug|Any CPU
		{552428BC-A0A9-4A03-832F-CD3EA9DCEE31}.Debug|x64.Build.0 = Debug|Any CPU
		{552428BC-A0A9-4A03-832F-CD3EA9DCEE31}.Debug|x86.ActiveCfg = Debug|Any CPU
		{552428BC-A0A9-4A03-832F-CD3EA9DCEE31}.Debug|x86.Build.0 = Debug|Any CPU
		{552428BC-A0A9-4A03-832F-CD3EA9DCEE31}.Release|Any CPU.ActiveCfg = Release|Any CPU
		{552428BC-A0A9-4A03-832F-CD3EA9DCEE31}.Release|Any CPU.Build.0 = Release|Any CPU
		{552428BC-A0A9-4A03-832F-CD3EA9DCEE31}.Release|ARM.ActiveCfg = Release|Any CPU
		{552428BC-A0A9-4A03-832F-CD3EA9DCEE31}.Release|ARM.Build.0 = Release|Any CPU
		{552428BC-A0A9-4A03-832F-CD3EA9DCEE31}.Release|x64.ActiveCfg = Release|Any CPU
		{552428BC-A0A9-4A03-832F-CD3EA9DCEE31}.Release|x64.Build.0 = Release|Any CPU
		{552428BC-A0A9-4A03-832F-CD3EA9DCEE31}.Release|x86.ActiveCfg = Release|Any CPU
		{552428BC-A0A9-4A03-832F-CD3EA9DCEE31}.Release|x86.Build.0 = Release|Any CPU
		{75555B1C-1AED-401F-BEC6-A791AAB70D57}.Debug|Any CPU.ActiveCfg = Debug|Any CPU
		{75555B1C-1AED-401F-BEC6-A791AAB70D57}.Debug|Any CPU.Build.0 = Debug|Any CPU
		{75555B1C-1AED-401F-BEC6-A791AAB70D57}.Debug|ARM.ActiveCfg = Debug|Any CPU
		{75555B1C-1AED-401F-BEC6-A791AAB70D57}.Debug|ARM.Build.0 = Debug|Any CPU
		{75555B1C-1AED-401F-BEC6-A791AAB70D57}.Debug|x64.ActiveCfg = Debug|Any CPU
		{75555B1C-1AED-401F-BEC6-A791AAB70D57}.Debug|x64.Build.0 = Debug|Any CPU
		{75555B1C-1AED-401F-BEC6-A791AAB70D57}.Debug|x86.ActiveCfg = Debug|Any CPU
		{75555B1C-1AED-401F-BEC6-A791AAB70D57}.Debug|x86.Build.0 = Debug|Any CPU
		{75555B1C-1AED-401F-BEC6-A791AAB70D57}.Release|Any CPU.ActiveCfg = Release|Any CPU
		{75555B1C-1AED-401F-BEC6-A791AAB70D57}.Release|Any CPU.Build.0 = Release|Any CPU
		{75555B1C-1AED-401F-BEC6-A791AAB70D57}.Release|ARM.ActiveCfg = Release|Any CPU
		{75555B1C-1AED-401F-BEC6-A791AAB70D57}.Release|ARM.Build.0 = Release|Any CPU
		{75555B1C-1AED-401F-BEC6-A791AAB70D57}.Release|x64.ActiveCfg = Release|Any CPU
		{75555B1C-1AED-401F-BEC6-A791AAB70D57}.Release|x64.Build.0 = Release|Any CPU
		{75555B1C-1AED-401F-BEC6-A791AAB70D57}.Release|x86.ActiveCfg = Release|Any CPU
		{75555B1C-1AED-401F-BEC6-A791AAB70D57}.Release|x86.Build.0 = Release|Any CPU
		{A36F7903-8CC6-4BE6-84C9-F04FF14236D7}.Debug|Any CPU.ActiveCfg = Debug|x86
		{A36F7903-8CC6-4BE6-84C9-F04FF14236D7}.Debug|Any CPU.Build.0 = Debug|x86
		{A36F7903-8CC6-4BE6-84C9-F04FF14236D7}.Debug|Any CPU.Deploy.0 = Debug|x86
		{A36F7903-8CC6-4BE6-84C9-F04FF14236D7}.Debug|ARM.ActiveCfg = Debug|ARM
		{A36F7903-8CC6-4BE6-84C9-F04FF14236D7}.Debug|ARM.Build.0 = Debug|ARM
		{A36F7903-8CC6-4BE6-84C9-F04FF14236D7}.Debug|ARM.Deploy.0 = Debug|ARM
		{A36F7903-8CC6-4BE6-84C9-F04FF14236D7}.Debug|x64.ActiveCfg = Debug|x64
		{A36F7903-8CC6-4BE6-84C9-F04FF14236D7}.Debug|x64.Build.0 = Debug|x64
		{A36F7903-8CC6-4BE6-84C9-F04FF14236D7}.Debug|x64.Deploy.0 = Debug|x64
		{A36F7903-8CC6-4BE6-84C9-F04FF14236D7}.Debug|x86.ActiveCfg = Debug|x86
		{A36F7903-8CC6-4BE6-84C9-F04FF14236D7}.Debug|x86.Build.0 = Debug|x86
		{A36F7903-8CC6-4BE6-84C9-F04FF14236D7}.Debug|x86.Deploy.0 = Debug|x86
		{A36F7903-8CC6-4BE6-84C9-F04FF14236D7}.Release|Any CPU.ActiveCfg = Release|x86
		{A36F7903-8CC6-4BE6-84C9-F04FF14236D7}.Release|ARM.ActiveCfg = Release|ARM
		{A36F7903-8CC6-4BE6-84C9-F04FF14236D7}.Release|ARM.Build.0 = Release|ARM
		{A36F7903-8CC6-4BE6-84C9-F04FF14236D7}.Release|ARM.Deploy.0 = Release|ARM
		{A36F7903-8CC6-4BE6-84C9-F04FF14236D7}.Release|x64.ActiveCfg = Release|x64
		{A36F7903-8CC6-4BE6-84C9-F04FF14236D7}.Release|x64.Build.0 = Release|x64
		{A36F7903-8CC6-4BE6-84C9-F04FF14236D7}.Release|x64.Deploy.0 = Release|x64
		{A36F7903-8CC6-4BE6-84C9-F04FF14236D7}.Release|x86.ActiveCfg = Release|x86
		{A36F7903-8CC6-4BE6-84C9-F04FF14236D7}.Release|x86.Build.0 = Release|x86
		{A36F7903-8CC6-4BE6-84C9-F04FF14236D7}.Release|x86.Deploy.0 = Release|x86
	EndGlobalSection
	GlobalSection(SolutionProperties) = preSolution
		HideSolutionNode = FALSE
	EndGlobalSection
	GlobalSection(NestedProjects) = preSolution
		{B8713B42-BAA5-4D62-86C2-1585EF2DF0EC} = {BD5B4F64-D32F-4DF3-B34D-070B7D526579}
		{C8657C80-A1AB-4D77-9F75-C923AB330AFB} = {BD5B4F64-D32F-4DF3-B34D-070B7D526579}
		{837F6B24-E37E-410B-A71B-B0BFF42002E3} = {BD5B4F64-D32F-4DF3-B34D-070B7D526579}
		{6C686F0F-9586-453F-8769-5AC0E7772F4D} = {BD5B4F64-D32F-4DF3-B34D-070B7D526579}
		{BC141500-2741-4F13-86DC-2FA002422C60} = {BD5B4F64-D32F-4DF3-B34D-070B7D526579}
		{552428BC-A0A9-4A03-832F-CD3EA9DCEE31} = {BD5B4F64-D32F-4DF3-B34D-070B7D526579}
		{75555B1C-1AED-401F-BEC6-A791AAB70D57} = {94D7A0A9-8C78-4E5E-9EAB-6C5D1CF0E8A0}
		{A36F7903-8CC6-4BE6-84C9-F04FF14236D7} = {94D7A0A9-8C78-4E5E-9EAB-6C5D1CF0E8A0}
	EndGlobalSection
	GlobalSection(ExtensibilityGlobals) = postSolution
		SolutionGuid = {BD437263-1C96-46A9-A641-C312BF7DAF99}
	EndGlobalSection
EndGlobal
