
Microsoft Visual Studio Solution File, Format Version 12.00
# Visual Studio Version 16
VisualStudioVersion = 16.0.29025.244
MinimumVisualStudioVersion = 10.0.40219.1
Project("{9A19103F-16F7-4668-BE54-9A1E7A4F7556}") = "Esri.ArcGISRuntime.ARToolkit", "ARToolkit\Esri.ArcGISRuntime.ARToolkit.csproj", "{168467DC-6D2D-477A-9AC2-F1486FA67E0A}"
EndProject
Project("{9A19103F-16F7-4668-BE54-9A1E7A4F7556}") = "Esri.ArcGISRuntime.ARToolkit.Forms", "ARToolkit.Forms\Esri.ArcGISRuntime.ARToolkit.Forms.csproj", "{9CB71063-B6A7-4BCA-B740-6EB9D3B4ECE9}"
EndProject
Project("{2150E333-8FDC-42A3-9474-1A3956D46DE8}") = "Samples", "Samples", "{EEAE294A-107A-4370-9D57-B00EC6878DBE}"
EndProject
Project("{FAE04EC0-301F-11D3-BF4B-00C04F79EFBC}") = "ARToolkit.SampleApp.Android", "ARSamples\ARToolkit.SampleApp.Android\ARToolkit.SampleApp.Android.csproj", "{640FD0B6-BEBD-40C3-9F0F-595C58FB8FB5}"
EndProject
Project("{FAE04EC0-301F-11D3-BF4B-00C04F79EFBC}") = "ARToolkit.SampleApp.iOS", "ARSamples\ARToolkit.SampleApp.iOS\ARToolkit.SampleApp.iOS.csproj", "{D6F5F6B4-D4E5-42C5-914D-A98EF1DE3DED}"
EndProject
Project("{2150E333-8FDC-42A3-9474-1A3956D46DE8}") = "Native", "Native", "{AA898A69-174B-4D0B-A2B9-FDBF38467A6C}"
EndProject
Project("{2150E333-8FDC-42A3-9474-1A3956D46DE8}") = "Forms", "Forms", "{04DDCF1F-ED0F-4C44-A5B1-86EF578D3B67}"
EndProject
Project("{9A19103F-16F7-4668-BE54-9A1E7A4F7556}") = "ARToolkit.Samples.Forms", "ARSamples\ARToolkit.Samples.Forms\ARToolkit.Samples.Forms.csproj", "{3B4245F2-C20B-4DFB-87B5-1AEC123BE464}"
EndProject
Project("{FAE04EC0-301F-11D3-BF4B-00C04F79EFBC}") = "ARToolkit.Samples.Forms.Android", "ARSamples\ARToolkit.Samples.Forms.Android\ARToolkit.Samples.Forms.Android.csproj", "{5E663D5A-4D87-4889-8F66-6C157D04699D}"
EndProject
Project("{FAE04EC0-301F-11D3-BF4B-00C04F79EFBC}") = "ARToolkit.Samples.Forms.iOS", "ARSamples\ARToolkit.Samples.Forms.iOS\ARToolkit.Samples.Forms.iOS.csproj", "{BF4A2EF1-CC0A-404B-9673-B31B9C185857}"
EndProject
Project("{D954291E-2A0B-460D-934E-DC6B0785DB48}") = "SampleHelpers", "ARSamples\SampleHelpers\SampleHelpers.shproj", "{2E0D0F5F-0515-465B-8161-59EF1E020B48}"
EndProject
Global
	GlobalSection(SharedMSBuildProjectFiles) = preSolution
		ARSamples\SampleHelpers\SampleHelpers.projitems*{2e0d0f5f-0515-465b-8161-59ef1e020b48}*SharedItemsImports = 13
		ARSamples\SampleHelpers\SampleHelpers.projitems*{3b4245f2-c20b-4dfb-87b5-1aec123be464}*SharedItemsImports = 5
		ARSamples\SampleHelpers\SampleHelpers.projitems*{640fd0b6-bebd-40c3-9f0f-595c58fb8fb5}*SharedItemsImports = 4
		ARSamples\SampleHelpers\SampleHelpers.projitems*{d6f5f6b4-d4e5-42c5-914d-a98ef1de3ded}*SharedItemsImports = 4
	EndGlobalSection
	GlobalSection(SolutionConfigurationPlatforms) = preSolution
		Ad-Hoc|Any CPU = Ad-Hoc|Any CPU
		Ad-Hoc|ARM = Ad-Hoc|ARM
		Ad-Hoc|ARM64 = Ad-Hoc|ARM64
		Ad-Hoc|iPhone = Ad-Hoc|iPhone
		Ad-Hoc|iPhoneSimulator = Ad-Hoc|iPhoneSimulator
		Ad-Hoc|x64 = Ad-Hoc|x64
		Ad-Hoc|x86 = Ad-Hoc|x86
		AppStore|Any CPU = AppStore|Any CPU
		AppStore|ARM = AppStore|ARM
		AppStore|ARM64 = AppStore|ARM64
		AppStore|iPhone = AppStore|iPhone
		AppStore|iPhoneSimulator = AppStore|iPhoneSimulator
		AppStore|x64 = AppStore|x64
		AppStore|x86 = AppStore|x86
		Debug|Any CPU = Debug|Any CPU
		Debug|ARM = Debug|ARM
		Debug|ARM64 = Debug|ARM64
		Debug|iPhone = Debug|iPhone
		Debug|iPhoneSimulator = Debug|iPhoneSimulator
		Debug|x64 = Debug|x64
		Debug|x86 = Debug|x86
		Release|Any CPU = Release|Any CPU
		Release|ARM = Release|ARM
		Release|ARM64 = Release|ARM64
		Release|iPhone = Release|iPhone
		Release|iPhoneSimulator = Release|iPhoneSimulator
		Release|x64 = Release|x64
		Release|x86 = Release|x86
	EndGlobalSection
	GlobalSection(ProjectConfigurationPlatforms) = postSolution
		{168467DC-6D2D-477A-9AC2-F1486FA67E0A}.Ad-Hoc|Any CPU.ActiveCfg = Debug|Any CPU
		{168467DC-6D2D-477A-9AC2-F1486FA67E0A}.Ad-Hoc|Any CPU.Build.0 = Debug|Any CPU
		{168467DC-6D2D-477A-9AC2-F1486FA67E0A}.Ad-Hoc|ARM.ActiveCfg = Debug|Any CPU
		{168467DC-6D2D-477A-9AC2-F1486FA67E0A}.Ad-Hoc|ARM.Build.0 = Debug|Any CPU
		{168467DC-6D2D-477A-9AC2-F1486FA67E0A}.Ad-Hoc|ARM64.ActiveCfg = Debug|Any CPU
		{168467DC-6D2D-477A-9AC2-F1486FA67E0A}.Ad-Hoc|ARM64.Build.0 = Debug|Any CPU
		{168467DC-6D2D-477A-9AC2-F1486FA67E0A}.Ad-Hoc|iPhone.ActiveCfg = Debug|Any CPU
		{168467DC-6D2D-477A-9AC2-F1486FA67E0A}.Ad-Hoc|iPhone.Build.0 = Debug|Any CPU
		{168467DC-6D2D-477A-9AC2-F1486FA67E0A}.Ad-Hoc|iPhoneSimulator.ActiveCfg = Debug|Any CPU
		{168467DC-6D2D-477A-9AC2-F1486FA67E0A}.Ad-Hoc|iPhoneSimulator.Build.0 = Debug|Any CPU
		{168467DC-6D2D-477A-9AC2-F1486FA67E0A}.Ad-Hoc|x64.ActiveCfg = Debug|Any CPU
		{168467DC-6D2D-477A-9AC2-F1486FA67E0A}.Ad-Hoc|x64.Build.0 = Debug|Any CPU
		{168467DC-6D2D-477A-9AC2-F1486FA67E0A}.Ad-Hoc|x86.ActiveCfg = Debug|Any CPU
		{168467DC-6D2D-477A-9AC2-F1486FA67E0A}.Ad-Hoc|x86.Build.0 = Debug|Any CPU
		{168467DC-6D2D-477A-9AC2-F1486FA67E0A}.AppStore|Any CPU.ActiveCfg = Debug|Any CPU
		{168467DC-6D2D-477A-9AC2-F1486FA67E0A}.AppStore|Any CPU.Build.0 = Debug|Any CPU
		{168467DC-6D2D-477A-9AC2-F1486FA67E0A}.AppStore|ARM.ActiveCfg = Debug|Any CPU
		{168467DC-6D2D-477A-9AC2-F1486FA67E0A}.AppStore|ARM.Build.0 = Debug|Any CPU
		{168467DC-6D2D-477A-9AC2-F1486FA67E0A}.AppStore|ARM64.ActiveCfg = Debug|Any CPU
		{168467DC-6D2D-477A-9AC2-F1486FA67E0A}.AppStore|ARM64.Build.0 = Debug|Any CPU
		{168467DC-6D2D-477A-9AC2-F1486FA67E0A}.AppStore|iPhone.ActiveCfg = Debug|Any CPU
		{168467DC-6D2D-477A-9AC2-F1486FA67E0A}.AppStore|iPhone.Build.0 = Debug|Any CPU
		{168467DC-6D2D-477A-9AC2-F1486FA67E0A}.AppStore|iPhoneSimulator.ActiveCfg = Debug|Any CPU
		{168467DC-6D2D-477A-9AC2-F1486FA67E0A}.AppStore|iPhoneSimulator.Build.0 = Debug|Any CPU
		{168467DC-6D2D-477A-9AC2-F1486FA67E0A}.AppStore|x64.ActiveCfg = Debug|Any CPU
		{168467DC-6D2D-477A-9AC2-F1486FA67E0A}.AppStore|x64.Build.0 = Debug|Any CPU
		{168467DC-6D2D-477A-9AC2-F1486FA67E0A}.AppStore|x86.ActiveCfg = Debug|Any CPU
		{168467DC-6D2D-477A-9AC2-F1486FA67E0A}.AppStore|x86.Build.0 = Debug|Any CPU
		{168467DC-6D2D-477A-9AC2-F1486FA67E0A}.Debug|Any CPU.ActiveCfg = Debug|Any CPU
		{168467DC-6D2D-477A-9AC2-F1486FA67E0A}.Debug|Any CPU.Build.0 = Debug|Any CPU
		{168467DC-6D2D-477A-9AC2-F1486FA67E0A}.Debug|ARM.ActiveCfg = Debug|Any CPU
		{168467DC-6D2D-477A-9AC2-F1486FA67E0A}.Debug|ARM.Build.0 = Debug|Any CPU
		{168467DC-6D2D-477A-9AC2-F1486FA67E0A}.Debug|ARM64.ActiveCfg = Debug|Any CPU
		{168467DC-6D2D-477A-9AC2-F1486FA67E0A}.Debug|ARM64.Build.0 = Debug|Any CPU
		{168467DC-6D2D-477A-9AC2-F1486FA67E0A}.Debug|iPhone.ActiveCfg = Debug|Any CPU
		{168467DC-6D2D-477A-9AC2-F1486FA67E0A}.Debug|iPhone.Build.0 = Debug|Any CPU
		{168467DC-6D2D-477A-9AC2-F1486FA67E0A}.Debug|iPhoneSimulator.ActiveCfg = Debug|Any CPU
		{168467DC-6D2D-477A-9AC2-F1486FA67E0A}.Debug|iPhoneSimulator.Build.0 = Debug|Any CPU
		{168467DC-6D2D-477A-9AC2-F1486FA67E0A}.Debug|x64.ActiveCfg = Debug|Any CPU
		{168467DC-6D2D-477A-9AC2-F1486FA67E0A}.Debug|x64.Build.0 = Debug|Any CPU
		{168467DC-6D2D-477A-9AC2-F1486FA67E0A}.Debug|x86.ActiveCfg = Debug|Any CPU
		{168467DC-6D2D-477A-9AC2-F1486FA67E0A}.Debug|x86.Build.0 = Debug|Any CPU
		{168467DC-6D2D-477A-9AC2-F1486FA67E0A}.Release|Any CPU.ActiveCfg = Release|Any CPU
		{168467DC-6D2D-477A-9AC2-F1486FA67E0A}.Release|Any CPU.Build.0 = Release|Any CPU
		{168467DC-6D2D-477A-9AC2-F1486FA67E0A}.Release|ARM.ActiveCfg = Release|Any CPU
		{168467DC-6D2D-477A-9AC2-F1486FA67E0A}.Release|ARM.Build.0 = Release|Any CPU
		{168467DC-6D2D-477A-9AC2-F1486FA67E0A}.Release|ARM64.ActiveCfg = Release|Any CPU
		{168467DC-6D2D-477A-9AC2-F1486FA67E0A}.Release|ARM64.Build.0 = Release|Any CPU
		{168467DC-6D2D-477A-9AC2-F1486FA67E0A}.Release|iPhone.ActiveCfg = Release|Any CPU
		{168467DC-6D2D-477A-9AC2-F1486FA67E0A}.Release|iPhone.Build.0 = Release|Any CPU
		{168467DC-6D2D-477A-9AC2-F1486FA67E0A}.Release|iPhoneSimulator.ActiveCfg = Release|Any CPU
		{168467DC-6D2D-477A-9AC2-F1486FA67E0A}.Release|iPhoneSimulator.Build.0 = Release|Any CPU
		{168467DC-6D2D-477A-9AC2-F1486FA67E0A}.Release|x64.ActiveCfg = Release|Any CPU
		{168467DC-6D2D-477A-9AC2-F1486FA67E0A}.Release|x64.Build.0 = Release|Any CPU
		{168467DC-6D2D-477A-9AC2-F1486FA67E0A}.Release|x86.ActiveCfg = Release|Any CPU
		{168467DC-6D2D-477A-9AC2-F1486FA67E0A}.Release|x86.Build.0 = Release|Any CPU
		{9CB71063-B6A7-4BCA-B740-6EB9D3B4ECE9}.Ad-Hoc|Any CPU.ActiveCfg = Debug|Any CPU
		{9CB71063-B6A7-4BCA-B740-6EB9D3B4ECE9}.Ad-Hoc|Any CPU.Build.0 = Debug|Any CPU
		{9CB71063-B6A7-4BCA-B740-6EB9D3B4ECE9}.Ad-Hoc|ARM.ActiveCfg = Debug|Any CPU
		{9CB71063-B6A7-4BCA-B740-6EB9D3B4ECE9}.Ad-Hoc|ARM.Build.0 = Debug|Any CPU
		{9CB71063-B6A7-4BCA-B740-6EB9D3B4ECE9}.Ad-Hoc|ARM64.ActiveCfg = Debug|Any CPU
		{9CB71063-B6A7-4BCA-B740-6EB9D3B4ECE9}.Ad-Hoc|ARM64.Build.0 = Debug|Any CPU
		{9CB71063-B6A7-4BCA-B740-6EB9D3B4ECE9}.Ad-Hoc|iPhone.ActiveCfg = Debug|Any CPU
		{9CB71063-B6A7-4BCA-B740-6EB9D3B4ECE9}.Ad-Hoc|iPhone.Build.0 = Debug|Any CPU
		{9CB71063-B6A7-4BCA-B740-6EB9D3B4ECE9}.Ad-Hoc|iPhoneSimulator.ActiveCfg = Debug|Any CPU
		{9CB71063-B6A7-4BCA-B740-6EB9D3B4ECE9}.Ad-Hoc|iPhoneSimulator.Build.0 = Debug|Any CPU
		{9CB71063-B6A7-4BCA-B740-6EB9D3B4ECE9}.Ad-Hoc|x64.ActiveCfg = Debug|Any CPU
		{9CB71063-B6A7-4BCA-B740-6EB9D3B4ECE9}.Ad-Hoc|x64.Build.0 = Debug|Any CPU
		{9CB71063-B6A7-4BCA-B740-6EB9D3B4ECE9}.Ad-Hoc|x86.ActiveCfg = Debug|Any CPU
		{9CB71063-B6A7-4BCA-B740-6EB9D3B4ECE9}.Ad-Hoc|x86.Build.0 = Debug|Any CPU
		{9CB71063-B6A7-4BCA-B740-6EB9D3B4ECE9}.AppStore|Any CPU.ActiveCfg = Debug|Any CPU
		{9CB71063-B6A7-4BCA-B740-6EB9D3B4ECE9}.AppStore|Any CPU.Build.0 = Debug|Any CPU
		{9CB71063-B6A7-4BCA-B740-6EB9D3B4ECE9}.AppStore|ARM.ActiveCfg = Debug|Any CPU
		{9CB71063-B6A7-4BCA-B740-6EB9D3B4ECE9}.AppStore|ARM.Build.0 = Debug|Any CPU
		{9CB71063-B6A7-4BCA-B740-6EB9D3B4ECE9}.AppStore|ARM64.ActiveCfg = Debug|Any CPU
		{9CB71063-B6A7-4BCA-B740-6EB9D3B4ECE9}.AppStore|ARM64.Build.0 = Debug|Any CPU
		{9CB71063-B6A7-4BCA-B740-6EB9D3B4ECE9}.AppStore|iPhone.ActiveCfg = Debug|Any CPU
		{9CB71063-B6A7-4BCA-B740-6EB9D3B4ECE9}.AppStore|iPhone.Build.0 = Debug|Any CPU
		{9CB71063-B6A7-4BCA-B740-6EB9D3B4ECE9}.AppStore|iPhoneSimulator.ActiveCfg = Debug|Any CPU
		{9CB71063-B6A7-4BCA-B740-6EB9D3B4ECE9}.AppStore|iPhoneSimulator.Build.0 = Debug|Any CPU
		{9CB71063-B6A7-4BCA-B740-6EB9D3B4ECE9}.AppStore|x64.ActiveCfg = Debug|Any CPU
		{9CB71063-B6A7-4BCA-B740-6EB9D3B4ECE9}.AppStore|x64.Build.0 = Debug|Any CPU
		{9CB71063-B6A7-4BCA-B740-6EB9D3B4ECE9}.AppStore|x86.ActiveCfg = Debug|Any CPU
		{9CB71063-B6A7-4BCA-B740-6EB9D3B4ECE9}.AppStore|x86.Build.0 = Debug|Any CPU
		{9CB71063-B6A7-4BCA-B740-6EB9D3B4ECE9}.Debug|Any CPU.ActiveCfg = Debug|Any CPU
		{9CB71063-B6A7-4BCA-B740-6EB9D3B4ECE9}.Debug|Any CPU.Build.0 = Debug|Any CPU
		{9CB71063-B6A7-4BCA-B740-6EB9D3B4ECE9}.Debug|ARM.ActiveCfg = Debug|Any CPU
		{9CB71063-B6A7-4BCA-B740-6EB9D3B4ECE9}.Debug|ARM.Build.0 = Debug|Any CPU
		{9CB71063-B6A7-4BCA-B740-6EB9D3B4ECE9}.Debug|ARM64.ActiveCfg = Debug|Any CPU
		{9CB71063-B6A7-4BCA-B740-6EB9D3B4ECE9}.Debug|ARM64.Build.0 = Debug|Any CPU
		{9CB71063-B6A7-4BCA-B740-6EB9D3B4ECE9}.Debug|iPhone.ActiveCfg = Debug|Any CPU
		{9CB71063-B6A7-4BCA-B740-6EB9D3B4ECE9}.Debug|iPhone.Build.0 = Debug|Any CPU
		{9CB71063-B6A7-4BCA-B740-6EB9D3B4ECE9}.Debug|iPhoneSimulator.ActiveCfg = Debug|Any CPU
		{9CB71063-B6A7-4BCA-B740-6EB9D3B4ECE9}.Debug|iPhoneSimulator.Build.0 = Debug|Any CPU
		{9CB71063-B6A7-4BCA-B740-6EB9D3B4ECE9}.Debug|x64.ActiveCfg = Debug|Any CPU
		{9CB71063-B6A7-4BCA-B740-6EB9D3B4ECE9}.Debug|x64.Build.0 = Debug|Any CPU
		{9CB71063-B6A7-4BCA-B740-6EB9D3B4ECE9}.Debug|x86.ActiveCfg = Debug|Any CPU
		{9CB71063-B6A7-4BCA-B740-6EB9D3B4ECE9}.Debug|x86.Build.0 = Debug|Any CPU
		{9CB71063-B6A7-4BCA-B740-6EB9D3B4ECE9}.Release|Any CPU.ActiveCfg = Release|Any CPU
		{9CB71063-B6A7-4BCA-B740-6EB9D3B4ECE9}.Release|Any CPU.Build.0 = Release|Any CPU
		{9CB71063-B6A7-4BCA-B740-6EB9D3B4ECE9}.Release|ARM.ActiveCfg = Release|Any CPU
		{9CB71063-B6A7-4BCA-B740-6EB9D3B4ECE9}.Release|ARM.Build.0 = Release|Any CPU
		{9CB71063-B6A7-4BCA-B740-6EB9D3B4ECE9}.Release|ARM64.ActiveCfg = Release|Any CPU
		{9CB71063-B6A7-4BCA-B740-6EB9D3B4ECE9}.Release|ARM64.Build.0 = Release|Any CPU
		{9CB71063-B6A7-4BCA-B740-6EB9D3B4ECE9}.Release|iPhone.ActiveCfg = Release|Any CPU
		{9CB71063-B6A7-4BCA-B740-6EB9D3B4ECE9}.Release|iPhone.Build.0 = Release|Any CPU
		{9CB71063-B6A7-4BCA-B740-6EB9D3B4ECE9}.Release|iPhoneSimulator.ActiveCfg = Release|Any CPU
		{9CB71063-B6A7-4BCA-B740-6EB9D3B4ECE9}.Release|iPhoneSimulator.Build.0 = Release|Any CPU
		{9CB71063-B6A7-4BCA-B740-6EB9D3B4ECE9}.Release|x64.ActiveCfg = Release|Any CPU
		{9CB71063-B6A7-4BCA-B740-6EB9D3B4ECE9}.Release|x64.Build.0 = Release|Any CPU
		{9CB71063-B6A7-4BCA-B740-6EB9D3B4ECE9}.Release|x86.ActiveCfg = Release|Any CPU
		{9CB71063-B6A7-4BCA-B740-6EB9D3B4ECE9}.Release|x86.Build.0 = Release|Any CPU
		{640FD0B6-BEBD-40C3-9F0F-595C58FB8FB5}.Ad-Hoc|Any CPU.ActiveCfg = Release|Any CPU
		{640FD0B6-BEBD-40C3-9F0F-595C58FB8FB5}.Ad-Hoc|Any CPU.Build.0 = Release|Any CPU
		{640FD0B6-BEBD-40C3-9F0F-595C58FB8FB5}.Ad-Hoc|Any CPU.Deploy.0 = Release|Any CPU
		{640FD0B6-BEBD-40C3-9F0F-595C58FB8FB5}.Ad-Hoc|ARM.ActiveCfg = Release|Any CPU
		{640FD0B6-BEBD-40C3-9F0F-595C58FB8FB5}.Ad-Hoc|ARM.Build.0 = Release|Any CPU
		{640FD0B6-BEBD-40C3-9F0F-595C58FB8FB5}.Ad-Hoc|ARM.Deploy.0 = Release|Any CPU
		{640FD0B6-BEBD-40C3-9F0F-595C58FB8FB5}.Ad-Hoc|ARM64.ActiveCfg = Release|Any CPU
		{640FD0B6-BEBD-40C3-9F0F-595C58FB8FB5}.Ad-Hoc|ARM64.Build.0 = Release|Any CPU
		{640FD0B6-BEBD-40C3-9F0F-595C58FB8FB5}.Ad-Hoc|ARM64.Deploy.0 = Release|Any CPU
		{640FD0B6-BEBD-40C3-9F0F-595C58FB8FB5}.Ad-Hoc|iPhone.ActiveCfg = Release|Any CPU
		{640FD0B6-BEBD-40C3-9F0F-595C58FB8FB5}.Ad-Hoc|iPhone.Build.0 = Release|Any CPU
		{640FD0B6-BEBD-40C3-9F0F-595C58FB8FB5}.Ad-Hoc|iPhone.Deploy.0 = Release|Any CPU
		{640FD0B6-BEBD-40C3-9F0F-595C58FB8FB5}.Ad-Hoc|iPhoneSimulator.ActiveCfg = Release|Any CPU
		{640FD0B6-BEBD-40C3-9F0F-595C58FB8FB5}.Ad-Hoc|iPhoneSimulator.Build.0 = Release|Any CPU
		{640FD0B6-BEBD-40C3-9F0F-595C58FB8FB5}.Ad-Hoc|iPhoneSimulator.Deploy.0 = Release|Any CPU
		{640FD0B6-BEBD-40C3-9F0F-595C58FB8FB5}.Ad-Hoc|x64.ActiveCfg = Release|Any CPU
		{640FD0B6-BEBD-40C3-9F0F-595C58FB8FB5}.Ad-Hoc|x64.Build.0 = Release|Any CPU
		{640FD0B6-BEBD-40C3-9F0F-595C58FB8FB5}.Ad-Hoc|x64.Deploy.0 = Release|Any CPU
		{640FD0B6-BEBD-40C3-9F0F-595C58FB8FB5}.Ad-Hoc|x86.ActiveCfg = Release|Any CPU
		{640FD0B6-BEBD-40C3-9F0F-595C58FB8FB5}.Ad-Hoc|x86.Build.0 = Release|Any CPU
		{640FD0B6-BEBD-40C3-9F0F-595C58FB8FB5}.Ad-Hoc|x86.Deploy.0 = Release|Any CPU
		{640FD0B6-BEBD-40C3-9F0F-595C58FB8FB5}.AppStore|Any CPU.ActiveCfg = Release|Any CPU
		{640FD0B6-BEBD-40C3-9F0F-595C58FB8FB5}.AppStore|Any CPU.Build.0 = Release|Any CPU
		{640FD0B6-BEBD-40C3-9F0F-595C58FB8FB5}.AppStore|Any CPU.Deploy.0 = Release|Any CPU
		{640FD0B6-BEBD-40C3-9F0F-595C58FB8FB5}.AppStore|ARM.ActiveCfg = Release|Any CPU
		{640FD0B6-BEBD-40C3-9F0F-595C58FB8FB5}.AppStore|ARM.Build.0 = Release|Any CPU
		{640FD0B6-BEBD-40C3-9F0F-595C58FB8FB5}.AppStore|ARM.Deploy.0 = Release|Any CPU
		{640FD0B6-BEBD-40C3-9F0F-595C58FB8FB5}.AppStore|ARM64.ActiveCfg = Release|Any CPU
		{640FD0B6-BEBD-40C3-9F0F-595C58FB8FB5}.AppStore|ARM64.Build.0 = Release|Any CPU
		{640FD0B6-BEBD-40C3-9F0F-595C58FB8FB5}.AppStore|ARM64.Deploy.0 = Release|Any CPU
		{640FD0B6-BEBD-40C3-9F0F-595C58FB8FB5}.AppStore|iPhone.ActiveCfg = Release|Any CPU
		{640FD0B6-BEBD-40C3-9F0F-595C58FB8FB5}.AppStore|iPhone.Build.0 = Release|Any CPU
		{640FD0B6-BEBD-40C3-9F0F-595C58FB8FB5}.AppStore|iPhone.Deploy.0 = Release|Any CPU
		{640FD0B6-BEBD-40C3-9F0F-595C58FB8FB5}.AppStore|iPhoneSimulator.ActiveCfg = Release|Any CPU
		{640FD0B6-BEBD-40C3-9F0F-595C58FB8FB5}.AppStore|iPhoneSimulator.Build.0 = Release|Any CPU
		{640FD0B6-BEBD-40C3-9F0F-595C58FB8FB5}.AppStore|iPhoneSimulator.Deploy.0 = Release|Any CPU
		{640FD0B6-BEBD-40C3-9F0F-595C58FB8FB5}.AppStore|x64.ActiveCfg = Release|Any CPU
		{640FD0B6-BEBD-40C3-9F0F-595C58FB8FB5}.AppStore|x64.Build.0 = Release|Any CPU
		{640FD0B6-BEBD-40C3-9F0F-595C58FB8FB5}.AppStore|x64.Deploy.0 = Release|Any CPU
		{640FD0B6-BEBD-40C3-9F0F-595C58FB8FB5}.AppStore|x86.ActiveCfg = Release|Any CPU
		{640FD0B6-BEBD-40C3-9F0F-595C58FB8FB5}.AppStore|x86.Build.0 = Release|Any CPU
		{640FD0B6-BEBD-40C3-9F0F-595C58FB8FB5}.AppStore|x86.Deploy.0 = Release|Any CPU
		{640FD0B6-BEBD-40C3-9F0F-595C58FB8FB5}.Debug|Any CPU.ActiveCfg = Debug|Any CPU
		{640FD0B6-BEBD-40C3-9F0F-595C58FB8FB5}.Debug|Any CPU.Build.0 = Debug|Any CPU
		{640FD0B6-BEBD-40C3-9F0F-595C58FB8FB5}.Debug|Any CPU.Deploy.0 = Debug|Any CPU
		{640FD0B6-BEBD-40C3-9F0F-595C58FB8FB5}.Debug|ARM.ActiveCfg = Debug|Any CPU
		{640FD0B6-BEBD-40C3-9F0F-595C58FB8FB5}.Debug|ARM.Build.0 = Debug|Any CPU
		{640FD0B6-BEBD-40C3-9F0F-595C58FB8FB5}.Debug|ARM.Deploy.0 = Debug|Any CPU
		{640FD0B6-BEBD-40C3-9F0F-595C58FB8FB5}.Debug|ARM64.ActiveCfg = Debug|Any CPU
		{640FD0B6-BEBD-40C3-9F0F-595C58FB8FB5}.Debug|ARM64.Build.0 = Debug|Any CPU
		{640FD0B6-BEBD-40C3-9F0F-595C58FB8FB5}.Debug|ARM64.Deploy.0 = Debug|Any CPU
		{640FD0B6-BEBD-40C3-9F0F-595C58FB8FB5}.Debug|iPhone.ActiveCfg = Debug|Any CPU
		{640FD0B6-BEBD-40C3-9F0F-595C58FB8FB5}.Debug|iPhone.Build.0 = Debug|Any CPU
		{640FD0B6-BEBD-40C3-9F0F-595C58FB8FB5}.Debug|iPhone.Deploy.0 = Debug|Any CPU
		{640FD0B6-BEBD-40C3-9F0F-595C58FB8FB5}.Debug|iPhoneSimulator.ActiveCfg = Debug|Any CPU
		{640FD0B6-BEBD-40C3-9F0F-595C58FB8FB5}.Debug|iPhoneSimulator.Build.0 = Debug|Any CPU
		{640FD0B6-BEBD-40C3-9F0F-595C58FB8FB5}.Debug|iPhoneSimulator.Deploy.0 = Debug|Any CPU
		{640FD0B6-BEBD-40C3-9F0F-595C58FB8FB5}.Debug|x64.ActiveCfg = Debug|Any CPU
		{640FD0B6-BEBD-40C3-9F0F-595C58FB8FB5}.Debug|x64.Build.0 = Debug|Any CPU
		{640FD0B6-BEBD-40C3-9F0F-595C58FB8FB5}.Debug|x64.Deploy.0 = Debug|Any CPU
		{640FD0B6-BEBD-40C3-9F0F-595C58FB8FB5}.Debug|x86.ActiveCfg = Debug|Any CPU
		{640FD0B6-BEBD-40C3-9F0F-595C58FB8FB5}.Debug|x86.Build.0 = Debug|Any CPU
		{640FD0B6-BEBD-40C3-9F0F-595C58FB8FB5}.Debug|x86.Deploy.0 = Debug|Any CPU
		{640FD0B6-BEBD-40C3-9F0F-595C58FB8FB5}.Release|Any CPU.ActiveCfg = Release|Any CPU
		{640FD0B6-BEBD-40C3-9F0F-595C58FB8FB5}.Release|Any CPU.Build.0 = Release|Any CPU
		{640FD0B6-BEBD-40C3-9F0F-595C58FB8FB5}.Release|Any CPU.Deploy.0 = Release|Any CPU
		{640FD0B6-BEBD-40C3-9F0F-595C58FB8FB5}.Release|ARM.ActiveCfg = Release|Any CPU
		{640FD0B6-BEBD-40C3-9F0F-595C58FB8FB5}.Release|ARM.Build.0 = Release|Any CPU
		{640FD0B6-BEBD-40C3-9F0F-595C58FB8FB5}.Release|ARM.Deploy.0 = Release|Any CPU
		{640FD0B6-BEBD-40C3-9F0F-595C58FB8FB5}.Release|ARM64.ActiveCfg = Release|Any CPU
		{640FD0B6-BEBD-40C3-9F0F-595C58FB8FB5}.Release|ARM64.Build.0 = Release|Any CPU
		{640FD0B6-BEBD-40C3-9F0F-595C58FB8FB5}.Release|ARM64.Deploy.0 = Release|Any CPU
		{640FD0B6-BEBD-40C3-9F0F-595C58FB8FB5}.Release|iPhone.ActiveCfg = Release|Any CPU
		{640FD0B6-BEBD-40C3-9F0F-595C58FB8FB5}.Release|iPhone.Build.0 = Release|Any CPU
		{640FD0B6-BEBD-40C3-9F0F-595C58FB8FB5}.Release|iPhone.Deploy.0 = Release|Any CPU
		{640FD0B6-BEBD-40C3-9F0F-595C58FB8FB5}.Release|iPhoneSimulator.ActiveCfg = Release|Any CPU
		{640FD0B6-BEBD-40C3-9F0F-595C58FB8FB5}.Release|iPhoneSimulator.Build.0 = Release|Any CPU
		{640FD0B6-BEBD-40C3-9F0F-595C58FB8FB5}.Release|iPhoneSimulator.Deploy.0 = Release|Any CPU
		{640FD0B6-BEBD-40C3-9F0F-595C58FB8FB5}.Release|x64.ActiveCfg = Release|Any CPU
		{640FD0B6-BEBD-40C3-9F0F-595C58FB8FB5}.Release|x64.Build.0 = Release|Any CPU
		{640FD0B6-BEBD-40C3-9F0F-595C58FB8FB5}.Release|x64.Deploy.0 = Release|Any CPU
		{640FD0B6-BEBD-40C3-9F0F-595C58FB8FB5}.Release|x86.ActiveCfg = Release|Any CPU
		{640FD0B6-BEBD-40C3-9F0F-595C58FB8FB5}.Release|x86.Build.0 = Release|Any CPU
		{640FD0B6-BEBD-40C3-9F0F-595C58FB8FB5}.Release|x86.Deploy.0 = Release|Any CPU
		{D6F5F6B4-D4E5-42C5-914D-A98EF1DE3DED}.Ad-Hoc|Any CPU.ActiveCfg = Release|iPhone
		{D6F5F6B4-D4E5-42C5-914D-A98EF1DE3DED}.Ad-Hoc|Any CPU.Build.0 = Release|iPhone
		{D6F5F6B4-D4E5-42C5-914D-A98EF1DE3DED}.Ad-Hoc|ARM.ActiveCfg = Release|iPhone
		{D6F5F6B4-D4E5-42C5-914D-A98EF1DE3DED}.Ad-Hoc|ARM.Build.0 = Release|iPhone
		{D6F5F6B4-D4E5-42C5-914D-A98EF1DE3DED}.Ad-Hoc|ARM64.ActiveCfg = Release|iPhone
		{D6F5F6B4-D4E5-42C5-914D-A98EF1DE3DED}.Ad-Hoc|ARM64.Build.0 = Release|iPhone
		{D6F5F6B4-D4E5-42C5-914D-A98EF1DE3DED}.Ad-Hoc|iPhone.ActiveCfg = Release|iPhone
		{D6F5F6B4-D4E5-42C5-914D-A98EF1DE3DED}.Ad-Hoc|iPhone.Build.0 = Release|iPhone
		{D6F5F6B4-D4E5-42C5-914D-A98EF1DE3DED}.Ad-Hoc|iPhoneSimulator.ActiveCfg = Release|iPhoneSimulator
		{D6F5F6B4-D4E5-42C5-914D-A98EF1DE3DED}.Ad-Hoc|iPhoneSimulator.Build.0 = Release|iPhoneSimulator
		{D6F5F6B4-D4E5-42C5-914D-A98EF1DE3DED}.Ad-Hoc|x64.ActiveCfg = Release|iPhone
		{D6F5F6B4-D4E5-42C5-914D-A98EF1DE3DED}.Ad-Hoc|x64.Build.0 = Release|iPhone
		{D6F5F6B4-D4E5-42C5-914D-A98EF1DE3DED}.Ad-Hoc|x86.ActiveCfg = Release|iPhone
		{D6F5F6B4-D4E5-42C5-914D-A98EF1DE3DED}.Ad-Hoc|x86.Build.0 = Release|iPhone
		{D6F5F6B4-D4E5-42C5-914D-A98EF1DE3DED}.AppStore|Any CPU.ActiveCfg = Release|iPhone
		{D6F5F6B4-D4E5-42C5-914D-A98EF1DE3DED}.AppStore|Any CPU.Build.0 = Release|iPhone
		{D6F5F6B4-D4E5-42C5-914D-A98EF1DE3DED}.AppStore|ARM.ActiveCfg = Release|iPhone
		{D6F5F6B4-D4E5-42C5-914D-A98EF1DE3DED}.AppStore|ARM.Build.0 = Release|iPhone
		{D6F5F6B4-D4E5-42C5-914D-A98EF1DE3DED}.AppStore|ARM64.ActiveCfg = Release|iPhone
		{D6F5F6B4-D4E5-42C5-914D-A98EF1DE3DED}.AppStore|ARM64.Build.0 = Release|iPhone
		{D6F5F6B4-D4E5-42C5-914D-A98EF1DE3DED}.AppStore|iPhone.ActiveCfg = Release|iPhone
		{D6F5F6B4-D4E5-42C5-914D-A98EF1DE3DED}.AppStore|iPhone.Build.0 = Release|iPhone
		{D6F5F6B4-D4E5-42C5-914D-A98EF1DE3DED}.AppStore|iPhoneSimulator.ActiveCfg = Release|iPhoneSimulator
		{D6F5F6B4-D4E5-42C5-914D-A98EF1DE3DED}.AppStore|iPhoneSimulator.Build.0 = Release|iPhoneSimulator
		{D6F5F6B4-D4E5-42C5-914D-A98EF1DE3DED}.AppStore|x64.ActiveCfg = Release|iPhone
		{D6F5F6B4-D4E5-42C5-914D-A98EF1DE3DED}.AppStore|x64.Build.0 = Release|iPhone
		{D6F5F6B4-D4E5-42C5-914D-A98EF1DE3DED}.AppStore|x86.ActiveCfg = Release|iPhone
		{D6F5F6B4-D4E5-42C5-914D-A98EF1DE3DED}.AppStore|x86.Build.0 = Release|iPhone
		{D6F5F6B4-D4E5-42C5-914D-A98EF1DE3DED}.Debug|Any CPU.ActiveCfg = Debug|iPhone
		{D6F5F6B4-D4E5-42C5-914D-A98EF1DE3DED}.Debug|Any CPU.Build.0 = Debug|iPhone
		{D6F5F6B4-D4E5-42C5-914D-A98EF1DE3DED}.Debug|ARM.ActiveCfg = Debug|iPhone
		{D6F5F6B4-D4E5-42C5-914D-A98EF1DE3DED}.Debug|ARM64.ActiveCfg = Debug|iPhone
		{D6F5F6B4-D4E5-42C5-914D-A98EF1DE3DED}.Debug|iPhone.ActiveCfg = Debug|iPhone
		{D6F5F6B4-D4E5-42C5-914D-A98EF1DE3DED}.Debug|iPhone.Build.0 = Debug|iPhone
		{D6F5F6B4-D4E5-42C5-914D-A98EF1DE3DED}.Debug|iPhone.Deploy.0 = Debug|iPhone
		{D6F5F6B4-D4E5-42C5-914D-A98EF1DE3DED}.Debug|iPhoneSimulator.ActiveCfg = Debug|iPhoneSimulator
		{D6F5F6B4-D4E5-42C5-914D-A98EF1DE3DED}.Debug|iPhoneSimulator.Build.0 = Debug|iPhoneSimulator
		{D6F5F6B4-D4E5-42C5-914D-A98EF1DE3DED}.Debug|x64.ActiveCfg = Debug|iPhone
		{D6F5F6B4-D4E5-42C5-914D-A98EF1DE3DED}.Debug|x86.ActiveCfg = Debug|iPhone
		{D6F5F6B4-D4E5-42C5-914D-A98EF1DE3DED}.Release|Any CPU.ActiveCfg = Release|iPhone
		{D6F5F6B4-D4E5-42C5-914D-A98EF1DE3DED}.Release|Any CPU.Build.0 = Release|iPhone
		{D6F5F6B4-D4E5-42C5-914D-A98EF1DE3DED}.Release|ARM.ActiveCfg = Release|iPhone
		{D6F5F6B4-D4E5-42C5-914D-A98EF1DE3DED}.Release|ARM64.ActiveCfg = Release|iPhone
		{D6F5F6B4-D4E5-42C5-914D-A98EF1DE3DED}.Release|iPhone.ActiveCfg = Release|iPhone
		{D6F5F6B4-D4E5-42C5-914D-A98EF1DE3DED}.Release|iPhone.Build.0 = Release|iPhone
		{D6F5F6B4-D4E5-42C5-914D-A98EF1DE3DED}.Release|iPhoneSimulator.ActiveCfg = Release|iPhoneSimulator
		{D6F5F6B4-D4E5-42C5-914D-A98EF1DE3DED}.Release|iPhoneSimulator.Build.0 = Release|iPhoneSimulator
		{D6F5F6B4-D4E5-42C5-914D-A98EF1DE3DED}.Release|x64.ActiveCfg = Release|iPhone
		{D6F5F6B4-D4E5-42C5-914D-A98EF1DE3DED}.Release|x86.ActiveCfg = Release|iPhone
		{3B4245F2-C20B-4DFB-87B5-1AEC123BE464}.Ad-Hoc|Any CPU.ActiveCfg = Debug|Any CPU
		{3B4245F2-C20B-4DFB-87B5-1AEC123BE464}.Ad-Hoc|Any CPU.Build.0 = Debug|Any CPU
		{3B4245F2-C20B-4DFB-87B5-1AEC123BE464}.Ad-Hoc|ARM.ActiveCfg = Debug|Any CPU
		{3B4245F2-C20B-4DFB-87B5-1AEC123BE464}.Ad-Hoc|ARM.Build.0 = Debug|Any CPU
		{3B4245F2-C20B-4DFB-87B5-1AEC123BE464}.Ad-Hoc|ARM64.ActiveCfg = Debug|Any CPU
		{3B4245F2-C20B-4DFB-87B5-1AEC123BE464}.Ad-Hoc|ARM64.Build.0 = Debug|Any CPU
		{3B4245F2-C20B-4DFB-87B5-1AEC123BE464}.Ad-Hoc|iPhone.ActiveCfg = Debug|Any CPU
		{3B4245F2-C20B-4DFB-87B5-1AEC123BE464}.Ad-Hoc|iPhone.Build.0 = Debug|Any CPU
		{3B4245F2-C20B-4DFB-87B5-1AEC123BE464}.Ad-Hoc|iPhoneSimulator.ActiveCfg = Debug|Any CPU
		{3B4245F2-C20B-4DFB-87B5-1AEC123BE464}.Ad-Hoc|iPhoneSimulator.Build.0 = Debug|Any CPU
		{3B4245F2-C20B-4DFB-87B5-1AEC123BE464}.Ad-Hoc|x64.ActiveCfg = Debug|Any CPU
		{3B4245F2-C20B-4DFB-87B5-1AEC123BE464}.Ad-Hoc|x64.Build.0 = Debug|Any CPU
		{3B4245F2-C20B-4DFB-87B5-1AEC123BE464}.Ad-Hoc|x86.ActiveCfg = Debug|Any CPU
		{3B4245F2-C20B-4DFB-87B5-1AEC123BE464}.Ad-Hoc|x86.Build.0 = Debug|Any CPU
		{3B4245F2-C20B-4DFB-87B5-1AEC123BE464}.AppStore|Any CPU.ActiveCfg = Debug|Any CPU
		{3B4245F2-C20B-4DFB-87B5-1AEC123BE464}.AppStore|Any CPU.Build.0 = Debug|Any CPU
		{3B4245F2-C20B-4DFB-87B5-1AEC123BE464}.AppStore|ARM.ActiveCfg = Debug|Any CPU
		{3B4245F2-C20B-4DFB-87B5-1AEC123BE464}.AppStore|ARM.Build.0 = Debug|Any CPU
		{3B4245F2-C20B-4DFB-87B5-1AEC123BE464}.AppStore|ARM64.ActiveCfg = Debug|Any CPU
		{3B4245F2-C20B-4DFB-87B5-1AEC123BE464}.AppStore|ARM64.Build.0 = Debug|Any CPU
		{3B4245F2-C20B-4DFB-87B5-1AEC123BE464}.AppStore|iPhone.ActiveCfg = Debug|Any CPU
		{3B4245F2-C20B-4DFB-87B5-1AEC123BE464}.AppStore|iPhone.Build.0 = Debug|Any CPU
		{3B4245F2-C20B-4DFB-87B5-1AEC123BE464}.AppStore|iPhoneSimulator.ActiveCfg = Debug|Any CPU
		{3B4245F2-C20B-4DFB-87B5-1AEC123BE464}.AppStore|iPhoneSimulator.Build.0 = Debug|Any CPU
		{3B4245F2-C20B-4DFB-87B5-1AEC123BE464}.AppStore|x64.ActiveCfg = Debug|Any CPU
		{3B4245F2-C20B-4DFB-87B5-1AEC123BE464}.AppStore|x64.Build.0 = Debug|Any CPU
		{3B4245F2-C20B-4DFB-87B5-1AEC123BE464}.AppStore|x86.ActiveCfg = Debug|Any CPU
		{3B4245F2-C20B-4DFB-87B5-1AEC123BE464}.AppStore|x86.Build.0 = Debug|Any CPU
		{3B4245F2-C20B-4DFB-87B5-1AEC123BE464}.Debug|Any CPU.ActiveCfg = Debug|Any CPU
		{3B4245F2-C20B-4DFB-87B5-1AEC123BE464}.Debug|Any CPU.Build.0 = Debug|Any CPU
		{3B4245F2-C20B-4DFB-87B5-1AEC123BE464}.Debug|ARM.ActiveCfg = Debug|Any CPU
		{3B4245F2-C20B-4DFB-87B5-1AEC123BE464}.Debug|ARM.Build.0 = Debug|Any CPU
		{3B4245F2-C20B-4DFB-87B5-1AEC123BE464}.Debug|ARM64.ActiveCfg = Debug|Any CPU
		{3B4245F2-C20B-4DFB-87B5-1AEC123BE464}.Debug|ARM64.Build.0 = Debug|Any CPU
		{3B4245F2-C20B-4DFB-87B5-1AEC123BE464}.Debug|iPhone.ActiveCfg = Debug|Any CPU
		{3B4245F2-C20B-4DFB-87B5-1AEC123BE464}.Debug|iPhone.Build.0 = Debug|Any CPU
		{3B4245F2-C20B-4DFB-87B5-1AEC123BE464}.Debug|iPhoneSimulator.ActiveCfg = Debug|Any CPU
		{3B4245F2-C20B-4DFB-87B5-1AEC123BE464}.Debug|iPhoneSimulator.Build.0 = Debug|Any CPU
		{3B4245F2-C20B-4DFB-87B5-1AEC123BE464}.Debug|x64.ActiveCfg = Debug|Any CPU
		{3B4245F2-C20B-4DFB-87B5-1AEC123BE464}.Debug|x64.Build.0 = Debug|Any CPU
		{3B4245F2-C20B-4DFB-87B5-1AEC123BE464}.Debug|x86.ActiveCfg = Debug|Any CPU
		{3B4245F2-C20B-4DFB-87B5-1AEC123BE464}.Debug|x86.Build.0 = Debug|Any CPU
		{3B4245F2-C20B-4DFB-87B5-1AEC123BE464}.Release|Any CPU.ActiveCfg = Release|Any CPU
		{3B4245F2-C20B-4DFB-87B5-1AEC123BE464}.Release|Any CPU.Build.0 = Release|Any CPU
		{3B4245F2-C20B-4DFB-87B5-1AEC123BE464}.Release|ARM.ActiveCfg = Release|Any CPU
		{3B4245F2-C20B-4DFB-87B5-1AEC123BE464}.Release|ARM.Build.0 = Release|Any CPU
		{3B4245F2-C20B-4DFB-87B5-1AEC123BE464}.Release|ARM64.ActiveCfg = Release|Any CPU
		{3B4245F2-C20B-4DFB-87B5-1AEC123BE464}.Release|ARM64.Build.0 = Release|Any CPU
		{3B4245F2-C20B-4DFB-87B5-1AEC123BE464}.Release|iPhone.ActiveCfg = Release|Any CPU
		{3B4245F2-C20B-4DFB-87B5-1AEC123BE464}.Release|iPhone.Build.0 = Release|Any CPU
		{3B4245F2-C20B-4DFB-87B5-1AEC123BE464}.Release|iPhoneSimulator.ActiveCfg = Release|Any CPU
		{3B4245F2-C20B-4DFB-87B5-1AEC123BE464}.Release|iPhoneSimulator.Build.0 = Release|Any CPU
		{3B4245F2-C20B-4DFB-87B5-1AEC123BE464}.Release|x64.ActiveCfg = Release|Any CPU
		{3B4245F2-C20B-4DFB-87B5-1AEC123BE464}.Release|x64.Build.0 = Release|Any CPU
		{3B4245F2-C20B-4DFB-87B5-1AEC123BE464}.Release|x86.ActiveCfg = Release|Any CPU
		{3B4245F2-C20B-4DFB-87B5-1AEC123BE464}.Release|x86.Build.0 = Release|Any CPU
		{5E663D5A-4D87-4889-8F66-6C157D04699D}.Ad-Hoc|Any CPU.ActiveCfg = Release|Any CPU
		{5E663D5A-4D87-4889-8F66-6C157D04699D}.Ad-Hoc|Any CPU.Build.0 = Release|Any CPU
		{5E663D5A-4D87-4889-8F66-6C157D04699D}.Ad-Hoc|Any CPU.Deploy.0 = Release|Any CPU
		{5E663D5A-4D87-4889-8F66-6C157D04699D}.Ad-Hoc|ARM.ActiveCfg = Release|Any CPU
		{5E663D5A-4D87-4889-8F66-6C157D04699D}.Ad-Hoc|ARM.Build.0 = Release|Any CPU
		{5E663D5A-4D87-4889-8F66-6C157D04699D}.Ad-Hoc|ARM.Deploy.0 = Release|Any CPU
		{5E663D5A-4D87-4889-8F66-6C157D04699D}.Ad-Hoc|ARM64.ActiveCfg = Release|Any CPU
		{5E663D5A-4D87-4889-8F66-6C157D04699D}.Ad-Hoc|ARM64.Build.0 = Release|Any CPU
		{5E663D5A-4D87-4889-8F66-6C157D04699D}.Ad-Hoc|ARM64.Deploy.0 = Release|Any CPU
		{5E663D5A-4D87-4889-8F66-6C157D04699D}.Ad-Hoc|iPhone.ActiveCfg = Release|Any CPU
		{5E663D5A-4D87-4889-8F66-6C157D04699D}.Ad-Hoc|iPhone.Build.0 = Release|Any CPU
		{5E663D5A-4D87-4889-8F66-6C157D04699D}.Ad-Hoc|iPhone.Deploy.0 = Release|Any CPU
		{5E663D5A-4D87-4889-8F66-6C157D04699D}.Ad-Hoc|iPhoneSimulator.ActiveCfg = Release|Any CPU
		{5E663D5A-4D87-4889-8F66-6C157D04699D}.Ad-Hoc|iPhoneSimulator.Build.0 = Release|Any CPU
		{5E663D5A-4D87-4889-8F66-6C157D04699D}.Ad-Hoc|iPhoneSimulator.Deploy.0 = Release|Any CPU
		{5E663D5A-4D87-4889-8F66-6C157D04699D}.Ad-Hoc|x64.ActiveCfg = Release|Any CPU
		{5E663D5A-4D87-4889-8F66-6C157D04699D}.Ad-Hoc|x64.Build.0 = Release|Any CPU
		{5E663D5A-4D87-4889-8F66-6C157D04699D}.Ad-Hoc|x64.Deploy.0 = Release|Any CPU
		{5E663D5A-4D87-4889-8F66-6C157D04699D}.Ad-Hoc|x86.ActiveCfg = Release|Any CPU
		{5E663D5A-4D87-4889-8F66-6C157D04699D}.Ad-Hoc|x86.Build.0 = Release|Any CPU
		{5E663D5A-4D87-4889-8F66-6C157D04699D}.Ad-Hoc|x86.Deploy.0 = Release|Any CPU
		{5E663D5A-4D87-4889-8F66-6C157D04699D}.AppStore|Any CPU.ActiveCfg = Release|Any CPU
		{5E663D5A-4D87-4889-8F66-6C157D04699D}.AppStore|Any CPU.Build.0 = Release|Any CPU
		{5E663D5A-4D87-4889-8F66-6C157D04699D}.AppStore|Any CPU.Deploy.0 = Release|Any CPU
		{5E663D5A-4D87-4889-8F66-6C157D04699D}.AppStore|ARM.ActiveCfg = Release|Any CPU
		{5E663D5A-4D87-4889-8F66-6C157D04699D}.AppStore|ARM.Build.0 = Release|Any CPU
		{5E663D5A-4D87-4889-8F66-6C157D04699D}.AppStore|ARM.Deploy.0 = Release|Any CPU
		{5E663D5A-4D87-4889-8F66-6C157D04699D}.AppStore|ARM64.ActiveCfg = Release|Any CPU
		{5E663D5A-4D87-4889-8F66-6C157D04699D}.AppStore|ARM64.Build.0 = Release|Any CPU
		{5E663D5A-4D87-4889-8F66-6C157D04699D}.AppStore|ARM64.Deploy.0 = Release|Any CPU
		{5E663D5A-4D87-4889-8F66-6C157D04699D}.AppStore|iPhone.ActiveCfg = Release|Any CPU
		{5E663D5A-4D87-4889-8F66-6C157D04699D}.AppStore|iPhone.Build.0 = Release|Any CPU
		{5E663D5A-4D87-4889-8F66-6C157D04699D}.AppStore|iPhone.Deploy.0 = Release|Any CPU
		{5E663D5A-4D87-4889-8F66-6C157D04699D}.AppStore|iPhoneSimulator.ActiveCfg = Release|Any CPU
		{5E663D5A-4D87-4889-8F66-6C157D04699D}.AppStore|iPhoneSimulator.Build.0 = Release|Any CPU
		{5E663D5A-4D87-4889-8F66-6C157D04699D}.AppStore|iPhoneSimulator.Deploy.0 = Release|Any CPU
		{5E663D5A-4D87-4889-8F66-6C157D04699D}.AppStore|x64.ActiveCfg = Release|Any CPU
		{5E663D5A-4D87-4889-8F66-6C157D04699D}.AppStore|x64.Build.0 = Release|Any CPU
		{5E663D5A-4D87-4889-8F66-6C157D04699D}.AppStore|x64.Deploy.0 = Release|Any CPU
		{5E663D5A-4D87-4889-8F66-6C157D04699D}.AppStore|x86.ActiveCfg = Release|Any CPU
		{5E663D5A-4D87-4889-8F66-6C157D04699D}.AppStore|x86.Build.0 = Release|Any CPU
		{5E663D5A-4D87-4889-8F66-6C157D04699D}.AppStore|x86.Deploy.0 = Release|Any CPU
		{5E663D5A-4D87-4889-8F66-6C157D04699D}.Debug|Any CPU.ActiveCfg = Debug|Any CPU
		{5E663D5A-4D87-4889-8F66-6C157D04699D}.Debug|Any CPU.Build.0 = Debug|Any CPU
		{5E663D5A-4D87-4889-8F66-6C157D04699D}.Debug|Any CPU.Deploy.0 = Debug|Any CPU
		{5E663D5A-4D87-4889-8F66-6C157D04699D}.Debug|ARM.ActiveCfg = Debug|Any CPU
		{5E663D5A-4D87-4889-8F66-6C157D04699D}.Debug|ARM.Build.0 = Debug|Any CPU
		{5E663D5A-4D87-4889-8F66-6C157D04699D}.Debug|ARM.Deploy.0 = Debug|Any CPU
		{5E663D5A-4D87-4889-8F66-6C157D04699D}.Debug|ARM64.ActiveCfg = Debug|Any CPU
		{5E663D5A-4D87-4889-8F66-6C157D04699D}.Debug|ARM64.Build.0 = Debug|Any CPU
		{5E663D5A-4D87-4889-8F66-6C157D04699D}.Debug|ARM64.Deploy.0 = Debug|Any CPU
		{5E663D5A-4D87-4889-8F66-6C157D04699D}.Debug|iPhone.ActiveCfg = Debug|Any CPU
		{5E663D5A-4D87-4889-8F66-6C157D04699D}.Debug|iPhone.Build.0 = Debug|Any CPU
		{5E663D5A-4D87-4889-8F66-6C157D04699D}.Debug|iPhone.Deploy.0 = Debug|Any CPU
		{5E663D5A-4D87-4889-8F66-6C157D04699D}.Debug|iPhoneSimulator.ActiveCfg = Debug|Any CPU
		{5E663D5A-4D87-4889-8F66-6C157D04699D}.Debug|iPhoneSimulator.Build.0 = Debug|Any CPU
		{5E663D5A-4D87-4889-8F66-6C157D04699D}.Debug|iPhoneSimulator.Deploy.0 = Debug|Any CPU
		{5E663D5A-4D87-4889-8F66-6C157D04699D}.Debug|x64.ActiveCfg = Debug|Any CPU
		{5E663D5A-4D87-4889-8F66-6C157D04699D}.Debug|x64.Build.0 = Debug|Any CPU
		{5E663D5A-4D87-4889-8F66-6C157D04699D}.Debug|x64.Deploy.0 = Debug|Any CPU
		{5E663D5A-4D87-4889-8F66-6C157D04699D}.Debug|x86.ActiveCfg = Debug|Any CPU
		{5E663D5A-4D87-4889-8F66-6C157D04699D}.Debug|x86.Build.0 = Debug|Any CPU
		{5E663D5A-4D87-4889-8F66-6C157D04699D}.Debug|x86.Deploy.0 = Debug|Any CPU
		{5E663D5A-4D87-4889-8F66-6C157D04699D}.Release|Any CPU.ActiveCfg = Release|Any CPU
		{5E663D5A-4D87-4889-8F66-6C157D04699D}.Release|Any CPU.Build.0 = Release|Any CPU
		{5E663D5A-4D87-4889-8F66-6C157D04699D}.Release|Any CPU.Deploy.0 = Release|Any CPU
		{5E663D5A-4D87-4889-8F66-6C157D04699D}.Release|ARM.ActiveCfg = Release|Any CPU
		{5E663D5A-4D87-4889-8F66-6C157D04699D}.Release|ARM.Build.0 = Release|Any CPU
		{5E663D5A-4D87-4889-8F66-6C157D04699D}.Release|ARM.Deploy.0 = Release|Any CPU
		{5E663D5A-4D87-4889-8F66-6C157D04699D}.Release|ARM64.ActiveCfg = Release|Any CPU
		{5E663D5A-4D87-4889-8F66-6C157D04699D}.Release|ARM64.Build.0 = Release|Any CPU
		{5E663D5A-4D87-4889-8F66-6C157D04699D}.Release|ARM64.Deploy.0 = Release|Any CPU
		{5E663D5A-4D87-4889-8F66-6C157D04699D}.Release|iPhone.ActiveCfg = Release|Any CPU
		{5E663D5A-4D87-4889-8F66-6C157D04699D}.Release|iPhone.Build.0 = Release|Any CPU
		{5E663D5A-4D87-4889-8F66-6C157D04699D}.Release|iPhone.Deploy.0 = Release|Any CPU
		{5E663D5A-4D87-4889-8F66-6C157D04699D}.Release|iPhoneSimulator.ActiveCfg = Release|Any CPU
		{5E663D5A-4D87-4889-8F66-6C157D04699D}.Release|iPhoneSimulator.Build.0 = Release|Any CPU
		{5E663D5A-4D87-4889-8F66-6C157D04699D}.Release|iPhoneSimulator.Deploy.0 = Release|Any CPU
		{5E663D5A-4D87-4889-8F66-6C157D04699D}.Release|x64.ActiveCfg = Release|Any CPU
		{5E663D5A-4D87-4889-8F66-6C157D04699D}.Release|x64.Build.0 = Release|Any CPU
		{5E663D5A-4D87-4889-8F66-6C157D04699D}.Release|x64.Deploy.0 = Release|Any CPU
		{5E663D5A-4D87-4889-8F66-6C157D04699D}.Release|x86.ActiveCfg = Release|Any CPU
		{5E663D5A-4D87-4889-8F66-6C157D04699D}.Release|x86.Build.0 = Release|Any CPU
		{5E663D5A-4D87-4889-8F66-6C157D04699D}.Release|x86.Deploy.0 = Release|Any CPU
		{BF4A2EF1-CC0A-404B-9673-B31B9C185857}.Ad-Hoc|Any CPU.ActiveCfg = Ad-Hoc|iPhone
		{BF4A2EF1-CC0A-404B-9673-B31B9C185857}.Ad-Hoc|ARM.ActiveCfg = Ad-Hoc|iPhone
		{BF4A2EF1-CC0A-404B-9673-B31B9C185857}.Ad-Hoc|ARM64.ActiveCfg = Ad-Hoc|iPhone
		{BF4A2EF1-CC0A-404B-9673-B31B9C185857}.Ad-Hoc|iPhone.ActiveCfg = Ad-Hoc|iPhone
		{BF4A2EF1-CC0A-404B-9673-B31B9C185857}.Ad-Hoc|iPhone.Build.0 = Ad-Hoc|iPhone
		{BF4A2EF1-CC0A-404B-9673-B31B9C185857}.Ad-Hoc|iPhoneSimulator.ActiveCfg = Ad-Hoc|iPhoneSimulator
		{BF4A2EF1-CC0A-404B-9673-B31B9C185857}.Ad-Hoc|iPhoneSimulator.Build.0 = Ad-Hoc|iPhoneSimulator
		{BF4A2EF1-CC0A-404B-9673-B31B9C185857}.Ad-Hoc|x64.ActiveCfg = Ad-Hoc|iPhone
		{BF4A2EF1-CC0A-404B-9673-B31B9C185857}.Ad-Hoc|x86.ActiveCfg = Ad-Hoc|iPhone
		{BF4A2EF1-CC0A-404B-9673-B31B9C185857}.AppStore|Any CPU.ActiveCfg = AppStore|iPhone
		{BF4A2EF1-CC0A-404B-9673-B31B9C185857}.AppStore|ARM.ActiveCfg = AppStore|iPhone
		{BF4A2EF1-CC0A-404B-9673-B31B9C185857}.AppStore|ARM64.ActiveCfg = AppStore|iPhone
		{BF4A2EF1-CC0A-404B-9673-B31B9C185857}.AppStore|iPhone.ActiveCfg = AppStore|iPhone
		{BF4A2EF1-CC0A-404B-9673-B31B9C185857}.AppStore|iPhone.Build.0 = AppStore|iPhone
		{BF4A2EF1-CC0A-404B-9673-B31B9C185857}.AppStore|iPhoneSimulator.ActiveCfg = AppStore|iPhoneSimulator
		{BF4A2EF1-CC0A-404B-9673-B31B9C185857}.AppStore|iPhoneSimulator.Build.0 = AppStore|iPhoneSimulator
		{BF4A2EF1-CC0A-404B-9673-B31B9C185857}.AppStore|x64.ActiveCfg = AppStore|iPhone
		{BF4A2EF1-CC0A-404B-9673-B31B9C185857}.AppStore|x86.ActiveCfg = AppStore|iPhone
		{BF4A2EF1-CC0A-404B-9673-B31B9C185857}.Debug|Any CPU.ActiveCfg = Debug|iPhone
		{BF4A2EF1-CC0A-404B-9673-B31B9C185857}.Debug|Any CPU.Build.0 = Debug|iPhone
		{BF4A2EF1-CC0A-404B-9673-B31B9C185857}.Debug|ARM.ActiveCfg = Debug|iPhone
		{BF4A2EF1-CC0A-404B-9673-B31B9C185857}.Debug|ARM64.ActiveCfg = Debug|iPhone
		{BF4A2EF1-CC0A-404B-9673-B31B9C185857}.Debug|iPhone.ActiveCfg = Debug|iPhone
		{BF4A2EF1-CC0A-404B-9673-B31B9C185857}.Debug|iPhone.Build.0 = Debug|iPhone
		{BF4A2EF1-CC0A-404B-9673-B31B9C185857}.Debug|iPhone.Deploy.0 = Debug|iPhone
		{BF4A2EF1-CC0A-404B-9673-B31B9C185857}.Debug|iPhoneSimulator.ActiveCfg = Debug|iPhoneSimulator
		{BF4A2EF1-CC0A-404B-9673-B31B9C185857}.Debug|iPhoneSimulator.Build.0 = Debug|iPhoneSimulator
		{BF4A2EF1-CC0A-404B-9673-B31B9C185857}.Debug|x64.ActiveCfg = Debug|iPhone
		{BF4A2EF1-CC0A-404B-9673-B31B9C185857}.Debug|x86.ActiveCfg = Debug|iPhone
		{BF4A2EF1-CC0A-404B-9673-B31B9C185857}.Release|Any CPU.ActiveCfg = Release|iPhone
		{BF4A2EF1-CC0A-404B-9673-B31B9C185857}.Release|Any CPU.Build.0 = Release|iPhone
		{BF4A2EF1-CC0A-404B-9673-B31B9C185857}.Release|ARM.ActiveCfg = Release|iPhone
		{BF4A2EF1-CC0A-404B-9673-B31B9C185857}.Release|ARM64.ActiveCfg = Release|iPhone
		{BF4A2EF1-CC0A-404B-9673-B31B9C185857}.Release|iPhone.ActiveCfg = Release|iPhone
		{BF4A2EF1-CC0A-404B-9673-B31B9C185857}.Release|iPhone.Build.0 = Release|iPhone
		{BF4A2EF1-CC0A-404B-9673-B31B9C185857}.Release|iPhoneSimulator.ActiveCfg = Release|iPhoneSimulator
		{BF4A2EF1-CC0A-404B-9673-B31B9C185857}.Release|iPhoneSimulator.Build.0 = Release|iPhoneSimulator
		{BF4A2EF1-CC0A-404B-9673-B31B9C185857}.Release|x64.ActiveCfg = Release|iPhone
		{BF4A2EF1-CC0A-404B-9673-B31B9C185857}.Release|x86.ActiveCfg = Release|iPhone
	EndGlobalSection
	GlobalSection(SolutionProperties) = preSolution
		HideSolutionNode = FALSE
	EndGlobalSection
	GlobalSection(NestedProjects) = preSolution
		{640FD0B6-BEBD-40C3-9F0F-595C58FB8FB5} = {AA898A69-174B-4D0B-A2B9-FDBF38467A6C}
		{D6F5F6B4-D4E5-42C5-914D-A98EF1DE3DED} = {AA898A69-174B-4D0B-A2B9-FDBF38467A6C}
		{AA898A69-174B-4D0B-A2B9-FDBF38467A6C} = {EEAE294A-107A-4370-9D57-B00EC6878DBE}
		{04DDCF1F-ED0F-4C44-A5B1-86EF578D3B67} = {EEAE294A-107A-4370-9D57-B00EC6878DBE}
		{3B4245F2-C20B-4DFB-87B5-1AEC123BE464} = {04DDCF1F-ED0F-4C44-A5B1-86EF578D3B67}
		{5E663D5A-4D87-4889-8F66-6C157D04699D} = {04DDCF1F-ED0F-4C44-A5B1-86EF578D3B67}
		{BF4A2EF1-CC0A-404B-9673-B31B9C185857} = {04DDCF1F-ED0F-4C44-A5B1-86EF578D3B67}
		{2E0D0F5F-0515-465B-8161-59EF1E020B48} = {EEAE294A-107A-4370-9D57-B00EC6878DBE}
	EndGlobalSection
	GlobalSection(ExtensibilityGlobals) = postSolution
		SolutionGuid = {B673DD51-D636-4596-B24B-EBD054E190C0}
	EndGlobalSection
EndGlobal
