
Microsoft Visual Studio Solution File, Format Version 12.00
# Visual Studio Version 17
VisualStudioVersion = 17.3.32714.290
MinimumVisualStudioVersion = 10.0.40219.1
Project("{9A19103F-16F7-4668-BE54-9A1E7A4F7556}") = "Esri.ArcGISRuntime.ARToolkit", "ARToolkit\Esri.ArcGISRuntime.ARToolkit.csproj", "{168467DC-6D2D-477A-9AC2-F1486FA67E0A}"
EndProject
Project("{2150E333-8FDC-42A3-9474-1A3956D46DE8}") = "Samples", "Samples", "{EEAE294A-107A-4370-9D57-B00EC6878DBE}"
EndProject
Project("{9A19103F-16F7-4668-BE54-9A1E7A4F7556}") = "ARToolkit.SampleApp.Android", "ARSamples\ARToolkit.SampleApp.Android\ARToolkit.SampleApp.Android.csproj", "{640FD0B6-BEBD-40C3-9F0F-595C58FB8FB5}"
EndProject
Project("{9A19103F-16F7-4668-BE54-9A1E7A4F7556}") = "ARToolkit.SampleApp.iOS", "ARSamples\ARToolkit.SampleApp.iOS\ARToolkit.SampleApp.iOS.csproj", "{D6F5F6B4-D4E5-42C5-914D-A98EF1DE3DED}"
EndProject
Project("{2150E333-8FDC-42A3-9474-1A3956D46DE8}") = "Native", "Native", "{AA898A69-174B-4D0B-A2B9-FDBF38467A6C}"
EndProject
Project("{D954291E-2A0B-460D-934E-DC6B0785DB48}") = "SampleHelpers", "ARSamples\SampleHelpers\SampleHelpers.shproj", "{2E0D0F5F-0515-465B-8161-59EF1E020B48}"
EndProject
Project("{9A19103F-16F7-4668-BE54-9A1E7A4F7556}") = "Esri.ArcGISRuntime.ARToolkit.Maui", "ARToolkit.Maui\Esri.ArcGISRuntime.ARToolkit.Maui.csproj", "{64A187AA-5803-41D6-8421-508DAEAB1D14}"
EndProject
Project("{9A19103F-16F7-4668-BE54-9A1E7A4F7556}") = "ARToolkit.Samples.Maui", "ARSamples\ARToolkit.Samples.Maui\ARToolkit.Samples.Maui.csproj", "{1281ADD7-7E51-4BEE-9982-072560B8F7B3}"
EndProject
Global
	GlobalSection(SolutionConfigurationPlatforms) = preSolution
		Debug|Any CPU = Debug|Any CPU
		Debug|ARM = Debug|ARM
		Debug|ARM64 = Debug|ARM64
		Debug|x64 = Debug|x64
		Debug|x86 = Debug|x86
		Release|Any CPU = Release|Any CPU
		Release|ARM = Release|ARM
		Release|ARM64 = Release|ARM64
		Release|x64 = Release|x64
		Release|x86 = Release|x86
	EndGlobalSection
	GlobalSection(ProjectConfigurationPlatforms) = postSolution
		{168467DC-6D2D-477A-9AC2-F1486FA67E0A}.Debug|Any CPU.ActiveCfg = Debug|Any CPU
		{168467DC-6D2D-477A-9AC2-F1486FA67E0A}.Debug|Any CPU.Build.0 = Debug|Any CPU
		{168467DC-6D2D-477A-9AC2-F1486FA67E0A}.Debug|ARM.ActiveCfg = Debug|Any CPU
		{168467DC-6D2D-477A-9AC2-F1486FA67E0A}.Debug|ARM.Build.0 = Debug|Any CPU
		{168467DC-6D2D-477A-9AC2-F1486FA67E0A}.Debug|ARM64.ActiveCfg = Debug|Any CPU
		{168467DC-6D2D-477A-9AC2-F1486FA67E0A}.Debug|ARM64.Build.0 = Debug|Any CPU
		{168467DC-6D2D-477A-9AC2-F1486FA67E0A}.Debug|x64.ActiveCfg = Debug|Any CPU
		{168467DC-6D2D-477A-9AC2-F1486FA67E0A}.Debug|x64.Build.0 = Debug|Any CPU
		{168467DC-6D2D-477A-9AC2-F1486FA67E0A}.Debug|x86.ActiveCfg = Debug|Any CPU
		{168467DC-6D2D-477A-9AC2-F1486FA67E0A}.Debug|x86.Build.0 = Debug|Any CPU
		{168467DC-6D2D-477A-9AC2-F1486FA67E0A}.Release|Any CPU.ActiveCfg = Release|Any CPU
		{168467DC-6D2D-477A-9AC2-F1486FA67E0A}.Release|Any CPU.Build.0 = Release|Any CPU
		{168467DC-6D2D-477A-9AC2-F1486FA67E0A}.Release|ARM.ActiveCfg = Release|Any CPU
		{168467DC-6D2D-477A-9AC2-F1486FA67E0A}.Release|ARM.Build.0 = Release|Any CPU
		{168467DC-6D2D-477A-9AC2-F1486FA67E0A}.Release|ARM64.ActiveCfg = Release|Any CPU
		{168467DC-6D2D-477A-9AC2-F1486FA67E0A}.Release|ARM64.Build.0 = Release|Any CPU
		{168467DC-6D2D-477A-9AC2-F1486FA67E0A}.Release|x64.ActiveCfg = Release|Any CPU
		{168467DC-6D2D-477A-9AC2-F1486FA67E0A}.Release|x64.Build.0 = Release|Any CPU
		{168467DC-6D2D-477A-9AC2-F1486FA67E0A}.Release|x86.ActiveCfg = Release|Any CPU
		{168467DC-6D2D-477A-9AC2-F1486FA67E0A}.Release|x86.Build.0 = Release|Any CPU
		{640FD0B6-BEBD-40C3-9F0F-595C58FB8FB5}.Debug|Any CPU.ActiveCfg = Debug|Any CPU
		{640FD0B6-BEBD-40C3-9F0F-595C58FB8FB5}.Debug|Any CPU.Build.0 = Debug|Any CPU
		{640FD0B6-BEBD-40C3-9F0F-595C58FB8FB5}.Debug|Any CPU.Deploy.0 = Debug|Any CPU
		{640FD0B6-BEBD-40C3-9F0F-595C58FB8FB5}.Debug|ARM.ActiveCfg = Debug|Any CPU
		{640FD0B6-BEBD-40C3-9F0F-595C58FB8FB5}.Debug|ARM.Build.0 = Debug|Any CPU
		{640FD0B6-BEBD-40C3-9F0F-595C58FB8FB5}.Debug|ARM.Deploy.0 = Debug|Any CPU
		{640FD0B6-BEBD-40C3-9F0F-595C58FB8FB5}.Debug|ARM64.ActiveCfg = Debug|Any CPU
		{640FD0B6-BEBD-40C3-9F0F-595C58FB8FB5}.Debug|ARM64.Build.0 = Debug|Any CPU
		{640FD0B6-BEBD-40C3-9F0F-595C58FB8FB5}.Debug|ARM64.Deploy.0 = Debug|Any CPU
		{640FD0B6-BEBD-40C3-9F0F-595C58FB8FB5}.Debug|x64.ActiveCfg = Debug|Any CPU
		{640FD0B6-BEBD-40C3-9F0F-595C58FB8FB5}.Debug|x64.Build.0 = Debug|Any CPU
		{640FD0B6-BEBD-40C3-9F0F-595C58FB8FB5}.Debug|x64.Deploy.0 = Debug|Any CPU
		{640FD0B6-BEBD-40C3-9F0F-595C58FB8FB5}.Debug|x86.ActiveCfg = Debug|Any CPU
		{640FD0B6-BEBD-40C3-9F0F-595C58FB8FB5}.Debug|x86.Build.0 = Debug|Any CPU
		{640FD0B6-BEBD-40C3-9F0F-595C58FB8FB5}.Debug|x86.Deploy.0 = Debug|Any CPU
		{640FD0B6-BEBD-40C3-9F0F-595C58FB8FB5}.Release|Any CPU.ActiveCfg = Release|Any CPU
		{640FD0B6-BEBD-40C3-9F0F-595C58FB8FB5}.Release|Any CPU.Build.0 = Release|Any CPU
		{640FD0B6-BEBD-40C3-9F0F-595C58FB8FB5}.Release|Any CPU.Deploy.0 = Release|Any CPU
		{640FD0B6-BEBD-40C3-9F0F-595C58FB8FB5}.Release|ARM.ActiveCfg = Release|Any CPU
		{640FD0B6-BEBD-40C3-9F0F-595C58FB8FB5}.Release|ARM.Build.0 = Release|Any CPU
		{640FD0B6-BEBD-40C3-9F0F-595C58FB8FB5}.Release|ARM.Deploy.0 = Release|Any CPU
		{640FD0B6-BEBD-40C3-9F0F-595C58FB8FB5}.Release|ARM64.ActiveCfg = Release|Any CPU
		{640FD0B6-BEBD-40C3-9F0F-595C58FB8FB5}.Release|ARM64.Build.0 = Release|Any CPU
		{640FD0B6-BEBD-40C3-9F0F-595C58FB8FB5}.Release|ARM64.Deploy.0 = Release|Any CPU
		{640FD0B6-BEBD-40C3-9F0F-595C58FB8FB5}.Release|x64.ActiveCfg = Release|Any CPU
		{640FD0B6-BEBD-40C3-9F0F-595C58FB8FB5}.Release|x64.Build.0 = Release|Any CPU
		{640FD0B6-BEBD-40C3-9F0F-595C58FB8FB5}.Release|x64.Deploy.0 = Release|Any CPU
		{640FD0B6-BEBD-40C3-9F0F-595C58FB8FB5}.Release|x86.ActiveCfg = Release|Any CPU
		{640FD0B6-BEBD-40C3-9F0F-595C58FB8FB5}.Release|x86.Build.0 = Release|Any CPU
		{640FD0B6-BEBD-40C3-9F0F-595C58FB8FB5}.Release|x86.Deploy.0 = Release|Any CPU
		{D6F5F6B4-D4E5-42C5-914D-A98EF1DE3DED}.Debug|Any CPU.ActiveCfg = Debug|Any CPU
		{D6F5F6B4-D4E5-42C5-914D-A98EF1DE3DED}.Debug|Any CPU.Build.0 = Debug|Any CPU
		{D6F5F6B4-D4E5-42C5-914D-A98EF1DE3DED}.Debug|Any CPU.Deploy.0 = Debug|Any CPU
		{D6F5F6B4-D4E5-42C5-914D-A98EF1DE3DED}.Debug|ARM.ActiveCfg = Debug|iPhone
		{D6F5F6B4-D4E5-42C5-914D-A98EF1DE3DED}.Debug|ARM64.ActiveCfg = Debug|iPhone
		{D6F5F6B4-D4E5-42C5-914D-A98EF1DE3DED}.Debug|x64.ActiveCfg = Debug|iPhone
		{D6F5F6B4-D4E5-42C5-914D-A98EF1DE3DED}.Debug|x86.ActiveCfg = Debug|iPhone
		{D6F5F6B4-D4E5-42C5-914D-A98EF1DE3DED}.Release|Any CPU.ActiveCfg = Release|iPhone
		{D6F5F6B4-D4E5-42C5-914D-A98EF1DE3DED}.Release|Any CPU.Build.0 = Release|iPhone
		{D6F5F6B4-D4E5-42C5-914D-A98EF1DE3DED}.Release|ARM.ActiveCfg = Release|iPhone
		{D6F5F6B4-D4E5-42C5-914D-A98EF1DE3DED}.Release|ARM64.ActiveCfg = Release|iPhone
		{D6F5F6B4-D4E5-42C5-914D-A98EF1DE3DED}.Release|x64.ActiveCfg = Release|iPhone
		{D6F5F6B4-D4E5-42C5-914D-A98EF1DE3DED}.Release|x86.ActiveCfg = Release|iPhone
		{64A187AA-5803-41D6-8421-508DAEAB1D14}.Debug|Any CPU.ActiveCfg = Debug|Any CPU
		{64A187AA-5803-41D6-8421-508DAEAB1D14}.Debug|Any CPU.Build.0 = Debug|Any CPU
		{64A187AA-5803-41D6-8421-508DAEAB1D14}.Debug|ARM.ActiveCfg = Debug|Any CPU
		{64A187AA-5803-41D6-8421-508DAEAB1D14}.Debug|ARM.Build.0 = Debug|Any CPU
		{64A187AA-5803-41D6-8421-508DAEAB1D14}.Debug|ARM64.ActiveCfg = Debug|Any CPU
		{64A187AA-5803-41D6-8421-508DAEAB1D14}.Debug|ARM64.Build.0 = Debug|Any CPU
		{64A187AA-5803-41D6-8421-508DAEAB1D14}.Debug|x64.ActiveCfg = Debug|Any CPU
		{64A187AA-5803-41D6-8421-508DAEAB1D14}.Debug|x64.Build.0 = Debug|Any CPU
		{64A187AA-5803-41D6-8421-508DAEAB1D14}.Debug|x86.ActiveCfg = Debug|Any CPU
		{64A187AA-5803-41D6-8421-508DAEAB1D14}.Debug|x86.Build.0 = Debug|Any CPU
		{64A187AA-5803-41D6-8421-508DAEAB1D14}.Release|Any CPU.ActiveCfg = Release|Any CPU
		{64A187AA-5803-41D6-8421-508DAEAB1D14}.Release|Any CPU.Build.0 = Release|Any CPU
		{64A187AA-5803-41D6-8421-508DAEAB1D14}.Release|ARM.ActiveCfg = Release|Any CPU
		{64A187AA-5803-41D6-8421-508DAEAB1D14}.Release|ARM.Build.0 = Release|Any CPU
		{64A187AA-5803-41D6-8421-508DAEAB1D14}.Release|ARM64.ActiveCfg = Release|Any CPU
		{64A187AA-5803-41D6-8421-508DAEAB1D14}.Release|ARM64.Build.0 = Release|Any CPU
		{64A187AA-5803-41D6-8421-508DAEAB1D14}.Release|x64.ActiveCfg = Release|Any CPU
		{64A187AA-5803-41D6-8421-508DAEAB1D14}.Release|x64.Build.0 = Release|Any CPU
		{64A187AA-5803-41D6-8421-508DAEAB1D14}.Release|x86.ActiveCfg = Release|Any CPU
		{64A187AA-5803-41D6-8421-508DAEAB1D14}.Release|x86.Build.0 = Release|Any CPU
		{1281ADD7-7E51-4BEE-9982-072560B8F7B3}.Debug|Any CPU.ActiveCfg = Debug|Any CPU
		{1281ADD7-7E51-4BEE-9982-072560B8F7B3}.Debug|Any CPU.Build.0 = Debug|Any CPU
		{1281ADD7-7E51-4BEE-9982-072560B8F7B3}.Debug|Any CPU.Deploy.0 = Debug|Any CPU
		{1281ADD7-7E51-4BEE-9982-072560B8F7B3}.Debug|ARM.ActiveCfg = Debug|Any CPU
		{1281ADD7-7E51-4BEE-9982-072560B8F7B3}.Debug|ARM.Build.0 = Debug|Any CPU
		{1281ADD7-7E51-4BEE-9982-072560B8F7B3}.Debug|ARM.Deploy.0 = Debug|Any CPU
		{1281ADD7-7E51-4BEE-9982-072560B8F7B3}.Debug|ARM64.ActiveCfg = Debug|Any CPU
		{1281ADD7-7E51-4BEE-9982-072560B8F7B3}.Debug|ARM64.Build.0 = Debug|Any CPU
		{1281ADD7-7E51-4BEE-9982-072560B8F7B3}.Debug|ARM64.Deploy.0 = Debug|Any CPU
		{1281ADD7-7E51-4BEE-9982-072560B8F7B3}.Debug|x64.ActiveCfg = Debug|Any CPU
		{1281ADD7-7E51-4BEE-9982-072560B8F7B3}.Debug|x64.Build.0 = Debug|Any CPU
		{1281ADD7-7E51-4BEE-9982-072560B8F7B3}.Debug|x64.Deploy.0 = Debug|Any CPU
		{1281ADD7-7E51-4BEE-9982-072560B8F7B3}.Debug|x86.ActiveCfg = Debug|Any CPU
		{1281ADD7-7E51-4BEE-9982-072560B8F7B3}.Debug|x86.Build.0 = Debug|Any CPU
		{1281ADD7-7E51-4BEE-9982-072560B8F7B3}.Debug|x86.Deploy.0 = Debug|Any CPU
		{1281ADD7-7E51-4BEE-9982-072560B8F7B3}.Release|Any CPU.ActiveCfg = Release|Any CPU
		{1281ADD7-7E51-4BEE-9982-072560B8F7B3}.Release|Any CPU.Build.0 = Release|Any CPU
		{1281ADD7-7E51-4BEE-9982-072560B8F7B3}.Release|Any CPU.Deploy.0 = Release|Any CPU
		{1281ADD7-7E51-4BEE-9982-072560B8F7B3}.Release|ARM.ActiveCfg = Release|Any CPU
		{1281ADD7-7E51-4BEE-9982-072560B8F7B3}.Release|ARM.Build.0 = Release|Any CPU
		{1281ADD7-7E51-4BEE-9982-072560B8F7B3}.Release|ARM.Deploy.0 = Release|Any CPU
		{1281ADD7-7E51-4BEE-9982-072560B8F7B3}.Release|ARM64.ActiveCfg = Release|Any CPU
		{1281ADD7-7E51-4BEE-9982-072560B8F7B3}.Release|ARM64.Build.0 = Release|Any CPU
		{1281ADD7-7E51-4BEE-9982-072560B8F7B3}.Release|ARM64.Deploy.0 = Release|Any CPU
		{1281ADD7-7E51-4BEE-9982-072560B8F7B3}.Release|x64.ActiveCfg = Release|Any CPU
		{1281ADD7-7E51-4BEE-9982-072560B8F7B3}.Release|x64.Build.0 = Release|Any CPU
		{1281ADD7-7E51-4BEE-9982-072560B8F7B3}.Release|x64.Deploy.0 = Release|Any CPU
		{1281ADD7-7E51-4BEE-9982-072560B8F7B3}.Release|x86.ActiveCfg = Release|Any CPU
		{1281ADD7-7E51-4BEE-9982-072560B8F7B3}.Release|x86.Build.0 = Release|Any CPU
		{1281ADD7-7E51-4BEE-9982-072560B8F7B3}.Release|x86.Deploy.0 = Release|Any CPU
	EndGlobalSection
	GlobalSection(SolutionProperties) = preSolution
		HideSolutionNode = FALSE
	EndGlobalSection
	GlobalSection(NestedProjects) = preSolution
		{640FD0B6-BEBD-40C3-9F0F-595C58FB8FB5} = {AA898A69-174B-4D0B-A2B9-FDBF38467A6C}
		{D6F5F6B4-D4E5-42C5-914D-A98EF1DE3DED} = {AA898A69-174B-4D0B-A2B9-FDBF38467A6C}
		{AA898A69-174B-4D0B-A2B9-FDBF38467A6C} = {EEAE294A-107A-4370-9D57-B00EC6878DBE}
		{2E0D0F5F-0515-465B-8161-59EF1E020B48} = {EEAE294A-107A-4370-9D57-B00EC6878DBE}
		{1281ADD7-7E51-4BEE-9982-072560B8F7B3} = {EEAE294A-107A-4370-9D57-B00EC6878DBE}
	EndGlobalSection
	GlobalSection(ExtensibilityGlobals) = postSolution
		SolutionGuid = {B673DD51-D636-4596-B24B-EBD054E190C0}
	EndGlobalSection
	GlobalSection(SharedMSBuildProjectFiles) = preSolution
		ARSamples\SampleHelpers\SampleHelpers.projitems*{1281add7-7e51-4bee-9982-072560b8f7b3}*SharedItemsImports = 5
		ARSamples\SampleHelpers\SampleHelpers.projitems*{2e0d0f5f-0515-465b-8161-59ef1e020b48}*SharedItemsImports = 13
		ARSamples\SampleHelpers\SampleHelpers.projitems*{640fd0b6-bebd-40c3-9f0f-595c58fb8fb5}*SharedItemsImports = 5
		ARSamples\SampleHelpers\SampleHelpers.projitems*{d6f5f6b4-d4e5-42c5-914d-a98ef1de3ded}*SharedItemsImports = 5
	EndGlobalSection
EndGlobal
