
Microsoft Visual Studio Solution File, Format Version 12.00
# Visual Studio 14
VisualStudioVersion = 14.0.25420.1
MinimumVisualStudioVersion = 10.0.40219.1
Project("{FAE04EC0-301F-11D3-BF4B-00C04F79EFBC}") = "Esri.ArcGISRuntime.Toolkit.UWP", "Esri.ArcGISRuntime.Toolkit\UWP\Esri.ArcGISRuntime.Toolkit.UWP.csproj", "{3596C206-41C8-4405-A5C7-382E79E8D091}"
EndProject
Project("{2150E333-8FDC-42A3-9474-1A3956D46DE8}") = "Toolkit", "Toolkit", "{30B1D58C-DDDA-40F3-ACAB-A5516896AB4B}"
EndProject
Project("{2150E333-8FDC-42A3-9474-1A3956D46DE8}") = "SampleApps", "SampleApps", "{FB597A95-9488-44D2-B5CC-F2FFAD2A29CD}"
EndProject
Project("{FAE04EC0-301F-11D3-BF4B-00C04F79EFBC}") = "Toolkit.Samples.UWP", "Samples\Toolkit.SampleApp.UWP\Toolkit.Samples.UWP.csproj", "{A59A0CCB-B4EF-4F81-ABE0-E6315407D5F1}"
EndProject
Project("{FAE04EC0-301F-11D3-BF4B-00C04F79EFBC}") = "Esri.ArcGISRuntime.Toolkit.WPF", "Esri.ArcGISRuntime.Toolkit\WPF\Esri.ArcGISRuntime.Toolkit.WPF.csproj", "{3CB7F885-C81C-44DC-8AF6-3DBBC983422F}"
EndProject
Project("{D954291E-2A0B-460D-934E-DC6B0785DB48}") = "Esri.ArcGISRuntime.Toolkit.Shared", "Esri.ArcGISRuntime.Toolkit\Shared\Esri.ArcGISRuntime.Toolkit.Shared.shproj", "{C8657C80-A1AB-4D77-9F75-C923AB330AFB}"
EndProject
Project("{FAE04EC0-301F-11D3-BF4B-00C04F79EFBC}") = "Toolkit.Samples.WPF", "Samples\Toolkit.SampleApp.WPF\Toolkit.Samples.WPF.csproj", "{75555B1C-1AED-401F-BEC6-A791AAB70D57}"
EndProject
Project("{FAE04EC0-301F-11D3-BF4B-00C04F79EFBC}") = "Esri.ArcGISRuntime.Toolkit.iOS", "Esri.ArcGISRuntime.Toolkit\iOS\Esri.ArcGISRuntime.Toolkit.iOS.csproj", "{B845A5FB-B7BD-4085-867E-E44BF36AF5AB}"
EndProject
Project("{FAE04EC0-301F-11D3-BF4B-00C04F79EFBC}") = "Esri.ArcGISRuntime.Toolkit.Android", "Esri.ArcGISRuntime.Toolkit\Android\Esri.ArcGISRuntime.Toolkit.Android.csproj", "{F8BA7263-7923-4B29-AA86-9D42B38E0889}"
EndProject
Project("{2150E333-8FDC-42A3-9474-1A3956D46DE8}") = "Xamarin Forms", "Xamarin Forms", "{4AF3E27B-DCAB-4819-8ECE-C55FCF54391A}"
EndProject
Project("{FAE04EC0-301F-11D3-BF4B-00C04F79EFBC}") = "Esri.ArcGISRuntime.Toolkit.Xamarin.Forms.Android", "Esri.ArcGISRuntime.Toolkit\XamarinForms\Android\Esri.ArcGISRuntime.Toolkit.Xamarin.Forms.Android.csproj", "{A8C6414A-FBE0-40D6-AB0E-5F35CDE53B4A}"
EndProject
Project("{D954291E-2A0B-460D-934E-DC6B0785DB48}") = "Esri.ArcGISRuntime.Toolkit.Xamarin.Forms.Shared", "Esri.ArcGISRuntime.Toolkit\XamarinForms\Shared\Esri.ArcGISRuntime.Toolkit.Xamarin.Forms.Shared.shproj", "{D3D6AAED-8C2E-4177-B59C-C640E3681B3D}"
EndProject
Global
	GlobalSection(SharedMSBuildProjectFiles) = preSolution
		Esri.ArcGISRuntime.Toolkit\Shared\Esri.ArcGISRuntime.Toolkit.Shared.projitems*{3596c206-41c8-4405-a5c7-382e79e8d091}*SharedItemsImports = 4
		Esri.ArcGISRuntime.Toolkit\Shared\Esri.ArcGISRuntime.Toolkit.Shared.projitems*{3cb7f885-c81c-44dc-8af6-3dbbc983422f}*SharedItemsImports = 4
		Esri.ArcGISRuntime.Toolkit\XamarinForms\Shared\Esri.ArcGISRuntime.Toolkit.Xamarin.Forms.Shared.projitems*{a8c6414a-fbe0-40d6-ab0e-5f35cde53b4a}*SharedItemsImports = 4
		Esri.ArcGISRuntime.Toolkit\Shared\Esri.ArcGISRuntime.Toolkit.Shared.projitems*{b845a5fb-b7bd-4085-867e-e44bf36af5ab}*SharedItemsImports = 4
		Esri.ArcGISRuntime.Toolkit\Shared\Esri.ArcGISRuntime.Toolkit.Shared.projitems*{c8657c80-a1ab-4d77-9f75-c923ab330afb}*SharedItemsImports = 13
		Esri.ArcGISRuntime.Toolkit\XamarinForms\Shared\Esri.ArcGISRuntime.Toolkit.Xamarin.Forms.Shared.projitems*{d3d6aaed-8c2e-4177-b59c-c640e3681b3d}*SharedItemsImports = 13
		Esri.ArcGISRuntime.Toolkit\Shared\Esri.ArcGISRuntime.Toolkit.Shared.projitems*{f8ba7263-7923-4b29-aa86-9d42b38e0889}*SharedItemsImports = 4
	EndGlobalSection
	GlobalSection(SolutionConfigurationPlatforms) = preSolution
		Debug|Any CPU = Debug|Any CPU
		Debug|ARM = Debug|ARM
		Debug|x64 = Debug|x64
		Debug|x86 = Debug|x86
		Release|Any CPU = Release|Any CPU
		Release|ARM = Release|ARM
		Release|x64 = Release|x64
		Release|x86 = Release|x86
	EndGlobalSection
	GlobalSection(ProjectConfigurationPlatforms) = postSolution
		{3596C206-41C8-4405-A5C7-382E79E8D091}.Debug|Any CPU.ActiveCfg = Debug|Any CPU
		{3596C206-41C8-4405-A5C7-382E79E8D091}.Debug|Any CPU.Build.0 = Debug|Any CPU
		{3596C206-41C8-4405-A5C7-382E79E8D091}.Debug|ARM.ActiveCfg = Debug|Any CPU
		{3596C206-41C8-4405-A5C7-382E79E8D091}.Debug|ARM.Build.0 = Debug|Any CPU
		{3596C206-41C8-4405-A5C7-382E79E8D091}.Debug|x64.ActiveCfg = Debug|Any CPU
		{3596C206-41C8-4405-A5C7-382E79E8D091}.Debug|x64.Build.0 = Debug|Any CPU
		{3596C206-41C8-4405-A5C7-382E79E8D091}.Debug|x86.ActiveCfg = Debug|Any CPU
		{3596C206-41C8-4405-A5C7-382E79E8D091}.Debug|x86.Build.0 = Debug|Any CPU
		{3596C206-41C8-4405-A5C7-382E79E8D091}.Release|Any CPU.ActiveCfg = Release|Any CPU
		{3596C206-41C8-4405-A5C7-382E79E8D091}.Release|Any CPU.Build.0 = Release|Any CPU
		{3596C206-41C8-4405-A5C7-382E79E8D091}.Release|ARM.ActiveCfg = Release|Any CPU
		{3596C206-41C8-4405-A5C7-382E79E8D091}.Release|ARM.Build.0 = Release|Any CPU
		{3596C206-41C8-4405-A5C7-382E79E8D091}.Release|x64.ActiveCfg = Release|Any CPU
		{3596C206-41C8-4405-A5C7-382E79E8D091}.Release|x64.Build.0 = Release|Any CPU
		{3596C206-41C8-4405-A5C7-382E79E8D091}.Release|x86.ActiveCfg = Release|Any CPU
		{3596C206-41C8-4405-A5C7-382E79E8D091}.Release|x86.Build.0 = Release|Any CPU
		{A59A0CCB-B4EF-4F81-ABE0-E6315407D5F1}.Debug|Any CPU.ActiveCfg = Debug|x86
		{A59A0CCB-B4EF-4F81-ABE0-E6315407D5F1}.Debug|Any CPU.Build.0 = Debug|x86
		{A59A0CCB-B4EF-4F81-ABE0-E6315407D5F1}.Debug|Any CPU.Deploy.0 = Debug|x86
		{A59A0CCB-B4EF-4F81-ABE0-E6315407D5F1}.Debug|ARM.ActiveCfg = Debug|ARM
		{A59A0CCB-B4EF-4F81-ABE0-E6315407D5F1}.Debug|ARM.Build.0 = Debug|ARM
		{A59A0CCB-B4EF-4F81-ABE0-E6315407D5F1}.Debug|ARM.Deploy.0 = Debug|ARM
		{A59A0CCB-B4EF-4F81-ABE0-E6315407D5F1}.Debug|x64.ActiveCfg = Debug|x64
		{A59A0CCB-B4EF-4F81-ABE0-E6315407D5F1}.Debug|x64.Build.0 = Debug|x64
		{A59A0CCB-B4EF-4F81-ABE0-E6315407D5F1}.Debug|x64.Deploy.0 = Debug|x64
		{A59A0CCB-B4EF-4F81-ABE0-E6315407D5F1}.Debug|x86.ActiveCfg = Debug|x86
		{A59A0CCB-B4EF-4F81-ABE0-E6315407D5F1}.Debug|x86.Build.0 = Debug|x86
		{A59A0CCB-B4EF-4F81-ABE0-E6315407D5F1}.Debug|x86.Deploy.0 = Debug|x86
		{A59A0CCB-B4EF-4F81-ABE0-E6315407D5F1}.Release|Any CPU.ActiveCfg = Release|x86
		{A59A0CCB-B4EF-4F81-ABE0-E6315407D5F1}.Release|Any CPU.Build.0 = Release|x86
		{A59A0CCB-B4EF-4F81-ABE0-E6315407D5F1}.Release|Any CPU.Deploy.0 = Release|x86
		{A59A0CCB-B4EF-4F81-ABE0-E6315407D5F1}.Release|ARM.ActiveCfg = Release|ARM
		{A59A0CCB-B4EF-4F81-ABE0-E6315407D5F1}.Release|ARM.Build.0 = Release|ARM
		{A59A0CCB-B4EF-4F81-ABE0-E6315407D5F1}.Release|ARM.Deploy.0 = Release|ARM
		{A59A0CCB-B4EF-4F81-ABE0-E6315407D5F1}.Release|x64.ActiveCfg = Release|x64
		{A59A0CCB-B4EF-4F81-ABE0-E6315407D5F1}.Release|x64.Build.0 = Release|x64
		{A59A0CCB-B4EF-4F81-ABE0-E6315407D5F1}.Release|x64.Deploy.0 = Release|x64
		{A59A0CCB-B4EF-4F81-ABE0-E6315407D5F1}.Release|x86.ActiveCfg = Release|x86
		{A59A0CCB-B4EF-4F81-ABE0-E6315407D5F1}.Release|x86.Build.0 = Release|x86
		{A59A0CCB-B4EF-4F81-ABE0-E6315407D5F1}.Release|x86.Deploy.0 = Release|x86
		{3CB7F885-C81C-44DC-8AF6-3DBBC983422F}.Debug|Any CPU.ActiveCfg = Debug|Any CPU
		{3CB7F885-C81C-44DC-8AF6-3DBBC983422F}.Debug|Any CPU.Build.0 = Debug|Any CPU
		{3CB7F885-C81C-44DC-8AF6-3DBBC983422F}.Debug|ARM.ActiveCfg = Debug|Any CPU
		{3CB7F885-C81C-44DC-8AF6-3DBBC983422F}.Debug|ARM.Build.0 = Debug|Any CPU
		{3CB7F885-C81C-44DC-8AF6-3DBBC983422F}.Debug|x64.ActiveCfg = Debug|Any CPU
		{3CB7F885-C81C-44DC-8AF6-3DBBC983422F}.Debug|x64.Build.0 = Debug|Any CPU
		{3CB7F885-C81C-44DC-8AF6-3DBBC983422F}.Debug|x86.ActiveCfg = Debug|Any CPU
		{3CB7F885-C81C-44DC-8AF6-3DBBC983422F}.Debug|x86.Build.0 = Debug|Any CPU
		{3CB7F885-C81C-44DC-8AF6-3DBBC983422F}.Release|Any CPU.ActiveCfg = Release|Any CPU
		{3CB7F885-C81C-44DC-8AF6-3DBBC983422F}.Release|Any CPU.Build.0 = Release|Any CPU
		{3CB7F885-C81C-44DC-8AF6-3DBBC983422F}.Release|ARM.ActiveCfg = Release|Any CPU
		{3CB7F885-C81C-44DC-8AF6-3DBBC983422F}.Release|ARM.Build.0 = Release|Any CPU
		{3CB7F885-C81C-44DC-8AF6-3DBBC983422F}.Release|x64.ActiveCfg = Release|Any CPU
		{3CB7F885-C81C-44DC-8AF6-3DBBC983422F}.Release|x64.Build.0 = Release|Any CPU
		{3CB7F885-C81C-44DC-8AF6-3DBBC983422F}.Release|x86.ActiveCfg = Release|Any CPU
		{3CB7F885-C81C-44DC-8AF6-3DBBC983422F}.Release|x86.Build.0 = Release|Any CPU
		{75555B1C-1AED-401F-BEC6-A791AAB70D57}.Debug|Any CPU.ActiveCfg = Debug|Any CPU
		{75555B1C-1AED-401F-BEC6-A791AAB70D57}.Debug|Any CPU.Build.0 = Debug|Any CPU
		{75555B1C-1AED-401F-BEC6-A791AAB70D57}.Debug|ARM.ActiveCfg = Debug|Any CPU
		{75555B1C-1AED-401F-BEC6-A791AAB70D57}.Debug|ARM.Build.0 = Debug|Any CPU
		{75555B1C-1AED-401F-BEC6-A791AAB70D57}.Debug|x64.ActiveCfg = Debug|Any CPU
		{75555B1C-1AED-401F-BEC6-A791AAB70D57}.Debug|x64.Build.0 = Debug|Any CPU
		{75555B1C-1AED-401F-BEC6-A791AAB70D57}.Debug|x86.ActiveCfg = Debug|Any CPU
		{75555B1C-1AED-401F-BEC6-A791AAB70D57}.Debug|x86.Build.0 = Debug|Any CPU
		{75555B1C-1AED-401F-BEC6-A791AAB70D57}.Release|Any CPU.ActiveCfg = Release|Any CPU
		{75555B1C-1AED-401F-BEC6-A791AAB70D57}.Release|Any CPU.Build.0 = Release|Any CPU
		{75555B1C-1AED-401F-BEC6-A791AAB70D57}.Release|ARM.ActiveCfg = Release|Any CPU
		{75555B1C-1AED-401F-BEC6-A791AAB70D57}.Release|ARM.Build.0 = Release|Any CPU
		{75555B1C-1AED-401F-BEC6-A791AAB70D57}.Release|x64.ActiveCfg = Release|Any CPU
		{75555B1C-1AED-401F-BEC6-A791AAB70D57}.Release|x64.Build.0 = Release|Any CPU
		{75555B1C-1AED-401F-BEC6-A791AAB70D57}.Release|x86.ActiveCfg = Release|Any CPU
		{75555B1C-1AED-401F-BEC6-A791AAB70D57}.Release|x86.Build.0 = Release|Any CPU
		{B845A5FB-B7BD-4085-867E-E44BF36AF5AB}.Debug|Any CPU.ActiveCfg = Debug|Any CPU
		{B845A5FB-B7BD-4085-867E-E44BF36AF5AB}.Debug|Any CPU.Build.0 = Debug|Any CPU
		{B845A5FB-B7BD-4085-867E-E44BF36AF5AB}.Debug|ARM.ActiveCfg = Debug|Any CPU
		{B845A5FB-B7BD-4085-867E-E44BF36AF5AB}.Debug|ARM.Build.0 = Debug|Any CPU
		{B845A5FB-B7BD-4085-867E-E44BF36AF5AB}.Debug|x64.ActiveCfg = Debug|Any CPU
		{B845A5FB-B7BD-4085-867E-E44BF36AF5AB}.Debug|x64.Build.0 = Debug|Any CPU
		{B845A5FB-B7BD-4085-867E-E44BF36AF5AB}.Debug|x86.ActiveCfg = Debug|Any CPU
		{B845A5FB-B7BD-4085-867E-E44BF36AF5AB}.Debug|x86.Build.0 = Debug|Any CPU
		{B845A5FB-B7BD-4085-867E-E44BF36AF5AB}.Release|Any CPU.ActiveCfg = Release|Any CPU
		{B845A5FB-B7BD-4085-867E-E44BF36AF5AB}.Release|Any CPU.Build.0 = Release|Any CPU
		{B845A5FB-B7BD-4085-867E-E44BF36AF5AB}.Release|ARM.ActiveCfg = Release|Any CPU
		{B845A5FB-B7BD-4085-867E-E44BF36AF5AB}.Release|ARM.Build.0 = Release|Any CPU
		{B845A5FB-B7BD-4085-867E-E44BF36AF5AB}.Release|x64.ActiveCfg = Release|Any CPU
		{B845A5FB-B7BD-4085-867E-E44BF36AF5AB}.Release|x64.Build.0 = Release|Any CPU
		{B845A5FB-B7BD-4085-867E-E44BF36AF5AB}.Release|x86.ActiveCfg = Release|Any CPU
		{B845A5FB-B7BD-4085-867E-E44BF36AF5AB}.Release|x86.Build.0 = Release|Any CPU
		{F8BA7263-7923-4B29-AA86-9D42B38E0889}.Debug|Any CPU.ActiveCfg = Debug|Any CPU
		{F8BA7263-7923-4B29-AA86-9D42B38E0889}.Debug|Any CPU.Build.0 = Debug|Any CPU
		{F8BA7263-7923-4B29-AA86-9D42B38E0889}.Debug|ARM.ActiveCfg = Debug|Any CPU
		{F8BA7263-7923-4B29-AA86-9D42B38E0889}.Debug|ARM.Build.0 = Debug|Any CPU
		{F8BA7263-7923-4B29-AA86-9D42B38E0889}.Debug|x64.ActiveCfg = Debug|Any CPU
		{F8BA7263-7923-4B29-AA86-9D42B38E0889}.Debug|x64.Build.0 = Debug|Any CPU
		{F8BA7263-7923-4B29-AA86-9D42B38E0889}.Debug|x86.ActiveCfg = Debug|Any CPU
		{F8BA7263-7923-4B29-AA86-9D42B38E0889}.Debug|x86.Build.0 = Debug|Any CPU
		{F8BA7263-7923-4B29-AA86-9D42B38E0889}.Release|Any CPU.ActiveCfg = Release|Any CPU
		{F8BA7263-7923-4B29-AA86-9D42B38E0889}.Release|Any CPU.Build.0 = Release|Any CPU
		{F8BA7263-7923-4B29-AA86-9D42B38E0889}.Release|ARM.ActiveCfg = Release|Any CPU
		{F8BA7263-7923-4B29-AA86-9D42B38E0889}.Release|ARM.Build.0 = Release|Any CPU
		{F8BA7263-7923-4B29-AA86-9D42B38E0889}.Release|x64.ActiveCfg = Release|Any CPU
		{F8BA7263-7923-4B29-AA86-9D42B38E0889}.Release|x64.Build.0 = Release|Any CPU
		{F8BA7263-7923-4B29-AA86-9D42B38E0889}.Release|x86.ActiveCfg = Release|Any CPU
		{F8BA7263-7923-4B29-AA86-9D42B38E0889}.Release|x86.Build.0 = Release|Any CPU
		{A8C6414A-FBE0-40D6-AB0E-5F35CDE53B4A}.Debug|Any CPU.ActiveCfg = Debug|Any CPU
		{A8C6414A-FBE0-40D6-AB0E-5F35CDE53B4A}.Debug|Any CPU.Build.0 = Debug|Any CPU
		{A8C6414A-FBE0-40D6-AB0E-5F35CDE53B4A}.Debug|ARM.ActiveCfg = Debug|Any CPU
		{A8C6414A-FBE0-40D6-AB0E-5F35CDE53B4A}.Debug|ARM.Build.0 = Debug|Any CPU
		{A8C6414A-FBE0-40D6-AB0E-5F35CDE53B4A}.Debug|x64.ActiveCfg = Debug|Any CPU
		{A8C6414A-FBE0-40D6-AB0E-5F35CDE53B4A}.Debug|x64.Build.0 = Debug|Any CPU
		{A8C6414A-FBE0-40D6-AB0E-5F35CDE53B4A}.Debug|x86.ActiveCfg = Debug|Any CPU
		{A8C6414A-FBE0-40D6-AB0E-5F35CDE53B4A}.Debug|x86.Build.0 = Debug|Any CPU
		{A8C6414A-FBE0-40D6-AB0E-5F35CDE53B4A}.Release|Any CPU.ActiveCfg = Release|Any CPU
		{A8C6414A-FBE0-40D6-AB0E-5F35CDE53B4A}.Release|Any CPU.Build.0 = Release|Any CPU
		{A8C6414A-FBE0-40D6-AB0E-5F35CDE53B4A}.Release|ARM.ActiveCfg = Release|Any CPU
		{A8C6414A-FBE0-40D6-AB0E-5F35CDE53B4A}.Release|ARM.Build.0 = Release|Any CPU
		{A8C6414A-FBE0-40D6-AB0E-5F35CDE53B4A}.Release|x64.ActiveCfg = Release|Any CPU
		{A8C6414A-FBE0-40D6-AB0E-5F35CDE53B4A}.Release|x64.Build.0 = Release|Any CPU
		{A8C6414A-FBE0-40D6-AB0E-5F35CDE53B4A}.Release|x86.ActiveCfg = Release|Any CPU
		{A8C6414A-FBE0-40D6-AB0E-5F35CDE53B4A}.Release|x86.Build.0 = Release|Any CPU
	EndGlobalSection
	GlobalSection(SolutionProperties) = preSolution
		HideSolutionNode = FALSE
	EndGlobalSection
	GlobalSection(NestedProjects) = preSolution
		{3596C206-41C8-4405-A5C7-382E79E8D091} = {30B1D58C-DDDA-40F3-ACAB-A5516896AB4B}
		{A59A0CCB-B4EF-4F81-ABE0-E6315407D5F1} = {FB597A95-9488-44D2-B5CC-F2FFAD2A29CD}
		{3CB7F885-C81C-44DC-8AF6-3DBBC983422F} = {30B1D58C-DDDA-40F3-ACAB-A5516896AB4B}
		{C8657C80-A1AB-4D77-9F75-C923AB330AFB} = {30B1D58C-DDDA-40F3-ACAB-A5516896AB4B}
		{75555B1C-1AED-401F-BEC6-A791AAB70D57} = {FB597A95-9488-44D2-B5CC-F2FFAD2A29CD}
		{B845A5FB-B7BD-4085-867E-E44BF36AF5AB} = {30B1D58C-DDDA-40F3-ACAB-A5516896AB4B}
		{F8BA7263-7923-4B29-AA86-9D42B38E0889} = {30B1D58C-DDDA-40F3-ACAB-A5516896AB4B}
		{4AF3E27B-DCAB-4819-8ECE-C55FCF54391A} = {30B1D58C-DDDA-40F3-ACAB-A5516896AB4B}
		{A8C6414A-FBE0-40D6-AB0E-5F35CDE53B4A} = {4AF3E27B-DCAB-4819-8ECE-C55FCF54391A}
		{D3D6AAED-8C2E-4177-B59C-C640E3681B3D} = {4AF3E27B-DCAB-4819-8ECE-C55FCF54391A}
	EndGlobalSection
	GlobalSection(ExtensibilityGlobals) = postSolution
		SolutionGuid = {E4123114-3398-48EA-ACDD-7F636647FF6B}
	EndGlobalSection
EndGlobal
