
Microsoft Visual Studio Solution File, Format Version 12.00
# Visual Studio Version 17
VisualStudioVersion = 17.6.33829.357
MinimumVisualStudioVersion = 10.0.40219.1
Project("{FAE04EC0-301F-11D3-BF4B-00C04F79EFBC}") = "Toolkit.Samples.UWP", "Samples\Toolkit.SampleApp.UWP\Toolkit.Samples.UWP.csproj", "{A36F7903-8CC6-4BE6-84C9-F04FF14236D7}"
EndProject
Project("{2150E333-8FDC-42A3-9474-1A3956D46DE8}") = "Esri.ArcGISRuntime.Toolkit", "Esri.ArcGISRuntime.Toolkit", "{A4937132-E25F-47BD-907E-C6620D667C04}"
EndProject
Project("{2150E333-8FDC-42A3-9474-1A3956D46DE8}") = "Esri.ArcGISRuntime.ARToolkit", "Esri.ArcGISRuntime.ARToolkit", "{F1C337A3-791E-4226-A6FD-B7956EA1D638}"
EndProject
Project("{D954291E-2A0B-460D-934E-DC6B0785DB48}") = "SampleHelpers", "ARSamples\SampleHelpers\SampleHelpers.shproj", "{2E0D0F5F-0515-465B-8161-59EF1E020B48}"
EndProject
Project("{9A19103F-16F7-4668-BE54-9A1E7A4F7556}") = "ARToolkit.SampleApp.Android", "ARSamples\ARToolkit.SampleApp.Android\ARToolkit.SampleApp.Android.csproj", "{640FD0B6-BEBD-40C3-9F0F-595C58FB8FB5}"
EndProject
Project("{9A19103F-16F7-4668-BE54-9A1E7A4F7556}") = "ARToolkit.SampleApp.iOS", "ARSamples\ARToolkit.SampleApp.iOS\ARToolkit.SampleApp.iOS.csproj", "{D6F5F6B4-D4E5-42C5-914D-A98EF1DE3DED}"
EndProject
Project("{9A19103F-16F7-4668-BE54-9A1E7A4F7556}") = "Toolkit.SampleApp.Maui", "Samples\Toolkit.SampleApp.Maui\Toolkit.SampleApp.Maui.csproj", "{159B35E0-6E80-4641-9C13-2C059C877A0B}"
EndProject
Project("{9A19103F-16F7-4668-BE54-9A1E7A4F7556}") = "Toolkit.SampleApp.WPF", "Samples\Toolkit.SampleApp.WPF\Toolkit.SampleApp.WPF.csproj", "{F943444A-B698-4973-95CA-6EDB5B1BCBB7}"
EndProject
Project("{9A19103F-16F7-4668-BE54-9A1E7A4F7556}") = "Toolkit.SampleApp.WinUI", "Samples\Toolkit.SampleApp.WinUI\Toolkit.SampleApp.WinUI.csproj", "{3E9908E5-C1BC-4D55-B64F-8AF9DAE47D9A}"
EndProject
Project("{9A19103F-16F7-4668-BE54-9A1E7A4F7556}") = "ARToolkit.Samples.Maui", "ARSamples\ARToolkit.Samples.Maui\ARToolkit.Samples.Maui.csproj", "{F190B4E4-FD01-461C-9960-293489B66922}"
EndProject
Global
	GlobalSection(SolutionConfigurationPlatforms) = preSolution
		Ad-Hoc|Any CPU = Ad-Hoc|Any CPU
		Ad-Hoc|ARM = Ad-Hoc|ARM
		Ad-Hoc|ARM64 = Ad-Hoc|ARM64
		Ad-Hoc|iPhone = Ad-Hoc|iPhone
		Ad-Hoc|iPhoneSimulator = Ad-Hoc|iPhoneSimulator
		Ad-Hoc|x64 = Ad-Hoc|x64
		Ad-Hoc|x86 = Ad-Hoc|x86
		AppStore|Any CPU = AppStore|Any CPU
		AppStore|ARM = AppStore|ARM
		AppStore|ARM64 = AppStore|ARM64
		AppStore|iPhone = AppStore|iPhone
		AppStore|iPhoneSimulator = AppStore|iPhoneSimulator
		AppStore|x64 = AppStore|x64
		AppStore|x86 = AppStore|x86
		Debug|Any CPU = Debug|Any CPU
		Debug|ARM = Debug|ARM
		Debug|ARM64 = Debug|ARM64
		Debug|iPhone = Debug|iPhone
		Debug|iPhoneSimulator = Debug|iPhoneSimulator
		Debug|x64 = Debug|x64
		Debug|x86 = Debug|x86
		Release|Any CPU = Release|Any CPU
		Release|ARM = Release|ARM
		Release|ARM64 = Release|ARM64
		Release|iPhone = Release|iPhone
		Release|iPhoneSimulator = Release|iPhoneSimulator
		Release|x64 = Release|x64
		Release|x86 = Release|x86
	EndGlobalSection
	GlobalSection(ProjectConfigurationPlatforms) = postSolution
		{A36F7903-8CC6-4BE6-84C9-F04FF14236D7}.Ad-Hoc|Any CPU.ActiveCfg = Debug|x86
		{A36F7903-8CC6-4BE6-84C9-F04FF14236D7}.Ad-Hoc|Any CPU.Build.0 = Debug|x86
		{A36F7903-8CC6-4BE6-84C9-F04FF14236D7}.Ad-Hoc|Any CPU.Deploy.0 = Debug|x86
		{A36F7903-8CC6-4BE6-84C9-F04FF14236D7}.Ad-Hoc|ARM.ActiveCfg = Debug|ARM
		{A36F7903-8CC6-4BE6-84C9-F04FF14236D7}.Ad-Hoc|ARM.Build.0 = Debug|ARM
		{A36F7903-8CC6-4BE6-84C9-F04FF14236D7}.Ad-Hoc|ARM.Deploy.0 = Debug|ARM
		{A36F7903-8CC6-4BE6-84C9-F04FF14236D7}.Ad-Hoc|ARM64.ActiveCfg = Debug|ARM64
		{A36F7903-8CC6-4BE6-84C9-F04FF14236D7}.Ad-Hoc|ARM64.Build.0 = Debug|ARM64
		{A36F7903-8CC6-4BE6-84C9-F04FF14236D7}.Ad-Hoc|ARM64.Deploy.0 = Debug|ARM64
		{A36F7903-8CC6-4BE6-84C9-F04FF14236D7}.Ad-Hoc|iPhone.ActiveCfg = Debug|x86
		{A36F7903-8CC6-4BE6-84C9-F04FF14236D7}.Ad-Hoc|iPhone.Build.0 = Debug|x86
		{A36F7903-8CC6-4BE6-84C9-F04FF14236D7}.Ad-Hoc|iPhone.Deploy.0 = Debug|x86
		{A36F7903-8CC6-4BE6-84C9-F04FF14236D7}.Ad-Hoc|iPhoneSimulator.ActiveCfg = Debug|x86
		{A36F7903-8CC6-4BE6-84C9-F04FF14236D7}.Ad-Hoc|iPhoneSimulator.Build.0 = Debug|x86
		{A36F7903-8CC6-4BE6-84C9-F04FF14236D7}.Ad-Hoc|iPhoneSimulator.Deploy.0 = Debug|x86
		{A36F7903-8CC6-4BE6-84C9-F04FF14236D7}.Ad-Hoc|x64.ActiveCfg = Debug|x64
		{A36F7903-8CC6-4BE6-84C9-F04FF14236D7}.Ad-Hoc|x64.Build.0 = Debug|x64
		{A36F7903-8CC6-4BE6-84C9-F04FF14236D7}.Ad-Hoc|x64.Deploy.0 = Debug|x64
		{A36F7903-8CC6-4BE6-84C9-F04FF14236D7}.Ad-Hoc|x86.ActiveCfg = Debug|x86
		{A36F7903-8CC6-4BE6-84C9-F04FF14236D7}.Ad-Hoc|x86.Build.0 = Debug|x86
		{A36F7903-8CC6-4BE6-84C9-F04FF14236D7}.Ad-Hoc|x86.Deploy.0 = Debug|x86
		{A36F7903-8CC6-4BE6-84C9-F04FF14236D7}.AppStore|Any CPU.ActiveCfg = Debug|x86
		{A36F7903-8CC6-4BE6-84C9-F04FF14236D7}.AppStore|Any CPU.Build.0 = Debug|x86
		{A36F7903-8CC6-4BE6-84C9-F04FF14236D7}.AppStore|Any CPU.Deploy.0 = Debug|x86
		{A36F7903-8CC6-4BE6-84C9-F04FF14236D7}.AppStore|ARM.ActiveCfg = Debug|ARM
		{A36F7903-8CC6-4BE6-84C9-F04FF14236D7}.AppStore|ARM.Build.0 = Debug|ARM
		{A36F7903-8CC6-4BE6-84C9-F04FF14236D7}.AppStore|ARM.Deploy.0 = Debug|ARM
		{A36F7903-8CC6-4BE6-84C9-F04FF14236D7}.AppStore|ARM64.ActiveCfg = Debug|ARM64
		{A36F7903-8CC6-4BE6-84C9-F04FF14236D7}.AppStore|ARM64.Build.0 = Debug|ARM64
		{A36F7903-8CC6-4BE6-84C9-F04FF14236D7}.AppStore|ARM64.Deploy.0 = Debug|ARM64
		{A36F7903-8CC6-4BE6-84C9-F04FF14236D7}.AppStore|iPhone.ActiveCfg = Debug|x86
		{A36F7903-8CC6-4BE6-84C9-F04FF14236D7}.AppStore|iPhone.Build.0 = Debug|x86
		{A36F7903-8CC6-4BE6-84C9-F04FF14236D7}.AppStore|iPhone.Deploy.0 = Debug|x86
		{A36F7903-8CC6-4BE6-84C9-F04FF14236D7}.AppStore|iPhoneSimulator.ActiveCfg = Debug|x86
		{A36F7903-8CC6-4BE6-84C9-F04FF14236D7}.AppStore|iPhoneSimulator.Build.0 = Debug|x86
		{A36F7903-8CC6-4BE6-84C9-F04FF14236D7}.AppStore|iPhoneSimulator.Deploy.0 = Debug|x86
		{A36F7903-8CC6-4BE6-84C9-F04FF14236D7}.AppStore|x64.ActiveCfg = Debug|x64
		{A36F7903-8CC6-4BE6-84C9-F04FF14236D7}.AppStore|x64.Build.0 = Debug|x64
		{A36F7903-8CC6-4BE6-84C9-F04FF14236D7}.AppStore|x64.Deploy.0 = Debug|x64
		{A36F7903-8CC6-4BE6-84C9-F04FF14236D7}.AppStore|x86.ActiveCfg = Debug|x86
		{A36F7903-8CC6-4BE6-84C9-F04FF14236D7}.AppStore|x86.Build.0 = Debug|x86
		{A36F7903-8CC6-4BE6-84C9-F04FF14236D7}.AppStore|x86.Deploy.0 = Debug|x86
		{A36F7903-8CC6-4BE6-84C9-F04FF14236D7}.Debug|Any CPU.ActiveCfg = Debug|x86
		{A36F7903-8CC6-4BE6-84C9-F04FF14236D7}.Debug|ARM.ActiveCfg = Debug|ARM
		{A36F7903-8CC6-4BE6-84C9-F04FF14236D7}.Debug|ARM.Build.0 = Debug|ARM
		{A36F7903-8CC6-4BE6-84C9-F04FF14236D7}.Debug|ARM.Deploy.0 = Debug|ARM
		{A36F7903-8CC6-4BE6-84C9-F04FF14236D7}.Debug|ARM64.ActiveCfg = Debug|ARM64
		{A36F7903-8CC6-4BE6-84C9-F04FF14236D7}.Debug|ARM64.Build.0 = Debug|ARM64
		{A36F7903-8CC6-4BE6-84C9-F04FF14236D7}.Debug|ARM64.Deploy.0 = Debug|ARM64
		{A36F7903-8CC6-4BE6-84C9-F04FF14236D7}.Debug|iPhone.ActiveCfg = Debug|x86
		{A36F7903-8CC6-4BE6-84C9-F04FF14236D7}.Debug|iPhoneSimulator.ActiveCfg = Debug|x86
		{A36F7903-8CC6-4BE6-84C9-F04FF14236D7}.Debug|x64.ActiveCfg = Debug|x64
		{A36F7903-8CC6-4BE6-84C9-F04FF14236D7}.Debug|x64.Build.0 = Debug|x64
		{A36F7903-8CC6-4BE6-84C9-F04FF14236D7}.Debug|x64.Deploy.0 = Debug|x64
		{A36F7903-8CC6-4BE6-84C9-F04FF14236D7}.Debug|x86.ActiveCfg = Debug|x86
		{A36F7903-8CC6-4BE6-84C9-F04FF14236D7}.Debug|x86.Build.0 = Debug|x86
		{A36F7903-8CC6-4BE6-84C9-F04FF14236D7}.Debug|x86.Deploy.0 = Debug|x86
		{A36F7903-8CC6-4BE6-84C9-F04FF14236D7}.Release|Any CPU.ActiveCfg = Release|x86
		{A36F7903-8CC6-4BE6-84C9-F04FF14236D7}.Release|ARM.ActiveCfg = Release|ARM
		{A36F7903-8CC6-4BE6-84C9-F04FF14236D7}.Release|ARM.Build.0 = Release|ARM
		{A36F7903-8CC6-4BE6-84C9-F04FF14236D7}.Release|ARM.Deploy.0 = Release|ARM
		{A36F7903-8CC6-4BE6-84C9-F04FF14236D7}.Release|ARM64.ActiveCfg = Release|ARM64
		{A36F7903-8CC6-4BE6-84C9-F04FF14236D7}.Release|ARM64.Build.0 = Release|ARM64
		{A36F7903-8CC6-4BE6-84C9-F04FF14236D7}.Release|ARM64.Deploy.0 = Release|ARM64
		{A36F7903-8CC6-4BE6-84C9-F04FF14236D7}.Release|iPhone.ActiveCfg = Release|x86
		{A36F7903-8CC6-4BE6-84C9-F04FF14236D7}.Release|iPhoneSimulator.ActiveCfg = Release|x86
		{A36F7903-8CC6-4BE6-84C9-F04FF14236D7}.Release|x64.ActiveCfg = Release|x64
		{A36F7903-8CC6-4BE6-84C9-F04FF14236D7}.Release|x64.Build.0 = Release|x64
		{A36F7903-8CC6-4BE6-84C9-F04FF14236D7}.Release|x64.Deploy.0 = Release|x64
		{A36F7903-8CC6-4BE6-84C9-F04FF14236D7}.Release|x86.ActiveCfg = Release|x86
		{A36F7903-8CC6-4BE6-84C9-F04FF14236D7}.Release|x86.Build.0 = Release|x86
		{A36F7903-8CC6-4BE6-84C9-F04FF14236D7}.Release|x86.Deploy.0 = Release|x86
		{640FD0B6-BEBD-40C3-9F0F-595C58FB8FB5}.Ad-Hoc|Any CPU.ActiveCfg = Debug|Any CPU
		{640FD0B6-BEBD-40C3-9F0F-595C58FB8FB5}.Ad-Hoc|Any CPU.Build.0 = Debug|Any CPU
		{640FD0B6-BEBD-40C3-9F0F-595C58FB8FB5}.Ad-Hoc|Any CPU.Deploy.0 = Debug|Any CPU
		{640FD0B6-BEBD-40C3-9F0F-595C58FB8FB5}.Ad-Hoc|ARM.ActiveCfg = Debug|Any CPU
		{640FD0B6-BEBD-40C3-9F0F-595C58FB8FB5}.Ad-Hoc|ARM.Build.0 = Debug|Any CPU
		{640FD0B6-BEBD-40C3-9F0F-595C58FB8FB5}.Ad-Hoc|ARM.Deploy.0 = Debug|Any CPU
		{640FD0B6-BEBD-40C3-9F0F-595C58FB8FB5}.Ad-Hoc|ARM64.ActiveCfg = Debug|Any CPU
		{640FD0B6-BEBD-40C3-9F0F-595C58FB8FB5}.Ad-Hoc|ARM64.Build.0 = Debug|Any CPU
		{640FD0B6-BEBD-40C3-9F0F-595C58FB8FB5}.Ad-Hoc|ARM64.Deploy.0 = Debug|Any CPU
		{640FD0B6-BEBD-40C3-9F0F-595C58FB8FB5}.Ad-Hoc|iPhone.ActiveCfg = Debug|Any CPU
		{640FD0B6-BEBD-40C3-9F0F-595C58FB8FB5}.Ad-Hoc|iPhone.Build.0 = Debug|Any CPU
		{640FD0B6-BEBD-40C3-9F0F-595C58FB8FB5}.Ad-Hoc|iPhone.Deploy.0 = Debug|Any CPU
		{640FD0B6-BEBD-40C3-9F0F-595C58FB8FB5}.Ad-Hoc|iPhoneSimulator.ActiveCfg = Debug|Any CPU
		{640FD0B6-BEBD-40C3-9F0F-595C58FB8FB5}.Ad-Hoc|iPhoneSimulator.Build.0 = Debug|Any CPU
		{640FD0B6-BEBD-40C3-9F0F-595C58FB8FB5}.Ad-Hoc|iPhoneSimulator.Deploy.0 = Debug|Any CPU
		{640FD0B6-BEBD-40C3-9F0F-595C58FB8FB5}.Ad-Hoc|x64.ActiveCfg = Debug|Any CPU
		{640FD0B6-BEBD-40C3-9F0F-595C58FB8FB5}.Ad-Hoc|x64.Build.0 = Debug|Any CPU
		{640FD0B6-BEBD-40C3-9F0F-595C58FB8FB5}.Ad-Hoc|x64.Deploy.0 = Debug|Any CPU
		{640FD0B6-BEBD-40C3-9F0F-595C58FB8FB5}.Ad-Hoc|x86.ActiveCfg = Debug|Any CPU
		{640FD0B6-BEBD-40C3-9F0F-595C58FB8FB5}.Ad-Hoc|x86.Build.0 = Debug|Any CPU
		{640FD0B6-BEBD-40C3-9F0F-595C58FB8FB5}.Ad-Hoc|x86.Deploy.0 = Debug|Any CPU
		{640FD0B6-BEBD-40C3-9F0F-595C58FB8FB5}.AppStore|Any CPU.ActiveCfg = Debug|Any CPU
		{640FD0B6-BEBD-40C3-9F0F-595C58FB8FB5}.AppStore|Any CPU.Build.0 = Debug|Any CPU
		{640FD0B6-BEBD-40C3-9F0F-595C58FB8FB5}.AppStore|Any CPU.Deploy.0 = Debug|Any CPU
		{640FD0B6-BEBD-40C3-9F0F-595C58FB8FB5}.AppStore|ARM.ActiveCfg = Debug|Any CPU
		{640FD0B6-BEBD-40C3-9F0F-595C58FB8FB5}.AppStore|ARM.Build.0 = Debug|Any CPU
		{640FD0B6-BEBD-40C3-9F0F-595C58FB8FB5}.AppStore|ARM.Deploy.0 = Debug|Any CPU
		{640FD0B6-BEBD-40C3-9F0F-595C58FB8FB5}.AppStore|ARM64.ActiveCfg = Debug|Any CPU
		{640FD0B6-BEBD-40C3-9F0F-595C58FB8FB5}.AppStore|ARM64.Build.0 = Debug|Any CPU
		{640FD0B6-BEBD-40C3-9F0F-595C58FB8FB5}.AppStore|ARM64.Deploy.0 = Debug|Any CPU
		{640FD0B6-BEBD-40C3-9F0F-595C58FB8FB5}.AppStore|iPhone.ActiveCfg = Debug|Any CPU
		{640FD0B6-BEBD-40C3-9F0F-595C58FB8FB5}.AppStore|iPhone.Build.0 = Debug|Any CPU
		{640FD0B6-BEBD-40C3-9F0F-595C58FB8FB5}.AppStore|iPhone.Deploy.0 = Debug|Any CPU
		{640FD0B6-BEBD-40C3-9F0F-595C58FB8FB5}.AppStore|iPhoneSimulator.ActiveCfg = Debug|Any CPU
		{640FD0B6-BEBD-40C3-9F0F-595C58FB8FB5}.AppStore|iPhoneSimulator.Build.0 = Debug|Any CPU
		{640FD0B6-BEBD-40C3-9F0F-595C58FB8FB5}.AppStore|iPhoneSimulator.Deploy.0 = Debug|Any CPU
		{640FD0B6-BEBD-40C3-9F0F-595C58FB8FB5}.AppStore|x64.ActiveCfg = Debug|Any CPU
		{640FD0B6-BEBD-40C3-9F0F-595C58FB8FB5}.AppStore|x64.Build.0 = Debug|Any CPU
		{640FD0B6-BEBD-40C3-9F0F-595C58FB8FB5}.AppStore|x64.Deploy.0 = Debug|Any CPU
		{640FD0B6-BEBD-40C3-9F0F-595C58FB8FB5}.AppStore|x86.ActiveCfg = Debug|Any CPU
		{640FD0B6-BEBD-40C3-9F0F-595C58FB8FB5}.AppStore|x86.Build.0 = Debug|Any CPU
		{640FD0B6-BEBD-40C3-9F0F-595C58FB8FB5}.AppStore|x86.Deploy.0 = Debug|Any CPU
		{640FD0B6-BEBD-40C3-9F0F-595C58FB8FB5}.Debug|Any CPU.ActiveCfg = Debug|Any CPU
		{640FD0B6-BEBD-40C3-9F0F-595C58FB8FB5}.Debug|Any CPU.Build.0 = Debug|Any CPU
		{640FD0B6-BEBD-40C3-9F0F-595C58FB8FB5}.Debug|Any CPU.Deploy.0 = Debug|Any CPU
		{640FD0B6-BEBD-40C3-9F0F-595C58FB8FB5}.Debug|ARM.ActiveCfg = Debug|Any CPU
		{640FD0B6-BEBD-40C3-9F0F-595C58FB8FB5}.Debug|ARM.Build.0 = Debug|Any CPU
		{640FD0B6-BEBD-40C3-9F0F-595C58FB8FB5}.Debug|ARM.Deploy.0 = Debug|Any CPU
		{640FD0B6-BEBD-40C3-9F0F-595C58FB8FB5}.Debug|ARM64.ActiveCfg = Debug|Any CPU
		{640FD0B6-BEBD-40C3-9F0F-595C58FB8FB5}.Debug|ARM64.Build.0 = Debug|Any CPU
		{640FD0B6-BEBD-40C3-9F0F-595C58FB8FB5}.Debug|ARM64.Deploy.0 = Debug|Any CPU
		{640FD0B6-BEBD-40C3-9F0F-595C58FB8FB5}.Debug|iPhone.ActiveCfg = Debug|Any CPU
		{640FD0B6-BEBD-40C3-9F0F-595C58FB8FB5}.Debug|iPhone.Build.0 = Debug|Any CPU
		{640FD0B6-BEBD-40C3-9F0F-595C58FB8FB5}.Debug|iPhone.Deploy.0 = Debug|Any CPU
		{640FD0B6-BEBD-40C3-9F0F-595C58FB8FB5}.Debug|iPhoneSimulator.ActiveCfg = Debug|Any CPU
		{640FD0B6-BEBD-40C3-9F0F-595C58FB8FB5}.Debug|iPhoneSimulator.Build.0 = Debug|Any CPU
		{640FD0B6-BEBD-40C3-9F0F-595C58FB8FB5}.Debug|iPhoneSimulator.Deploy.0 = Debug|Any CPU
		{640FD0B6-BEBD-40C3-9F0F-595C58FB8FB5}.Debug|x64.ActiveCfg = Debug|Any CPU
		{640FD0B6-BEBD-40C3-9F0F-595C58FB8FB5}.Debug|x64.Build.0 = Debug|Any CPU
		{640FD0B6-BEBD-40C3-9F0F-595C58FB8FB5}.Debug|x64.Deploy.0 = Debug|Any CPU
		{640FD0B6-BEBD-40C3-9F0F-595C58FB8FB5}.Debug|x86.ActiveCfg = Debug|Any CPU
		{640FD0B6-BEBD-40C3-9F0F-595C58FB8FB5}.Debug|x86.Build.0 = Debug|Any CPU
		{640FD0B6-BEBD-40C3-9F0F-595C58FB8FB5}.Debug|x86.Deploy.0 = Debug|Any CPU
		{640FD0B6-BEBD-40C3-9F0F-595C58FB8FB5}.Release|Any CPU.ActiveCfg = Release|Any CPU
		{640FD0B6-BEBD-40C3-9F0F-595C58FB8FB5}.Release|Any CPU.Build.0 = Release|Any CPU
		{640FD0B6-BEBD-40C3-9F0F-595C58FB8FB5}.Release|Any CPU.Deploy.0 = Release|Any CPU
		{640FD0B6-BEBD-40C3-9F0F-595C58FB8FB5}.Release|ARM.ActiveCfg = Release|Any CPU
		{640FD0B6-BEBD-40C3-9F0F-595C58FB8FB5}.Release|ARM.Build.0 = Release|Any CPU
		{640FD0B6-BEBD-40C3-9F0F-595C58FB8FB5}.Release|ARM.Deploy.0 = Release|Any CPU
		{640FD0B6-BEBD-40C3-9F0F-595C58FB8FB5}.Release|ARM64.ActiveCfg = Release|Any CPU
		{640FD0B6-BEBD-40C3-9F0F-595C58FB8FB5}.Release|ARM64.Build.0 = Release|Any CPU
		{640FD0B6-BEBD-40C3-9F0F-595C58FB8FB5}.Release|ARM64.Deploy.0 = Release|Any CPU
		{640FD0B6-BEBD-40C3-9F0F-595C58FB8FB5}.Release|iPhone.ActiveCfg = Release|Any CPU
		{640FD0B6-BEBD-40C3-9F0F-595C58FB8FB5}.Release|iPhone.Build.0 = Release|Any CPU
		{640FD0B6-BEBD-40C3-9F0F-595C58FB8FB5}.Release|iPhone.Deploy.0 = Release|Any CPU
		{640FD0B6-BEBD-40C3-9F0F-595C58FB8FB5}.Release|iPhoneSimulator.ActiveCfg = Release|Any CPU
		{640FD0B6-BEBD-40C3-9F0F-595C58FB8FB5}.Release|iPhoneSimulator.Build.0 = Release|Any CPU
		{640FD0B6-BEBD-40C3-9F0F-595C58FB8FB5}.Release|iPhoneSimulator.Deploy.0 = Release|Any CPU
		{640FD0B6-BEBD-40C3-9F0F-595C58FB8FB5}.Release|x64.ActiveCfg = Release|Any CPU
		{640FD0B6-BEBD-40C3-9F0F-595C58FB8FB5}.Release|x64.Build.0 = Release|Any CPU
		{640FD0B6-BEBD-40C3-9F0F-595C58FB8FB5}.Release|x64.Deploy.0 = Release|Any CPU
		{640FD0B6-BEBD-40C3-9F0F-595C58FB8FB5}.Release|x86.ActiveCfg = Release|Any CPU
		{640FD0B6-BEBD-40C3-9F0F-595C58FB8FB5}.Release|x86.Build.0 = Release|Any CPU
		{640FD0B6-BEBD-40C3-9F0F-595C58FB8FB5}.Release|x86.Deploy.0 = Release|Any CPU
		{D6F5F6B4-D4E5-42C5-914D-A98EF1DE3DED}.Ad-Hoc|Any CPU.ActiveCfg = Debug|iPhoneSimulator
		{D6F5F6B4-D4E5-42C5-914D-A98EF1DE3DED}.Ad-Hoc|Any CPU.Build.0 = Debug|iPhoneSimulator
		{D6F5F6B4-D4E5-42C5-914D-A98EF1DE3DED}.Ad-Hoc|ARM.ActiveCfg = Debug|iPhoneSimulator
		{D6F5F6B4-D4E5-42C5-914D-A98EF1DE3DED}.Ad-Hoc|ARM.Build.0 = Debug|iPhoneSimulator
		{D6F5F6B4-D4E5-42C5-914D-A98EF1DE3DED}.Ad-Hoc|ARM64.ActiveCfg = Debug|iPhoneSimulator
		{D6F5F6B4-D4E5-42C5-914D-A98EF1DE3DED}.Ad-Hoc|ARM64.Build.0 = Debug|iPhoneSimulator
		{D6F5F6B4-D4E5-42C5-914D-A98EF1DE3DED}.Ad-Hoc|iPhone.ActiveCfg = Debug|iPhone
		{D6F5F6B4-D4E5-42C5-914D-A98EF1DE3DED}.Ad-Hoc|iPhone.Build.0 = Debug|iPhone
		{D6F5F6B4-D4E5-42C5-914D-A98EF1DE3DED}.Ad-Hoc|iPhoneSimulator.ActiveCfg = Debug|iPhoneSimulator
		{D6F5F6B4-D4E5-42C5-914D-A98EF1DE3DED}.Ad-Hoc|iPhoneSimulator.Build.0 = Debug|iPhoneSimulator
		{D6F5F6B4-D4E5-42C5-914D-A98EF1DE3DED}.Ad-Hoc|x64.ActiveCfg = Debug|iPhoneSimulator
		{D6F5F6B4-D4E5-42C5-914D-A98EF1DE3DED}.Ad-Hoc|x64.Build.0 = Debug|iPhoneSimulator
		{D6F5F6B4-D4E5-42C5-914D-A98EF1DE3DED}.Ad-Hoc|x86.ActiveCfg = Debug|iPhoneSimulator
		{D6F5F6B4-D4E5-42C5-914D-A98EF1DE3DED}.Ad-Hoc|x86.Build.0 = Debug|iPhoneSimulator
		{D6F5F6B4-D4E5-42C5-914D-A98EF1DE3DED}.AppStore|Any CPU.ActiveCfg = Debug|iPhoneSimulator
		{D6F5F6B4-D4E5-42C5-914D-A98EF1DE3DED}.AppStore|Any CPU.Build.0 = Debug|iPhoneSimulator
		{D6F5F6B4-D4E5-42C5-914D-A98EF1DE3DED}.AppStore|ARM.ActiveCfg = Debug|iPhoneSimulator
		{D6F5F6B4-D4E5-42C5-914D-A98EF1DE3DED}.AppStore|ARM.Build.0 = Debug|iPhoneSimulator
		{D6F5F6B4-D4E5-42C5-914D-A98EF1DE3DED}.AppStore|ARM64.ActiveCfg = Debug|iPhoneSimulator
		{D6F5F6B4-D4E5-42C5-914D-A98EF1DE3DED}.AppStore|ARM64.Build.0 = Debug|iPhoneSimulator
		{D6F5F6B4-D4E5-42C5-914D-A98EF1DE3DED}.AppStore|iPhone.ActiveCfg = Debug|iPhone
		{D6F5F6B4-D4E5-42C5-914D-A98EF1DE3DED}.AppStore|iPhone.Build.0 = Debug|iPhone
		{D6F5F6B4-D4E5-42C5-914D-A98EF1DE3DED}.AppStore|iPhoneSimulator.ActiveCfg = Debug|iPhoneSimulator
		{D6F5F6B4-D4E5-42C5-914D-A98EF1DE3DED}.AppStore|iPhoneSimulator.Build.0 = Debug|iPhoneSimulator
		{D6F5F6B4-D4E5-42C5-914D-A98EF1DE3DED}.AppStore|x64.ActiveCfg = Debug|iPhoneSimulator
		{D6F5F6B4-D4E5-42C5-914D-A98EF1DE3DED}.AppStore|x64.Build.0 = Debug|iPhoneSimulator
		{D6F5F6B4-D4E5-42C5-914D-A98EF1DE3DED}.AppStore|x86.ActiveCfg = Debug|iPhoneSimulator
		{D6F5F6B4-D4E5-42C5-914D-A98EF1DE3DED}.AppStore|x86.Build.0 = Debug|iPhoneSimulator
		{D6F5F6B4-D4E5-42C5-914D-A98EF1DE3DED}.Debug|Any CPU.ActiveCfg = Debug|iPhoneSimulator
		{D6F5F6B4-D4E5-42C5-914D-A98EF1DE3DED}.Debug|ARM.ActiveCfg = Debug|iPhoneSimulator
		{D6F5F6B4-D4E5-42C5-914D-A98EF1DE3DED}.Debug|ARM64.ActiveCfg = Debug|iPhoneSimulator
		{D6F5F6B4-D4E5-42C5-914D-A98EF1DE3DED}.Debug|iPhone.ActiveCfg = Debug|iPhone
		{D6F5F6B4-D4E5-42C5-914D-A98EF1DE3DED}.Debug|iPhone.Build.0 = Debug|iPhone
		{D6F5F6B4-D4E5-42C5-914D-A98EF1DE3DED}.Debug|iPhoneSimulator.ActiveCfg = Debug|iPhoneSimulator
		{D6F5F6B4-D4E5-42C5-914D-A98EF1DE3DED}.Debug|iPhoneSimulator.Build.0 = Debug|iPhoneSimulator
		{D6F5F6B4-D4E5-42C5-914D-A98EF1DE3DED}.Debug|x64.ActiveCfg = Debug|iPhoneSimulator
		{D6F5F6B4-D4E5-42C5-914D-A98EF1DE3DED}.Debug|x86.ActiveCfg = Debug|iPhoneSimulator
		{D6F5F6B4-D4E5-42C5-914D-A98EF1DE3DED}.Release|Any CPU.ActiveCfg = Release|iPhoneSimulator
		{D6F5F6B4-D4E5-42C5-914D-A98EF1DE3DED}.Release|ARM.ActiveCfg = Release|iPhoneSimulator
		{D6F5F6B4-D4E5-42C5-914D-A98EF1DE3DED}.Release|ARM64.ActiveCfg = Release|iPhoneSimulator
		{D6F5F6B4-D4E5-42C5-914D-A98EF1DE3DED}.Release|iPhone.ActiveCfg = Release|iPhone
		{D6F5F6B4-D4E5-42C5-914D-A98EF1DE3DED}.Release|iPhone.Build.0 = Release|iPhone
		{D6F5F6B4-D4E5-42C5-914D-A98EF1DE3DED}.Release|iPhoneSimulator.ActiveCfg = Release|iPhoneSimulator
		{D6F5F6B4-D4E5-42C5-914D-A98EF1DE3DED}.Release|iPhoneSimulator.Build.0 = Release|iPhoneSimulator
		{D6F5F6B4-D4E5-42C5-914D-A98EF1DE3DED}.Release|x64.ActiveCfg = Release|iPhoneSimulator
		{D6F5F6B4-D4E5-42C5-914D-A98EF1DE3DED}.Release|x86.ActiveCfg = Release|iPhoneSimulator
		{159B35E0-6E80-4641-9C13-2C059C877A0B}.Ad-Hoc|Any CPU.ActiveCfg = Debug|Any CPU
		{159B35E0-6E80-4641-9C13-2C059C877A0B}.Ad-Hoc|Any CPU.Build.0 = Debug|Any CPU
		{159B35E0-6E80-4641-9C13-2C059C877A0B}.Ad-Hoc|Any CPU.Deploy.0 = Debug|Any CPU
		{159B35E0-6E80-4641-9C13-2C059C877A0B}.Ad-Hoc|ARM.ActiveCfg = Debug|Any CPU
		{159B35E0-6E80-4641-9C13-2C059C877A0B}.Ad-Hoc|ARM.Build.0 = Debug|Any CPU
		{159B35E0-6E80-4641-9C13-2C059C877A0B}.Ad-Hoc|ARM.Deploy.0 = Debug|Any CPU
		{159B35E0-6E80-4641-9C13-2C059C877A0B}.Ad-Hoc|ARM64.ActiveCfg = Debug|Any CPU
		{159B35E0-6E80-4641-9C13-2C059C877A0B}.Ad-Hoc|ARM64.Build.0 = Debug|Any CPU
		{159B35E0-6E80-4641-9C13-2C059C877A0B}.Ad-Hoc|ARM64.Deploy.0 = Debug|Any CPU
		{159B35E0-6E80-4641-9C13-2C059C877A0B}.Ad-Hoc|iPhone.ActiveCfg = Debug|Any CPU
		{159B35E0-6E80-4641-9C13-2C059C877A0B}.Ad-Hoc|iPhone.Build.0 = Debug|Any CPU
		{159B35E0-6E80-4641-9C13-2C059C877A0B}.Ad-Hoc|iPhone.Deploy.0 = Debug|Any CPU
		{159B35E0-6E80-4641-9C13-2C059C877A0B}.Ad-Hoc|iPhoneSimulator.ActiveCfg = Debug|Any CPU
		{159B35E0-6E80-4641-9C13-2C059C877A0B}.Ad-Hoc|iPhoneSimulator.Build.0 = Debug|Any CPU
		{159B35E0-6E80-4641-9C13-2C059C877A0B}.Ad-Hoc|iPhoneSimulator.Deploy.0 = Debug|Any CPU
		{159B35E0-6E80-4641-9C13-2C059C877A0B}.Ad-Hoc|x64.ActiveCfg = Debug|Any CPU
		{159B35E0-6E80-4641-9C13-2C059C877A0B}.Ad-Hoc|x64.Build.0 = Debug|Any CPU
		{159B35E0-6E80-4641-9C13-2C059C877A0B}.Ad-Hoc|x64.Deploy.0 = Debug|Any CPU
		{159B35E0-6E80-4641-9C13-2C059C877A0B}.Ad-Hoc|x86.ActiveCfg = Debug|Any CPU
		{159B35E0-6E80-4641-9C13-2C059C877A0B}.Ad-Hoc|x86.Build.0 = Debug|Any CPU
		{159B35E0-6E80-4641-9C13-2C059C877A0B}.Ad-Hoc|x86.Deploy.0 = Debug|Any CPU
		{159B35E0-6E80-4641-9C13-2C059C877A0B}.AppStore|Any CPU.ActiveCfg = Debug|Any CPU
		{159B35E0-6E80-4641-9C13-2C059C877A0B}.AppStore|Any CPU.Build.0 = Debug|Any CPU
		{159B35E0-6E80-4641-9C13-2C059C877A0B}.AppStore|Any CPU.Deploy.0 = Debug|Any CPU
		{159B35E0-6E80-4641-9C13-2C059C877A0B}.AppStore|ARM.ActiveCfg = Debug|Any CPU
		{159B35E0-6E80-4641-9C13-2C059C877A0B}.AppStore|ARM.Build.0 = Debug|Any CPU
		{159B35E0-6E80-4641-9C13-2C059C877A0B}.AppStore|ARM.Deploy.0 = Debug|Any CPU
		{159B35E0-6E80-4641-9C13-2C059C877A0B}.AppStore|ARM64.ActiveCfg = Debug|Any CPU
		{159B35E0-6E80-4641-9C13-2C059C877A0B}.AppStore|ARM64.Build.0 = Debug|Any CPU
		{159B35E0-6E80-4641-9C13-2C059C877A0B}.AppStore|ARM64.Deploy.0 = Debug|Any CPU
		{159B35E0-6E80-4641-9C13-2C059C877A0B}.AppStore|iPhone.ActiveCfg = Debug|Any CPU
		{159B35E0-6E80-4641-9C13-2C059C877A0B}.AppStore|iPhone.Build.0 = Debug|Any CPU
		{159B35E0-6E80-4641-9C13-2C059C877A0B}.AppStore|iPhone.Deploy.0 = Debug|Any CPU
		{159B35E0-6E80-4641-9C13-2C059C877A0B}.AppStore|iPhoneSimulator.ActiveCfg = Debug|Any CPU
		{159B35E0-6E80-4641-9C13-2C059C877A0B}.AppStore|iPhoneSimulator.Build.0 = Debug|Any CPU
		{159B35E0-6E80-4641-9C13-2C059C877A0B}.AppStore|iPhoneSimulator.Deploy.0 = Debug|Any CPU
		{159B35E0-6E80-4641-9C13-2C059C877A0B}.AppStore|x64.ActiveCfg = Debug|Any CPU
		{159B35E0-6E80-4641-9C13-2C059C877A0B}.AppStore|x64.Build.0 = Debug|Any CPU
		{159B35E0-6E80-4641-9C13-2C059C877A0B}.AppStore|x64.Deploy.0 = Debug|Any CPU
		{159B35E0-6E80-4641-9C13-2C059C877A0B}.AppStore|x86.ActiveCfg = Debug|Any CPU
		{159B35E0-6E80-4641-9C13-2C059C877A0B}.AppStore|x86.Build.0 = Debug|Any CPU
		{159B35E0-6E80-4641-9C13-2C059C877A0B}.AppStore|x86.Deploy.0 = Debug|Any CPU
		{159B35E0-6E80-4641-9C13-2C059C877A0B}.Debug|Any CPU.ActiveCfg = Debug|Any CPU
		{159B35E0-6E80-4641-9C13-2C059C877A0B}.Debug|Any CPU.Build.0 = Debug|Any CPU
		{159B35E0-6E80-4641-9C13-2C059C877A0B}.Debug|Any CPU.Deploy.0 = Debug|Any CPU
		{159B35E0-6E80-4641-9C13-2C059C877A0B}.Debug|ARM.ActiveCfg = Debug|Any CPU
		{159B35E0-6E80-4641-9C13-2C059C877A0B}.Debug|ARM.Build.0 = Debug|Any CPU
		{159B35E0-6E80-4641-9C13-2C059C877A0B}.Debug|ARM.Deploy.0 = Debug|Any CPU
		{159B35E0-6E80-4641-9C13-2C059C877A0B}.Debug|ARM64.ActiveCfg = Debug|Any CPU
		{159B35E0-6E80-4641-9C13-2C059C877A0B}.Debug|ARM64.Build.0 = Debug|Any CPU
		{159B35E0-6E80-4641-9C13-2C059C877A0B}.Debug|ARM64.Deploy.0 = Debug|Any CPU
		{159B35E0-6E80-4641-9C13-2C059C877A0B}.Debug|iPhone.ActiveCfg = Debug|Any CPU
		{159B35E0-6E80-4641-9C13-2C059C877A0B}.Debug|iPhone.Build.0 = Debug|Any CPU
		{159B35E0-6E80-4641-9C13-2C059C877A0B}.Debug|iPhone.Deploy.0 = Debug|Any CPU
		{159B35E0-6E80-4641-9C13-2C059C877A0B}.Debug|iPhoneSimulator.ActiveCfg = Debug|Any CPU
		{159B35E0-6E80-4641-9C13-2C059C877A0B}.Debug|iPhoneSimulator.Build.0 = Debug|Any CPU
		{159B35E0-6E80-4641-9C13-2C059C877A0B}.Debug|iPhoneSimulator.Deploy.0 = Debug|Any CPU
		{159B35E0-6E80-4641-9C13-2C059C877A0B}.Debug|x64.ActiveCfg = Debug|Any CPU
		{159B35E0-6E80-4641-9C13-2C059C877A0B}.Debug|x64.Build.0 = Debug|Any CPU
		{159B35E0-6E80-4641-9C13-2C059C877A0B}.Debug|x64.Deploy.0 = Debug|Any CPU
		{159B35E0-6E80-4641-9C13-2C059C877A0B}.Debug|x86.ActiveCfg = Debug|Any CPU
		{159B35E0-6E80-4641-9C13-2C059C877A0B}.Debug|x86.Build.0 = Debug|Any CPU
		{159B35E0-6E80-4641-9C13-2C059C877A0B}.Debug|x86.Deploy.0 = Debug|Any CPU
		{159B35E0-6E80-4641-9C13-2C059C877A0B}.Release|Any CPU.ActiveCfg = Release|Any CPU
		{159B35E0-6E80-4641-9C13-2C059C877A0B}.Release|Any CPU.Build.0 = Release|Any CPU
		{159B35E0-6E80-4641-9C13-2C059C877A0B}.Release|Any CPU.Deploy.0 = Release|Any CPU
		{159B35E0-6E80-4641-9C13-2C059C877A0B}.Release|ARM.ActiveCfg = Release|Any CPU
		{159B35E0-6E80-4641-9C13-2C059C877A0B}.Release|ARM.Build.0 = Release|Any CPU
		{159B35E0-6E80-4641-9C13-2C059C877A0B}.Release|ARM.Deploy.0 = Release|Any CPU
		{159B35E0-6E80-4641-9C13-2C059C877A0B}.Release|ARM64.ActiveCfg = Release|Any CPU
		{159B35E0-6E80-4641-9C13-2C059C877A0B}.Release|ARM64.Build.0 = Release|Any CPU
		{159B35E0-6E80-4641-9C13-2C059C877A0B}.Release|ARM64.Deploy.0 = Release|Any CPU
		{159B35E0-6E80-4641-9C13-2C059C877A0B}.Release|iPhone.ActiveCfg = Release|Any CPU
		{159B35E0-6E80-4641-9C13-2C059C877A0B}.Release|iPhone.Build.0 = Release|Any CPU
		{159B35E0-6E80-4641-9C13-2C059C877A0B}.Release|iPhone.Deploy.0 = Release|Any CPU
		{159B35E0-6E80-4641-9C13-2C059C877A0B}.Release|iPhoneSimulator.ActiveCfg = Release|Any CPU
		{159B35E0-6E80-4641-9C13-2C059C877A0B}.Release|iPhoneSimulator.Build.0 = Release|Any CPU
		{159B35E0-6E80-4641-9C13-2C059C877A0B}.Release|iPhoneSimulator.Deploy.0 = Release|Any CPU
		{159B35E0-6E80-4641-9C13-2C059C877A0B}.Release|x64.ActiveCfg = Release|Any CPU
		{159B35E0-6E80-4641-9C13-2C059C877A0B}.Release|x64.Build.0 = Release|Any CPU
		{159B35E0-6E80-4641-9C13-2C059C877A0B}.Release|x64.Deploy.0 = Release|Any CPU
		{159B35E0-6E80-4641-9C13-2C059C877A0B}.Release|x86.ActiveCfg = Release|Any CPU
		{159B35E0-6E80-4641-9C13-2C059C877A0B}.Release|x86.Build.0 = Release|Any CPU
		{159B35E0-6E80-4641-9C13-2C059C877A0B}.Release|x86.Deploy.0 = Release|Any CPU
		{F943444A-B698-4973-95CA-6EDB5B1BCBB7}.Ad-Hoc|Any CPU.ActiveCfg = Debug|Any CPU
		{F943444A-B698-4973-95CA-6EDB5B1BCBB7}.Ad-Hoc|Any CPU.Build.0 = Debug|Any CPU
		{F943444A-B698-4973-95CA-6EDB5B1BCBB7}.Ad-Hoc|ARM.ActiveCfg = Debug|Any CPU
		{F943444A-B698-4973-95CA-6EDB5B1BCBB7}.Ad-Hoc|ARM.Build.0 = Debug|Any CPU
		{F943444A-B698-4973-95CA-6EDB5B1BCBB7}.Ad-Hoc|ARM64.ActiveCfg = Debug|Any CPU
		{F943444A-B698-4973-95CA-6EDB5B1BCBB7}.Ad-Hoc|ARM64.Build.0 = Debug|Any CPU
		{F943444A-B698-4973-95CA-6EDB5B1BCBB7}.Ad-Hoc|iPhone.ActiveCfg = Debug|Any CPU
		{F943444A-B698-4973-95CA-6EDB5B1BCBB7}.Ad-Hoc|iPhone.Build.0 = Debug|Any CPU
		{F943444A-B698-4973-95CA-6EDB5B1BCBB7}.Ad-Hoc|iPhoneSimulator.ActiveCfg = Debug|Any CPU
		{F943444A-B698-4973-95CA-6EDB5B1BCBB7}.Ad-Hoc|iPhoneSimulator.Build.0 = Debug|Any CPU
		{F943444A-B698-4973-95CA-6EDB5B1BCBB7}.Ad-Hoc|x64.ActiveCfg = Debug|Any CPU
		{F943444A-B698-4973-95CA-6EDB5B1BCBB7}.Ad-Hoc|x64.Build.0 = Debug|Any CPU
		{F943444A-B698-4973-95CA-6EDB5B1BCBB7}.Ad-Hoc|x86.ActiveCfg = Debug|Any CPU
		{F943444A-B698-4973-95CA-6EDB5B1BCBB7}.Ad-Hoc|x86.Build.0 = Debug|Any CPU
		{F943444A-B698-4973-95CA-6EDB5B1BCBB7}.AppStore|Any CPU.ActiveCfg = Debug|Any CPU
		{F943444A-B698-4973-95CA-6EDB5B1BCBB7}.AppStore|Any CPU.Build.0 = Debug|Any CPU
		{F943444A-B698-4973-95CA-6EDB5B1BCBB7}.AppStore|ARM.ActiveCfg = Debug|Any CPU
		{F943444A-B698-4973-95CA-6EDB5B1BCBB7}.AppStore|ARM.Build.0 = Debug|Any CPU
		{F943444A-B698-4973-95CA-6EDB5B1BCBB7}.AppStore|ARM64.ActiveCfg = Debug|Any CPU
		{F943444A-B698-4973-95CA-6EDB5B1BCBB7}.AppStore|ARM64.Build.0 = Debug|Any CPU
		{F943444A-B698-4973-95CA-6EDB5B1BCBB7}.AppStore|iPhone.ActiveCfg = Debug|Any CPU
		{F943444A-B698-4973-95CA-6EDB5B1BCBB7}.AppStore|iPhone.Build.0 = Debug|Any CPU
		{F943444A-B698-4973-95CA-6EDB5B1BCBB7}.AppStore|iPhoneSimulator.ActiveCfg = Debug|Any CPU
		{F943444A-B698-4973-95CA-6EDB5B1BCBB7}.AppStore|iPhoneSimulator.Build.0 = Debug|Any CPU
		{F943444A-B698-4973-95CA-6EDB5B1BCBB7}.AppStore|x64.ActiveCfg = Debug|Any CPU
		{F943444A-B698-4973-95CA-6EDB5B1BCBB7}.AppStore|x64.Build.0 = Debug|Any CPU
		{F943444A-B698-4973-95CA-6EDB5B1BCBB7}.AppStore|x86.ActiveCfg = Debug|Any CPU
		{F943444A-B698-4973-95CA-6EDB5B1BCBB7}.AppStore|x86.Build.0 = Debug|Any CPU
		{F943444A-B698-4973-95CA-6EDB5B1BCBB7}.Debug|Any CPU.ActiveCfg = Debug|Any CPU
		{F943444A-B698-4973-95CA-6EDB5B1BCBB7}.Debug|Any CPU.Build.0 = Debug|Any CPU
		{F943444A-B698-4973-95CA-6EDB5B1BCBB7}.Debug|ARM.ActiveCfg = Debug|Any CPU
		{F943444A-B698-4973-95CA-6EDB5B1BCBB7}.Debug|ARM.Build.0 = Debug|Any CPU
		{F943444A-B698-4973-95CA-6EDB5B1BCBB7}.Debug|ARM64.ActiveCfg = Debug|Any CPU
		{F943444A-B698-4973-95CA-6EDB5B1BCBB7}.Debug|ARM64.Build.0 = Debug|Any CPU
		{F943444A-B698-4973-95CA-6EDB5B1BCBB7}.Debug|iPhone.ActiveCfg = Debug|Any CPU
		{F943444A-B698-4973-95CA-6EDB5B1BCBB7}.Debug|iPhone.Build.0 = Debug|Any CPU
		{F943444A-B698-4973-95CA-6EDB5B1BCBB7}.Debug|iPhoneSimulator.ActiveCfg = Debug|Any CPU
		{F943444A-B698-4973-95CA-6EDB5B1BCBB7}.Debug|iPhoneSimulator.Build.0 = Debug|Any CPU
		{F943444A-B698-4973-95CA-6EDB5B1BCBB7}.Debug|x64.ActiveCfg = Debug|Any CPU
		{F943444A-B698-4973-95CA-6EDB5B1BCBB7}.Debug|x64.Build.0 = Debug|Any CPU
		{F943444A-B698-4973-95CA-6EDB5B1BCBB7}.Debug|x86.ActiveCfg = Debug|Any CPU
		{F943444A-B698-4973-95CA-6EDB5B1BCBB7}.Debug|x86.Build.0 = Debug|Any CPU
		{F943444A-B698-4973-95CA-6EDB5B1BCBB7}.Release|Any CPU.ActiveCfg = Release|Any CPU
		{F943444A-B698-4973-95CA-6EDB5B1BCBB7}.Release|Any CPU.Build.0 = Release|Any CPU
		{F943444A-B698-4973-95CA-6EDB5B1BCBB7}.Release|ARM.ActiveCfg = Release|Any CPU
		{F943444A-B698-4973-95CA-6EDB5B1BCBB7}.Release|ARM.Build.0 = Release|Any CPU
		{F943444A-B698-4973-95CA-6EDB5B1BCBB7}.Release|ARM64.ActiveCfg = Release|Any CPU
		{F943444A-B698-4973-95CA-6EDB5B1BCBB7}.Release|ARM64.Build.0 = Release|Any CPU
		{F943444A-B698-4973-95CA-6EDB5B1BCBB7}.Release|iPhone.ActiveCfg = Release|Any CPU
		{F943444A-B698-4973-95CA-6EDB5B1BCBB7}.Release|iPhone.Build.0 = Release|Any CPU
		{F943444A-B698-4973-95CA-6EDB5B1BCBB7}.Release|iPhoneSimulator.ActiveCfg = Release|Any CPU
		{F943444A-B698-4973-95CA-6EDB5B1BCBB7}.Release|iPhoneSimulator.Build.0 = Release|Any CPU
		{F943444A-B698-4973-95CA-6EDB5B1BCBB7}.Release|x64.ActiveCfg = Release|Any CPU
		{F943444A-B698-4973-95CA-6EDB5B1BCBB7}.Release|x64.Build.0 = Release|Any CPU
		{F943444A-B698-4973-95CA-6EDB5B1BCBB7}.Release|x86.ActiveCfg = Release|Any CPU
		{F943444A-B698-4973-95CA-6EDB5B1BCBB7}.Release|x86.Build.0 = Release|Any CPU
		{3E9908E5-C1BC-4D55-B64F-8AF9DAE47D9A}.Ad-Hoc|Any CPU.ActiveCfg = Debug|x64
		{3E9908E5-C1BC-4D55-B64F-8AF9DAE47D9A}.Ad-Hoc|Any CPU.Build.0 = Debug|x64
		{3E9908E5-C1BC-4D55-B64F-8AF9DAE47D9A}.Ad-Hoc|Any CPU.Deploy.0 = Debug|x64
		{3E9908E5-C1BC-4D55-B64F-8AF9DAE47D9A}.Ad-Hoc|ARM.ActiveCfg = Debug|x64
		{3E9908E5-C1BC-4D55-B64F-8AF9DAE47D9A}.Ad-Hoc|ARM.Build.0 = Debug|x64
		{3E9908E5-C1BC-4D55-B64F-8AF9DAE47D9A}.Ad-Hoc|ARM.Deploy.0 = Debug|x64
		{3E9908E5-C1BC-4D55-B64F-8AF9DAE47D9A}.Ad-Hoc|ARM64.ActiveCfg = Debug|arm64
		{3E9908E5-C1BC-4D55-B64F-8AF9DAE47D9A}.Ad-Hoc|ARM64.Build.0 = Debug|arm64
		{3E9908E5-C1BC-4D55-B64F-8AF9DAE47D9A}.Ad-Hoc|ARM64.Deploy.0 = Debug|arm64
		{3E9908E5-C1BC-4D55-B64F-8AF9DAE47D9A}.Ad-Hoc|iPhone.ActiveCfg = Debug|x64
		{3E9908E5-C1BC-4D55-B64F-8AF9DAE47D9A}.Ad-Hoc|iPhone.Build.0 = Debug|x64
		{3E9908E5-C1BC-4D55-B64F-8AF9DAE47D9A}.Ad-Hoc|iPhone.Deploy.0 = Debug|x64
		{3E9908E5-C1BC-4D55-B64F-8AF9DAE47D9A}.Ad-Hoc|iPhoneSimulator.ActiveCfg = Debug|x64
		{3E9908E5-C1BC-4D55-B64F-8AF9DAE47D9A}.Ad-Hoc|iPhoneSimulator.Build.0 = Debug|x64
		{3E9908E5-C1BC-4D55-B64F-8AF9DAE47D9A}.Ad-Hoc|iPhoneSimulator.Deploy.0 = Debug|x64
		{3E9908E5-C1BC-4D55-B64F-8AF9DAE47D9A}.Ad-Hoc|x64.ActiveCfg = Debug|x64
		{3E9908E5-C1BC-4D55-B64F-8AF9DAE47D9A}.Ad-Hoc|x64.Build.0 = Debug|x64
		{3E9908E5-C1BC-4D55-B64F-8AF9DAE47D9A}.Ad-Hoc|x64.Deploy.0 = Debug|x64
		{3E9908E5-C1BC-4D55-B64F-8AF9DAE47D9A}.Ad-Hoc|x86.ActiveCfg = Debug|x86
		{3E9908E5-C1BC-4D55-B64F-8AF9DAE47D9A}.Ad-Hoc|x86.Build.0 = Debug|x86
		{3E9908E5-C1BC-4D55-B64F-8AF9DAE47D9A}.Ad-Hoc|x86.Deploy.0 = Debug|x86
		{3E9908E5-C1BC-4D55-B64F-8AF9DAE47D9A}.AppStore|Any CPU.ActiveCfg = Debug|x64
		{3E9908E5-C1BC-4D55-B64F-8AF9DAE47D9A}.AppStore|Any CPU.Build.0 = Debug|x64
		{3E9908E5-C1BC-4D55-B64F-8AF9DAE47D9A}.AppStore|Any CPU.Deploy.0 = Debug|x64
		{3E9908E5-C1BC-4D55-B64F-8AF9DAE47D9A}.AppStore|ARM.ActiveCfg = Debug|x64
		{3E9908E5-C1BC-4D55-B64F-8AF9DAE47D9A}.AppStore|ARM.Build.0 = Debug|x64
		{3E9908E5-C1BC-4D55-B64F-8AF9DAE47D9A}.AppStore|ARM.Deploy.0 = Debug|x64
		{3E9908E5-C1BC-4D55-B64F-8AF9DAE47D9A}.AppStore|ARM64.ActiveCfg = Debug|arm64
		{3E9908E5-C1BC-4D55-B64F-8AF9DAE47D9A}.AppStore|ARM64.Build.0 = Debug|arm64
		{3E9908E5-C1BC-4D55-B64F-8AF9DAE47D9A}.AppStore|ARM64.Deploy.0 = Debug|arm64
		{3E9908E5-C1BC-4D55-B64F-8AF9DAE47D9A}.AppStore|iPhone.ActiveCfg = Debug|x64
		{3E9908E5-C1BC-4D55-B64F-8AF9DAE47D9A}.AppStore|iPhone.Build.0 = Debug|x64
		{3E9908E5-C1BC-4D55-B64F-8AF9DAE47D9A}.AppStore|iPhone.Deploy.0 = Debug|x64
		{3E9908E5-C1BC-4D55-B64F-8AF9DAE47D9A}.AppStore|iPhoneSimulator.ActiveCfg = Debug|x64
		{3E9908E5-C1BC-4D55-B64F-8AF9DAE47D9A}.AppStore|iPhoneSimulator.Build.0 = Debug|x64
		{3E9908E5-C1BC-4D55-B64F-8AF9DAE47D9A}.AppStore|iPhoneSimulator.Deploy.0 = Debug|x64
		{3E9908E5-C1BC-4D55-B64F-8AF9DAE47D9A}.AppStore|x64.ActiveCfg = Debug|x64
		{3E9908E5-C1BC-4D55-B64F-8AF9DAE47D9A}.AppStore|x64.Build.0 = Debug|x64
		{3E9908E5-C1BC-4D55-B64F-8AF9DAE47D9A}.AppStore|x64.Deploy.0 = Debug|x64
		{3E9908E5-C1BC-4D55-B64F-8AF9DAE47D9A}.AppStore|x86.ActiveCfg = Debug|x86
		{3E9908E5-C1BC-4D55-B64F-8AF9DAE47D9A}.AppStore|x86.Build.0 = Debug|x86
		{3E9908E5-C1BC-4D55-B64F-8AF9DAE47D9A}.AppStore|x86.Deploy.0 = Debug|x86
		{3E9908E5-C1BC-4D55-B64F-8AF9DAE47D9A}.Debug|Any CPU.ActiveCfg = Debug|x64
		{3E9908E5-C1BC-4D55-B64F-8AF9DAE47D9A}.Debug|Any CPU.Build.0 = Debug|x64
		{3E9908E5-C1BC-4D55-B64F-8AF9DAE47D9A}.Debug|Any CPU.Deploy.0 = Debug|x64
		{3E9908E5-C1BC-4D55-B64F-8AF9DAE47D9A}.Debug|ARM.ActiveCfg = Debug|x64
		{3E9908E5-C1BC-4D55-B64F-8AF9DAE47D9A}.Debug|ARM.Build.0 = Debug|x64
		{3E9908E5-C1BC-4D55-B64F-8AF9DAE47D9A}.Debug|ARM.Deploy.0 = Debug|x64
		{3E9908E5-C1BC-4D55-B64F-8AF9DAE47D9A}.Debug|ARM64.ActiveCfg = Debug|arm64
		{3E9908E5-C1BC-4D55-B64F-8AF9DAE47D9A}.Debug|ARM64.Build.0 = Debug|arm64
		{3E9908E5-C1BC-4D55-B64F-8AF9DAE47D9A}.Debug|ARM64.Deploy.0 = Debug|arm64
		{3E9908E5-C1BC-4D55-B64F-8AF9DAE47D9A}.Debug|iPhone.ActiveCfg = Debug|x64
		{3E9908E5-C1BC-4D55-B64F-8AF9DAE47D9A}.Debug|iPhone.Build.0 = Debug|x64
		{3E9908E5-C1BC-4D55-B64F-8AF9DAE47D9A}.Debug|iPhone.Deploy.0 = Debug|x64
		{3E9908E5-C1BC-4D55-B64F-8AF9DAE47D9A}.Debug|iPhoneSimulator.ActiveCfg = Debug|x64
		{3E9908E5-C1BC-4D55-B64F-8AF9DAE47D9A}.Debug|iPhoneSimulator.Build.0 = Debug|x64
		{3E9908E5-C1BC-4D55-B64F-8AF9DAE47D9A}.Debug|iPhoneSimulator.Deploy.0 = Debug|x64
		{3E9908E5-C1BC-4D55-B64F-8AF9DAE47D9A}.Debug|x64.ActiveCfg = Debug|x64
		{3E9908E5-C1BC-4D55-B64F-8AF9DAE47D9A}.Debug|x64.Build.0 = Debug|x64
		{3E9908E5-C1BC-4D55-B64F-8AF9DAE47D9A}.Debug|x64.Deploy.0 = Debug|x64
		{3E9908E5-C1BC-4D55-B64F-8AF9DAE47D9A}.Debug|x86.ActiveCfg = Debug|x86
		{3E9908E5-C1BC-4D55-B64F-8AF9DAE47D9A}.Debug|x86.Build.0 = Debug|x86
		{3E9908E5-C1BC-4D55-B64F-8AF9DAE47D9A}.Debug|x86.Deploy.0 = Debug|x86
		{3E9908E5-C1BC-4D55-B64F-8AF9DAE47D9A}.Release|Any CPU.ActiveCfg = Release|x64
		{3E9908E5-C1BC-4D55-B64F-8AF9DAE47D9A}.Release|Any CPU.Build.0 = Release|x64
		{3E9908E5-C1BC-4D55-B64F-8AF9DAE47D9A}.Release|Any CPU.Deploy.0 = Release|x64
		{3E9908E5-C1BC-4D55-B64F-8AF9DAE47D9A}.Release|ARM.ActiveCfg = Release|x64
		{3E9908E5-C1BC-4D55-B64F-8AF9DAE47D9A}.Release|ARM.Build.0 = Release|x64
		{3E9908E5-C1BC-4D55-B64F-8AF9DAE47D9A}.Release|ARM.Deploy.0 = Release|x64
		{3E9908E5-C1BC-4D55-B64F-8AF9DAE47D9A}.Release|ARM64.ActiveCfg = Release|arm64
		{3E9908E5-C1BC-4D55-B64F-8AF9DAE47D9A}.Release|ARM64.Build.0 = Release|arm64
		{3E9908E5-C1BC-4D55-B64F-8AF9DAE47D9A}.Release|ARM64.Deploy.0 = Release|arm64
		{3E9908E5-C1BC-4D55-B64F-8AF9DAE47D9A}.Release|iPhone.ActiveCfg = Release|x64
		{3E9908E5-C1BC-4D55-B64F-8AF9DAE47D9A}.Release|iPhone.Build.0 = Release|x64
		{3E9908E5-C1BC-4D55-B64F-8AF9DAE47D9A}.Release|iPhone.Deploy.0 = Release|x64
		{3E9908E5-C1BC-4D55-B64F-8AF9DAE47D9A}.Release|iPhoneSimulator.ActiveCfg = Release|x64
		{3E9908E5-C1BC-4D55-B64F-8AF9DAE47D9A}.Release|iPhoneSimulator.Build.0 = Release|x64
		{3E9908E5-C1BC-4D55-B64F-8AF9DAE47D9A}.Release|iPhoneSimulator.Deploy.0 = Release|x64
		{3E9908E5-C1BC-4D55-B64F-8AF9DAE47D9A}.Release|x64.ActiveCfg = Release|x64
		{3E9908E5-C1BC-4D55-B64F-8AF9DAE47D9A}.Release|x64.Build.0 = Release|x64
		{3E9908E5-C1BC-4D55-B64F-8AF9DAE47D9A}.Release|x64.Deploy.0 = Release|x64
		{3E9908E5-C1BC-4D55-B64F-8AF9DAE47D9A}.Release|x86.ActiveCfg = Release|x86
		{3E9908E5-C1BC-4D55-B64F-8AF9DAE47D9A}.Release|x86.Build.0 = Release|x86
		{3E9908E5-C1BC-4D55-B64F-8AF9DAE47D9A}.Release|x86.Deploy.0 = Release|x86
		{F190B4E4-FD01-461C-9960-293489B66922}.Ad-Hoc|Any CPU.ActiveCfg = Debug|Any CPU
		{F190B4E4-FD01-461C-9960-293489B66922}.Ad-Hoc|Any CPU.Build.0 = Debug|Any CPU
		{F190B4E4-FD01-461C-9960-293489B66922}.Ad-Hoc|Any CPU.Deploy.0 = Debug|Any CPU
		{F190B4E4-FD01-461C-9960-293489B66922}.Ad-Hoc|ARM.ActiveCfg = Debug|Any CPU
		{F190B4E4-FD01-461C-9960-293489B66922}.Ad-Hoc|ARM.Build.0 = Debug|Any CPU
		{F190B4E4-FD01-461C-9960-293489B66922}.Ad-Hoc|ARM.Deploy.0 = Debug|Any CPU
		{F190B4E4-FD01-461C-9960-293489B66922}.Ad-Hoc|ARM64.ActiveCfg = Debug|Any CPU
		{F190B4E4-FD01-461C-9960-293489B66922}.Ad-Hoc|ARM64.Build.0 = Debug|Any CPU
		{F190B4E4-FD01-461C-9960-293489B66922}.Ad-Hoc|ARM64.Deploy.0 = Debug|Any CPU
		{F190B4E4-FD01-461C-9960-293489B66922}.Ad-Hoc|iPhone.ActiveCfg = Debug|Any CPU
		{F190B4E4-FD01-461C-9960-293489B66922}.Ad-Hoc|iPhone.Build.0 = Debug|Any CPU
		{F190B4E4-FD01-461C-9960-293489B66922}.Ad-Hoc|iPhone.Deploy.0 = Debug|Any CPU
		{F190B4E4-FD01-461C-9960-293489B66922}.Ad-Hoc|iPhoneSimulator.ActiveCfg = Debug|Any CPU
		{F190B4E4-FD01-461C-9960-293489B66922}.Ad-Hoc|iPhoneSimulator.Build.0 = Debug|Any CPU
		{F190B4E4-FD01-461C-9960-293489B66922}.Ad-Hoc|iPhoneSimulator.Deploy.0 = Debug|Any CPU
		{F190B4E4-FD01-461C-9960-293489B66922}.Ad-Hoc|x64.ActiveCfg = Debug|Any CPU
		{F190B4E4-FD01-461C-9960-293489B66922}.Ad-Hoc|x64.Build.0 = Debug|Any CPU
		{F190B4E4-FD01-461C-9960-293489B66922}.Ad-Hoc|x64.Deploy.0 = Debug|Any CPU
		{F190B4E4-FD01-461C-9960-293489B66922}.Ad-Hoc|x86.ActiveCfg = Debug|Any CPU
		{F190B4E4-FD01-461C-9960-293489B66922}.Ad-Hoc|x86.Build.0 = Debug|Any CPU
		{F190B4E4-FD01-461C-9960-293489B66922}.Ad-Hoc|x86.Deploy.0 = Debug|Any CPU
		{F190B4E4-FD01-461C-9960-293489B66922}.AppStore|Any CPU.ActiveCfg = Debug|Any CPU
		{F190B4E4-FD01-461C-9960-293489B66922}.AppStore|Any CPU.Build.0 = Debug|Any CPU
		{F190B4E4-FD01-461C-9960-293489B66922}.AppStore|Any CPU.Deploy.0 = Debug|Any CPU
		{F190B4E4-FD01-461C-9960-293489B66922}.AppStore|ARM.ActiveCfg = Debug|Any CPU
		{F190B4E4-FD01-461C-9960-293489B66922}.AppStore|ARM.Build.0 = Debug|Any CPU
		{F190B4E4-FD01-461C-9960-293489B66922}.AppStore|ARM.Deploy.0 = Debug|Any CPU
		{F190B4E4-FD01-461C-9960-293489B66922}.AppStore|ARM64.ActiveCfg = Debug|Any CPU
		{F190B4E4-FD01-461C-9960-293489B66922}.AppStore|ARM64.Build.0 = Debug|Any CPU
		{F190B4E4-FD01-461C-9960-293489B66922}.AppStore|ARM64.Deploy.0 = Debug|Any CPU
		{F190B4E4-FD01-461C-9960-293489B66922}.AppStore|iPhone.ActiveCfg = Debug|Any CPU
		{F190B4E4-FD01-461C-9960-293489B66922}.AppStore|iPhone.Build.0 = Debug|Any CPU
		{F190B4E4-FD01-461C-9960-293489B66922}.AppStore|iPhone.Deploy.0 = Debug|Any CPU
		{F190B4E4-FD01-461C-9960-293489B66922}.AppStore|iPhoneSimulator.ActiveCfg = Debug|Any CPU
		{F190B4E4-FD01-461C-9960-293489B66922}.AppStore|iPhoneSimulator.Build.0 = Debug|Any CPU
		{F190B4E4-FD01-461C-9960-293489B66922}.AppStore|iPhoneSimulator.Deploy.0 = Debug|Any CPU
		{F190B4E4-FD01-461C-9960-293489B66922}.AppStore|x64.ActiveCfg = Debug|Any CPU
		{F190B4E4-FD01-461C-9960-293489B66922}.AppStore|x64.Build.0 = Debug|Any CPU
		{F190B4E4-FD01-461C-9960-293489B66922}.AppStore|x64.Deploy.0 = Debug|Any CPU
		{F190B4E4-FD01-461C-9960-293489B66922}.AppStore|x86.ActiveCfg = Debug|Any CPU
		{F190B4E4-FD01-461C-9960-293489B66922}.AppStore|x86.Build.0 = Debug|Any CPU
		{F190B4E4-FD01-461C-9960-293489B66922}.AppStore|x86.Deploy.0 = Debug|Any CPU
		{F190B4E4-FD01-461C-9960-293489B66922}.Debug|Any CPU.ActiveCfg = Debug|Any CPU
		{F190B4E4-FD01-461C-9960-293489B66922}.Debug|Any CPU.Build.0 = Debug|Any CPU
		{F190B4E4-FD01-461C-9960-293489B66922}.Debug|Any CPU.Deploy.0 = Debug|Any CPU
		{F190B4E4-FD01-461C-9960-293489B66922}.Debug|ARM.ActiveCfg = Debug|Any CPU
		{F190B4E4-FD01-461C-9960-293489B66922}.Debug|ARM.Build.0 = Debug|Any CPU
		{F190B4E4-FD01-461C-9960-293489B66922}.Debug|ARM.Deploy.0 = Debug|Any CPU
		{F190B4E4-FD01-461C-9960-293489B66922}.Debug|ARM64.ActiveCfg = Debug|Any CPU
		{F190B4E4-FD01-461C-9960-293489B66922}.Debug|ARM64.Build.0 = Debug|Any CPU
		{F190B4E4-FD01-461C-9960-293489B66922}.Debug|ARM64.Deploy.0 = Debug|Any CPU
		{F190B4E4-FD01-461C-9960-293489B66922}.Debug|iPhone.ActiveCfg = Debug|Any CPU
		{F190B4E4-FD01-461C-9960-293489B66922}.Debug|iPhone.Build.0 = Debug|Any CPU
		{F190B4E4-FD01-461C-9960-293489B66922}.Debug|iPhone.Deploy.0 = Debug|Any CPU
		{F190B4E4-FD01-461C-9960-293489B66922}.Debug|iPhoneSimulator.ActiveCfg = Debug|Any CPU
		{F190B4E4-FD01-461C-9960-293489B66922}.Debug|iPhoneSimulator.Build.0 = Debug|Any CPU
		{F190B4E4-FD01-461C-9960-293489B66922}.Debug|iPhoneSimulator.Deploy.0 = Debug|Any CPU
		{F190B4E4-FD01-461C-9960-293489B66922}.Debug|x64.ActiveCfg = Debug|Any CPU
		{F190B4E4-FD01-461C-9960-293489B66922}.Debug|x64.Build.0 = Debug|Any CPU
		{F190B4E4-FD01-461C-9960-293489B66922}.Debug|x64.Deploy.0 = Debug|Any CPU
		{F190B4E4-FD01-461C-9960-293489B66922}.Debug|x86.ActiveCfg = Debug|Any CPU
		{F190B4E4-FD01-461C-9960-293489B66922}.Debug|x86.Build.0 = Debug|Any CPU
		{F190B4E4-FD01-461C-9960-293489B66922}.Debug|x86.Deploy.0 = Debug|Any CPU
		{F190B4E4-FD01-461C-9960-293489B66922}.Release|Any CPU.ActiveCfg = Release|Any CPU
		{F190B4E4-FD01-461C-9960-293489B66922}.Release|Any CPU.Build.0 = Release|Any CPU
		{F190B4E4-FD01-461C-9960-293489B66922}.Release|Any CPU.Deploy.0 = Release|Any CPU
		{F190B4E4-FD01-461C-9960-293489B66922}.Release|ARM.ActiveCfg = Release|Any CPU
		{F190B4E4-FD01-461C-9960-293489B66922}.Release|ARM.Build.0 = Release|Any CPU
		{F190B4E4-FD01-461C-9960-293489B66922}.Release|ARM.Deploy.0 = Release|Any CPU
		{F190B4E4-FD01-461C-9960-293489B66922}.Release|ARM64.ActiveCfg = Release|Any CPU
		{F190B4E4-FD01-461C-9960-293489B66922}.Release|ARM64.Build.0 = Release|Any CPU
		{F190B4E4-FD01-461C-9960-293489B66922}.Release|ARM64.Deploy.0 = Release|Any CPU
		{F190B4E4-FD01-461C-9960-293489B66922}.Release|iPhone.ActiveCfg = Release|Any CPU
		{F190B4E4-FD01-461C-9960-293489B66922}.Release|iPhone.Build.0 = Release|Any CPU
		{F190B4E4-FD01-461C-9960-293489B66922}.Release|iPhone.Deploy.0 = Release|Any CPU
		{F190B4E4-FD01-461C-9960-293489B66922}.Release|iPhoneSimulator.ActiveCfg = Release|Any CPU
		{F190B4E4-FD01-461C-9960-293489B66922}.Release|iPhoneSimulator.Build.0 = Release|Any CPU
		{F190B4E4-FD01-461C-9960-293489B66922}.Release|iPhoneSimulator.Deploy.0 = Release|Any CPU
		{F190B4E4-FD01-461C-9960-293489B66922}.Release|x64.ActiveCfg = Release|Any CPU
		{F190B4E4-FD01-461C-9960-293489B66922}.Release|x64.Build.0 = Release|Any CPU
		{F190B4E4-FD01-461C-9960-293489B66922}.Release|x64.Deploy.0 = Release|Any CPU
		{F190B4E4-FD01-461C-9960-293489B66922}.Release|x86.ActiveCfg = Release|Any CPU
		{F190B4E4-FD01-461C-9960-293489B66922}.Release|x86.Build.0 = Release|Any CPU
		{F190B4E4-FD01-461C-9960-293489B66922}.Release|x86.Deploy.0 = Release|Any CPU
	EndGlobalSection
	GlobalSection(SolutionProperties) = preSolution
		HideSolutionNode = FALSE
	EndGlobalSection
	GlobalSection(NestedProjects) = preSolution
		{A36F7903-8CC6-4BE6-84C9-F04FF14236D7} = {A4937132-E25F-47BD-907E-C6620D667C04}
		{2E0D0F5F-0515-465B-8161-59EF1E020B48} = {F1C337A3-791E-4226-A6FD-B7956EA1D638}
		{640FD0B6-BEBD-40C3-9F0F-595C58FB8FB5} = {F1C337A3-791E-4226-A6FD-B7956EA1D638}
		{D6F5F6B4-D4E5-42C5-914D-A98EF1DE3DED} = {F1C337A3-791E-4226-A6FD-B7956EA1D638}
		{159B35E0-6E80-4641-9C13-2C059C877A0B} = {A4937132-E25F-47BD-907E-C6620D667C04}
		{F943444A-B698-4973-95CA-6EDB5B1BCBB7} = {A4937132-E25F-47BD-907E-C6620D667C04}
		{3E9908E5-C1BC-4D55-B64F-8AF9DAE47D9A} = {A4937132-E25F-47BD-907E-C6620D667C04}
		{F190B4E4-FD01-461C-9960-293489B66922} = {F1C337A3-791E-4226-A6FD-B7956EA1D638}
	EndGlobalSection
	GlobalSection(ExtensibilityGlobals) = postSolution
		SolutionGuid = {DA8EB3F1-E178-4EA2-A63E-ACFBE74851BF}
	EndGlobalSection
	GlobalSection(SharedMSBuildProjectFiles) = preSolution
		ARSamples\SampleHelpers\SampleHelpers.projitems*{2e0d0f5f-0515-465b-8161-59ef1e020b48}*SharedItemsImports = 13
		ARSamples\SampleHelpers\SampleHelpers.projitems*{640fd0b6-bebd-40c3-9f0f-595c58fb8fb5}*SharedItemsImports = 5
		ARSamples\SampleHelpers\SampleHelpers.projitems*{d6f5f6b4-d4e5-42c5-914d-a98ef1de3ded}*SharedItemsImports = 5
		ARSamples\SampleHelpers\SampleHelpers.projitems*{f190b4e4-fd01-461c-9960-293489b66922}*SharedItemsImports = 5
	EndGlobalSection
EndGlobal
