
Microsoft Visual Studio Solution File, Format Version 12.00
# Visual Studio 2013
VisualStudioVersion = 12.0.21005.1
MinimumVisualStudioVersion = 10.0.40219.1
Project("{FAE04EC0-301F-11D3-BF4B-00C04F79EFBC}") = "Esri.ArcGISRuntime.Toolkit", "WinPhone\Esri.ArcGISRuntime.Toolkit\Esri.ArcGISRuntime.Toolkit.csproj", "{A2931B8E-02C0-4FE7-864D-B13E7315B694}"
EndProject
Project("{FAE04EC0-301F-11D3-BF4B-00C04F79EFBC}") = "Esri.ArcGISRunTime.Toolkit.TestApp", "WinPhone\Esri.ArcGISRuntime.Toolkit.TestApp\Esri.ArcGISRunTime.Toolkit.TestApp.csproj", "{BD124408-6FBE-4890-B657-DFAB21792C31}"
EndProject
Global
	GlobalSection(SolutionConfigurationPlatforms) = preSolution
		Debug|ARM = Debug|ARM
		Debug|x86 = Debug|x86
		Release|ARM = Release|ARM
		Release|x86 = Release|x86
	EndGlobalSection
	GlobalSection(ProjectConfigurationPlatforms) = postSolution
		{A2931B8E-02C0-4FE7-864D-B13E7315B694}.Debug|ARM.ActiveCfg = Debug|ARM
		{A2931B8E-02C0-4FE7-864D-B13E7315B694}.Debug|ARM.Build.0 = Debug|ARM
		{A2931B8E-02C0-4FE7-864D-B13E7315B694}.Debug|x86.ActiveCfg = Debug|x86
		{A2931B8E-02C0-4FE7-864D-B13E7315B694}.Debug|x86.Build.0 = Debug|x86
		{A2931B8E-02C0-4FE7-864D-B13E7315B694}.Release|ARM.ActiveCfg = Release|ARM
		{A2931B8E-02C0-4FE7-864D-B13E7315B694}.Release|ARM.Build.0 = Release|ARM
		{A2931B8E-02C0-4FE7-864D-B13E7315B694}.Release|x86.ActiveCfg = Release|x86
		{A2931B8E-02C0-4FE7-864D-B13E7315B694}.Release|x86.Build.0 = Release|x86
		{BD124408-6FBE-4890-B657-DFAB21792C31}.Debug|ARM.ActiveCfg = Debug|ARM
		{BD124408-6FBE-4890-B657-DFAB21792C31}.Debug|ARM.Build.0 = Debug|ARM
		{BD124408-6FBE-4890-B657-DFAB21792C31}.Debug|ARM.Deploy.0 = Debug|ARM
		{BD124408-6FBE-4890-B657-DFAB21792C31}.Debug|x86.ActiveCfg = Debug|x86
		{BD124408-6FBE-4890-B657-DFAB21792C31}.Debug|x86.Build.0 = Debug|x86
		{BD124408-6FBE-4890-B657-DFAB21792C31}.Debug|x86.Deploy.0 = Debug|x86
		{BD124408-6FBE-4890-B657-DFAB21792C31}.Release|ARM.ActiveCfg = Release|ARM
		{BD124408-6FBE-4890-B657-DFAB21792C31}.Release|ARM.Build.0 = Release|ARM
		{BD124408-6FBE-4890-B657-DFAB21792C31}.Release|ARM.Deploy.0 = Release|ARM
		{BD124408-6FBE-4890-B657-DFAB21792C31}.Release|x86.ActiveCfg = Release|x86
		{BD124408-6FBE-4890-B657-DFAB21792C31}.Release|x86.Build.0 = Release|x86
		{BD124408-6FBE-4890-B657-DFAB21792C31}.Release|x86.Deploy.0 = Release|x86
	EndGlobalSection
	GlobalSection(SolutionProperties) = preSolution
		HideSolutionNode = FALSE
	EndGlobalSection
EndGlobal
